// !$*UTF8*$!
{
	archiveVersion = 1;
	classes = {
	};
	objectVersion = 46;
	objects = {

/* Begin PBXBuildFile section */
		880549A21DAA5083001CF3F8 /* hInteractedLabel.swift in Sources */ = {isa = PBXBuildFile; fileRef = 880549A11DAA5083001CF3F8 /* hInteractedLabel.swift */; };
		881ED0041D93AB6400D612EF /* Category.swift in Sources */ = {isa = PBXBuildFile; fileRef = 881ED0031D93AB6400D612EF /* Category.swift */; };
		881ED0061D93AC0100D612EF /* CategoryService.swift in Sources */ = {isa = PBXBuildFile; fileRef = 881ED0051D93AC0100D612EF /* CategoryService.swift */; };
		881ED0081D93AEA200D612EF /* XibService.swift in Sources */ = {isa = PBXBuildFile; fileRef = 881ED0071D93AEA200D612EF /* XibService.swift */; };
		881ED00B1D93B00000D612EF /* hPickerView.swift in Sources */ = {isa = PBXBuildFile; fileRef = 881ED00A1D93B00000D612EF /* hPickerView.swift */; };
		881ED0101D93B02100D612EF /* picker_action_view.xib in Resources */ = {isa = PBXBuildFile; fileRef = 881ED00D1D93B02100D612EF /* picker_action_view.xib */; };
		881ED0111D93B02100D612EF /* session_nav_view.xib in Resources */ = {isa = PBXBuildFile; fileRef = 881ED00E1D93B02100D612EF /* session_nav_view.xib */; };
		881ED0121D93B02100D612EF /* st_player_view.xib in Resources */ = {isa = PBXBuildFile; fileRef = 881ED00F1D93B02100D612EF /* st_player_view.xib */; };
		881ED0141D93B0AA00D612EF /* hSessionControlView.swift in Sources */ = {isa = PBXBuildFile; fileRef = 881ED0131D93B0AA00D612EF /* hSessionControlView.swift */; };
		881ED0161D93B13700D612EF /* hPlayerView.swift in Sources */ = {isa = PBXBuildFile; fileRef = 881ED0151D93B13700D612EF /* hPlayerView.swift */; };
		881ED0181D93B2B300D612EF /* YoutubeService.swift in Sources */ = {isa = PBXBuildFile; fileRef = 881ED0171D93B2B300D612EF /* YoutubeService.swift */; };
		881ED01A1D93B31700D612EF /* YoutubeVideo.swift in Sources */ = {isa = PBXBuildFile; fileRef = 881ED0191D93B31700D612EF /* YoutubeVideo.swift */; };
		881ED01C1D93B5B700D612EF /* TimeFormatServide.swift in Sources */ = {isa = PBXBuildFile; fileRef = 881ED01B1D93B5B700D612EF /* TimeFormatServide.swift */; };
		881ED01E1D93B92100D612EF /* ArrayOps.swift in Sources */ = {isa = PBXBuildFile; fileRef = 881ED01D1D93B92100D612EF /* ArrayOps.swift */; };
		881ED0211D93BB2A00D612EF /* hActionPickerController.swift in Sources */ = {isa = PBXBuildFile; fileRef = 881ED0201D93BB2A00D612EF /* hActionPickerController.swift */; };
		881ED0251D93D07400D612EF /* OptionOps.swift in Sources */ = {isa = PBXBuildFile; fileRef = 881ED0241D93D07400D612EF /* OptionOps.swift */; };
		8829124E1DAFD32700E5B6E4 /* AlertService.swift in Sources */ = {isa = PBXBuildFile; fileRef = 8829124D1DAFD32700E5B6E4 /* AlertService.swift */; };
		884B0E861D939B13009748FF /* AVFoundation.framework in Frameworks */ = {isa = PBXBuildFile; fileRef = 884B0E841D939B13009748FF /* AVFoundation.framework */; };
		884B0E871D939B13009748FF /* AVKit.framework in Frameworks */ = {isa = PBXBuildFile; fileRef = 884B0E851D939B13009748FF /* AVKit.framework */; };
		884B0E891D939B1D009748FF /* CoreGraphics.framework in Frameworks */ = {isa = PBXBuildFile; fileRef = 884B0E881D939B1D009748FF /* CoreGraphics.framework */; };
		884B0E8B1D939B34009748FF /* QuartzCore.framework in Frameworks */ = {isa = PBXBuildFile; fileRef = 884B0E8A1D939B34009748FF /* QuartzCore.framework */; };
		884B0E8D1D93A0BB009748FF /* ImageDownloadService.swift in Sources */ = {isa = PBXBuildFile; fileRef = 884B0E8C1D93A0BB009748FF /* ImageDownloadService.swift */; };
		886085231D97A951009A9B3C /* SessionController.swift in Sources */ = {isa = PBXBuildFile; fileRef = 886085221D97A951009A9B3C /* SessionController.swift */; };
		886085271D97D342009A9B3C /* BasicStudyController.swift in Sources */ = {isa = PBXBuildFile; fileRef = 886085261D97D342009A9B3C /* BasicStudyController.swift */; };
		886085291D97D393009A9B3C /* BasicStudy.swift in Sources */ = {isa = PBXBuildFile; fileRef = 886085281D97D393009A9B3C /* BasicStudy.swift */; };
		8860852E1D97D435009A9B3C /* Global.swift in Sources */ = {isa = PBXBuildFile; fileRef = 8860852D1D97D435009A9B3C /* Global.swift */; };
		886085301D97D74B009A9B3C /* SubtitleService.swift in Sources */ = {isa = PBXBuildFile; fileRef = 8860852F1D97D74B009A9B3C /* SubtitleService.swift */; };
		886085321D97DAD8009A9B3C /* PatternStudy.swift in Sources */ = {isa = PBXBuildFile; fileRef = 886085311D97DAD8009A9B3C /* PatternStudy.swift */; };
		8865F06A1DA115050025D0B9 /* TIME_LOG+CoreDataClass.swift in Sources */ = {isa = PBXBuildFile; fileRef = 8865F0641DA115050025D0B9 /* TIME_LOG+CoreDataClass.swift */; };
		8865F06B1DA115050025D0B9 /* TIME_LOG+CoreDataProperties.swift in Sources */ = {isa = PBXBuildFile; fileRef = 8865F0651DA115050025D0B9 /* TIME_LOG+CoreDataProperties.swift */; };
		8865F06C1DA115050025D0B9 /* WORD+CoreDataClass.swift in Sources */ = {isa = PBXBuildFile; fileRef = 8865F0661DA115050025D0B9 /* WORD+CoreDataClass.swift */; };
		8865F06D1DA115050025D0B9 /* WORD+CoreDataProperties.swift in Sources */ = {isa = PBXBuildFile; fileRef = 8865F0671DA115050025D0B9 /* WORD+CoreDataProperties.swift */; };
		8865F06E1DA115050025D0B9 /* PATTERN+CoreDataClass.swift in Sources */ = {isa = PBXBuildFile; fileRef = 8865F0681DA115050025D0B9 /* PATTERN+CoreDataClass.swift */; };
		8865F06F1DA115050025D0B9 /* PATTERN+CoreDataProperties.swift in Sources */ = {isa = PBXBuildFile; fileRef = 8865F0691DA115050025D0B9 /* PATTERN+CoreDataProperties.swift */; };
		8865F0731DA115410025D0B9 /* CoreDataService.swift in Sources */ = {isa = PBXBuildFile; fileRef = 8865F0721DA115410025D0B9 /* CoreDataService.swift */; };
		886EF1741D9C2B58009DA8E8 /* NaverAuth.bundle in Resources */ = {isa = PBXBuildFile; fileRef = 886EF16D1D9C2B58009DA8E8 /* NaverAuth.bundle */; };
		886EF1751D9C2B58009DA8E8 /* libNaverLogin.a in Frameworks */ = {isa = PBXBuildFile; fileRef = 886EF16F1D9C2B58009DA8E8 /* libNaverLogin.a */; };
		886EF1761D9C2B58009DA8E8 /* NLoginThirdPartyOAuth20InAppBrowserViewController.m in Sources */ = {isa = PBXBuildFile; fileRef = 886EF1731D9C2B58009DA8E8 /* NLoginThirdPartyOAuth20InAppBrowserViewController.m */; };
		887741531DAE29E700198666 /* MessageUI.framework in Frameworks */ = {isa = PBXBuildFile; fileRef = 887741521DAE29E700198666 /* MessageUI.framework */; };
		887741551DAF207C00198666 /* hWebViewController.swift in Sources */ = {isa = PBXBuildFile; fileRef = 887741541DAF207C00198666 /* hWebViewController.swift */; };
		8877415A1DAF8D1F00198666 /* User.swift in Sources */ = {isa = PBXBuildFile; fileRef = 887741591DAF8D1F00198666 /* User.swift */; };
		887741661DB0738C00198666 /* LaunchScreen.storyboard in Resources */ = {isa = PBXBuildFile; fileRef = 8877415C1DB0738C00198666 /* LaunchScreen.storyboard */; };
		887741671DB0738C00198666 /* Main.storyboard in Resources */ = {isa = PBXBuildFile; fileRef = 8877415D1DB0738C00198666 /* Main.storyboard */; };
		887741681DB0738C00198666 /* MyInfo.storyboard in Resources */ = {isa = PBXBuildFile; fileRef = 8877415E1DB0738C00198666 /* MyInfo.storyboard */; };
		8877416A1DB0738C00198666 /* PatternStudy.storyboard in Resources */ = {isa = PBXBuildFile; fileRef = 887741601DB0738C00198666 /* PatternStudy.storyboard */; };
		8877416C1DB0738C00198666 /* Sessions.storyboard in Resources */ = {isa = PBXBuildFile; fileRef = 887741621DB0738C00198666 /* Sessions.storyboard */; };
		8877416D1DB0738C00198666 /* Settings.storyboard in Resources */ = {isa = PBXBuildFile; fileRef = 887741631DB0738C00198666 /* Settings.storyboard */; };
		8877416E1DB0738C00198666 /* WebView.storyboard in Resources */ = {isa = PBXBuildFile; fileRef = 887741641DB0738C00198666 /* WebView.storyboard */; };
		8877416F1DB0738C00198666 /* WorkBook.storyboard in Resources */ = {isa = PBXBuildFile; fileRef = 887741651DB0738C00198666 /* WorkBook.storyboard */; };
		887741711DB0743C00198666 /* pattern_view.xib in Resources */ = {isa = PBXBuildFile; fileRef = 887741701DB0743C00198666 /* pattern_view.xib */; };
		887741731DB0A2AD00198666 /* PatternView.swift in Sources */ = {isa = PBXBuildFile; fileRef = 887741721DB0A2AD00198666 /* PatternView.swift */; };
		888684FE1D99282D00989028 /* PatternStudyController.swift in Sources */ = {isa = PBXBuildFile; fileRef = 888684FD1D99282D00989028 /* PatternStudyController.swift */; };
		88BE97D01D9D04B2002903E3 /* SubtitleCell.swift in Sources */ = {isa = PBXBuildFile; fileRef = 88BE97C91D9D04B2002903E3 /* SubtitleCell.swift */; };
		88BE97D11D9D04B2002903E3 /* hTableViewCell.swift in Sources */ = {isa = PBXBuildFile; fileRef = 88BE97CA1D9D04B2002903E3 /* hTableViewCell.swift */; };
		88BE97D21D9D04B2002903E3 /* RelatedSessionCell.swift in Sources */ = {isa = PBXBuildFile; fileRef = 88BE97CC1D9D04B2002903E3 /* RelatedSessionCell.swift */; };
		88BE97D31D9D04B2002903E3 /* BannerCell.swift in Sources */ = {isa = PBXBuildFile; fileRef = 88BE97CE1D9D04B2002903E3 /* BannerCell.swift */; };
		88BE97D41D9D04B2002903E3 /* SessionCell.swift in Sources */ = {isa = PBXBuildFile; fileRef = 88BE97CF1D9D04B2002903E3 /* SessionCell.swift */; };
		88BE97D71D9D0547002903E3 /* ActionCell.swift in Sources */ = {isa = PBXBuildFile; fileRef = 88BE97D61D9D0547002903E3 /* ActionCell.swift */; };
		88BE97D91D9D0C37002903E3 /* AuthenticateService.swift in Sources */ = {isa = PBXBuildFile; fileRef = 88BE97D81D9D0C37002903E3 /* AuthenticateService.swift */; };
		88BE97DC1DA36D4D002903E3 /* HISTORY+CoreDataClass.swift in Sources */ = {isa = PBXBuildFile; fileRef = 88BE97DA1DA36D4D002903E3 /* HISTORY+CoreDataClass.swift */; };
		88BE97DD1DA36D4D002903E3 /* HISTORY+CoreDataProperties.swift in Sources */ = {isa = PBXBuildFile; fileRef = 88BE97DB1DA36D4D002903E3 /* HISTORY+CoreDataProperties.swift */; };
		88BE97E01DA50499002903E3 /* PatternCell.swift in Sources */ = {isa = PBXBuildFile; fileRef = 88BE97DF1DA50499002903E3 /* PatternCell.swift */; };
		88CDB9ED1D92BDA30058ECFE /* AppDelegate.swift in Sources */ = {isa = PBXBuildFile; fileRef = 88CDB9EC1D92BDA30058ECFE /* AppDelegate.swift */; };
		88CDB9F51D92BDA30058ECFE /* hPig.xcdatamodeld in Sources */ = {isa = PBXBuildFile; fileRef = 88CDB9F31D92BDA30058ECFE /* hPig.xcdatamodeld */; };
		88CDB9F71D92BDA30058ECFE /* Assets.xcassets in Resources */ = {isa = PBXBuildFile; fileRef = 88CDB9F61D92BDA30058ECFE /* Assets.xcassets */; };
		88CDBA051D92BDA40058ECFE /* hPigTests.swift in Sources */ = {isa = PBXBuildFile; fileRef = 88CDBA041D92BDA40058ECFE /* hPigTests.swift */; };
		88CDBA161D92CABA0058ECFE /* SessionsController.swift in Sources */ = {isa = PBXBuildFile; fileRef = 88CDBA111D92CABA0058ECFE /* SessionsController.swift */; };
		88CDBA171D92CABA0058ECFE /* SessionsController.swift in Sources */ = {isa = PBXBuildFile; fileRef = 88CDBA111D92CABA0058ECFE /* SessionsController.swift */; };
		88CDBA191D92CB350058ECFE /* WorkBookController.swift in Sources */ = {isa = PBXBuildFile; fileRef = 88CDBA181D92CB350058ECFE /* WorkBookController.swift */; };
		88CDBA1A1D92CB350058ECFE /* WorkBookController.swift in Sources */ = {isa = PBXBuildFile; fileRef = 88CDBA181D92CB350058ECFE /* WorkBookController.swift */; };
		88CDBA1C1D92CB4A0058ECFE /* MyInfoController.swift in Sources */ = {isa = PBXBuildFile; fileRef = 88CDBA1B1D92CB4A0058ECFE /* MyInfoController.swift */; };
		88CDBA1D1D92CB4A0058ECFE /* MyInfoController.swift in Sources */ = {isa = PBXBuildFile; fileRef = 88CDBA1B1D92CB4A0058ECFE /* MyInfoController.swift */; };
		88CDBA1F1D92CB670058ECFE /* SettingsController.swift in Sources */ = {isa = PBXBuildFile; fileRef = 88CDBA1E1D92CB670058ECFE /* SettingsController.swift */; };
		88CDBA201D92CB670058ECFE /* SettingsController.swift in Sources */ = {isa = PBXBuildFile; fileRef = 88CDBA1E1D92CB670058ECFE /* SettingsController.swift */; };
		88CDBA231D92D1FF0058ECFE /* Model.swift in Sources */ = {isa = PBXBuildFile; fileRef = 88CDBA221D92D1FF0058ECFE /* Model.swift */; };
		88CDBA241D92D1FF0058ECFE /* Model.swift in Sources */ = {isa = PBXBuildFile; fileRef = 88CDBA221D92D1FF0058ECFE /* Model.swift */; };
		88CDBA281D92D34F0058ECFE /* Session.swift in Sources */ = {isa = PBXBuildFile; fileRef = 88CDBA271D92D34E0058ECFE /* Session.swift */; };
		88CDBA291D92D34F0058ECFE /* Session.swift in Sources */ = {isa = PBXBuildFile; fileRef = 88CDBA271D92D34E0058ECFE /* Session.swift */; };
		88CDBA2B1D92D6EE0058ECFE /* NetService.swift in Sources */ = {isa = PBXBuildFile; fileRef = 88CDBA2A1D92D6EE0058ECFE /* NetService.swift */; };
		88CDBA2C1D92D6EE0058ECFE /* NetService.swift in Sources */ = {isa = PBXBuildFile; fileRef = 88CDBA2A1D92D6EE0058ECFE /* NetService.swift */; };
		CD60E31A6044EE444808C398 /* Pods_hPig.framework in Frameworks */ = {isa = PBXBuildFile; fileRef = A70A2A9D9760F243AC574B73 /* Pods_hPig.framework */; };
/* End PBXBuildFile section */

/* Begin PBXContainerItemProxy section */
		88CDBA011D92BDA40058ECFE /* PBXContainerItemProxy */ = {
			isa = PBXContainerItemProxy;
			containerPortal = 88CDB9E11D92BDA30058ECFE /* Project object */;
			proxyType = 1;
			remoteGlobalIDString = 88CDB9E81D92BDA30058ECFE;
			remoteInfo = hPig;
		};
/* End PBXContainerItemProxy section */

/* Begin PBXFileReference section */
		3F7DD837132F1D454EE2BA5F /* Pods-hPig.release.xcconfig */ = {isa = PBXFileReference; includeInIndex = 1; lastKnownFileType = text.xcconfig; name = "Pods-hPig.release.xcconfig"; path = "Pods/Target Support Files/Pods-hPig/Pods-hPig.release.xcconfig"; sourceTree = "<group>"; };
		880549A11DAA5083001CF3F8 /* hInteractedLabel.swift */ = {isa = PBXFileReference; fileEncoding = 4; lastKnownFileType = sourcecode.swift; name = hInteractedLabel.swift; path = uiviews/hInteractedLabel.swift; sourceTree = "<group>"; };
		881ED0031D93AB6400D612EF /* Category.swift */ = {isa = PBXFileReference; fileEncoding = 4; lastKnownFileType = sourcecode.swift; path = Category.swift; sourceTree = "<group>"; };
		881ED0051D93AC0100D612EF /* CategoryService.swift */ = {isa = PBXFileReference; fileEncoding = 4; lastKnownFileType = sourcecode.swift; path = CategoryService.swift; sourceTree = "<group>"; };
		881ED0071D93AEA200D612EF /* XibService.swift */ = {isa = PBXFileReference; fileEncoding = 4; lastKnownFileType = sourcecode.swift; path = XibService.swift; sourceTree = "<group>"; };
		881ED00A1D93B00000D612EF /* hPickerView.swift */ = {isa = PBXFileReference; fileEncoding = 4; lastKnownFileType = sourcecode.swift; name = hPickerView.swift; path = uiviews/hPickerView.swift; sourceTree = "<group>"; };
		881ED00D1D93B02100D612EF /* picker_action_view.xib */ = {isa = PBXFileReference; fileEncoding = 4; lastKnownFileType = file.xib; path = picker_action_view.xib; sourceTree = "<group>"; };
		881ED00E1D93B02100D612EF /* session_nav_view.xib */ = {isa = PBXFileReference; fileEncoding = 4; lastKnownFileType = file.xib; path = session_nav_view.xib; sourceTree = "<group>"; };
		881ED00F1D93B02100D612EF /* st_player_view.xib */ = {isa = PBXFileReference; fileEncoding = 4; lastKnownFileType = file.xib; path = st_player_view.xib; sourceTree = "<group>"; };
		881ED0131D93B0AA00D612EF /* hSessionControlView.swift */ = {isa = PBXFileReference; fileEncoding = 4; lastKnownFileType = sourcecode.swift; name = hSessionControlView.swift; path = uiviews/hSessionControlView.swift; sourceTree = "<group>"; };
		881ED0151D93B13700D612EF /* hPlayerView.swift */ = {isa = PBXFileReference; fileEncoding = 4; lastKnownFileType = sourcecode.swift; name = hPlayerView.swift; path = uiviews/hPlayerView.swift; sourceTree = "<group>"; };
		881ED0171D93B2B300D612EF /* YoutubeService.swift */ = {isa = PBXFileReference; fileEncoding = 4; lastKnownFileType = sourcecode.swift; path = YoutubeService.swift; sourceTree = "<group>"; };
		881ED0191D93B31700D612EF /* YoutubeVideo.swift */ = {isa = PBXFileReference; fileEncoding = 4; lastKnownFileType = sourcecode.swift; path = YoutubeVideo.swift; sourceTree = "<group>"; };
		881ED01B1D93B5B700D612EF /* TimeFormatServide.swift */ = {isa = PBXFileReference; fileEncoding = 4; lastKnownFileType = sourcecode.swift; path = TimeFormatServide.swift; sourceTree = "<group>"; };
		881ED01D1D93B92100D612EF /* ArrayOps.swift */ = {isa = PBXFileReference; fileEncoding = 4; lastKnownFileType = sourcecode.swift; path = ArrayOps.swift; sourceTree = "<group>"; };
		881ED0201D93BB2A00D612EF /* hActionPickerController.swift */ = {isa = PBXFileReference; fileEncoding = 4; lastKnownFileType = sourcecode.swift; name = hActionPickerController.swift; path = commons/hActionPickerController.swift; sourceTree = "<group>"; };
		881ED0241D93D07400D612EF /* OptionOps.swift */ = {isa = PBXFileReference; fileEncoding = 4; lastKnownFileType = sourcecode.swift; path = OptionOps.swift; sourceTree = "<group>"; };
		8829124D1DAFD32700E5B6E4 /* AlertService.swift */ = {isa = PBXFileReference; fileEncoding = 4; lastKnownFileType = sourcecode.swift; path = AlertService.swift; sourceTree = "<group>"; };
		882912501DAFD85C00E5B6E4 /* AlamofireImage.framework */ = {isa = PBXFileReference; lastKnownFileType = wrapper.framework; name = AlamofireImage.framework; path = "../../../../Library/Developer/Xcode/DerivedData/hPig-cgamwanqckhvsufhcxkvajblacum/Build/Products/Debug-iphonesimulator/AlamofireImage/AlamofireImage.framework"; sourceTree = "<group>"; };
		884B0E801D939505009748FF /* AlamofireImage.framework */ = {isa = PBXFileReference; lastKnownFileType = wrapper.framework; name = AlamofireImage.framework; path = "Pods/../build/Debug-iphoneos/AlamofireImage/AlamofireImage.framework"; sourceTree = "<group>"; };
		884B0E841D939B13009748FF /* AVFoundation.framework */ = {isa = PBXFileReference; lastKnownFileType = wrapper.framework; name = AVFoundation.framework; path = System/Library/Frameworks/AVFoundation.framework; sourceTree = SDKROOT; };
		884B0E851D939B13009748FF /* AVKit.framework */ = {isa = PBXFileReference; lastKnownFileType = wrapper.framework; name = AVKit.framework; path = System/Library/Frameworks/AVKit.framework; sourceTree = SDKROOT; };
		884B0E881D939B1D009748FF /* CoreGraphics.framework */ = {isa = PBXFileReference; lastKnownFileType = wrapper.framework; name = CoreGraphics.framework; path = System/Library/Frameworks/CoreGraphics.framework; sourceTree = SDKROOT; };
		884B0E8A1D939B34009748FF /* QuartzCore.framework */ = {isa = PBXFileReference; lastKnownFileType = wrapper.framework; name = QuartzCore.framework; path = System/Library/Frameworks/QuartzCore.framework; sourceTree = SDKROOT; };
		884B0E8C1D93A0BB009748FF /* ImageDownloadService.swift */ = {isa = PBXFileReference; fileEncoding = 4; lastKnownFileType = sourcecode.swift; path = ImageDownloadService.swift; sourceTree = "<group>"; };
		886085221D97A951009A9B3C /* SessionController.swift */ = {isa = PBXFileReference; fileEncoding = 4; lastKnownFileType = sourcecode.swift; name = SessionController.swift; path = commons/SessionController.swift; sourceTree = "<group>"; };
		886085261D97D342009A9B3C /* BasicStudyController.swift */ = {isa = PBXFileReference; fileEncoding = 4; lastKnownFileType = sourcecode.swift; name = BasicStudyController.swift; path = commons/BasicStudyController.swift; sourceTree = "<group>"; };
		886085281D97D393009A9B3C /* BasicStudy.swift */ = {isa = PBXFileReference; fileEncoding = 4; lastKnownFileType = sourcecode.swift; path = BasicStudy.swift; sourceTree = "<group>"; };
		8860852D1D97D435009A9B3C /* Global.swift */ = {isa = PBXFileReference; fileEncoding = 4; lastKnownFileType = sourcecode.swift; name = Global.swift; path = etc/Global.swift; sourceTree = "<group>"; };
		8860852F1D97D74B009A9B3C /* SubtitleService.swift */ = {isa = PBXFileReference; fileEncoding = 4; lastKnownFileType = sourcecode.swift; path = SubtitleService.swift; sourceTree = "<group>"; };
		886085311D97DAD8009A9B3C /* PatternStudy.swift */ = {isa = PBXFileReference; fileEncoding = 4; lastKnownFileType = sourcecode.swift; path = PatternStudy.swift; sourceTree = "<group>"; };
		886085331D99643C009A9B3C /* Alamofire.framework */ = {isa = PBXFileReference; lastKnownFileType = wrapper.framework; name = Alamofire.framework; path = "Pods/../build/Release-iphoneos/Alamofire/Alamofire.framework"; sourceTree = "<group>"; };
		886085351D996448009A9B3C /* AlamofireImage.framework */ = {isa = PBXFileReference; lastKnownFileType = wrapper.framework; name = AlamofireImage.framework; path = "Pods/../build/Release-iphoneos/AlamofireImage/AlamofireImage.framework"; sourceTree = "<group>"; };
		8865F0641DA115050025D0B9 /* TIME_LOG+CoreDataClass.swift */ = {isa = PBXFileReference; fileEncoding = 4; lastKnownFileType = sourcecode.swift; name = "TIME_LOG+CoreDataClass.swift"; path = "db/TIME_LOG+CoreDataClass.swift"; sourceTree = "<group>"; };
		8865F0651DA115050025D0B9 /* TIME_LOG+CoreDataProperties.swift */ = {isa = PBXFileReference; fileEncoding = 4; lastKnownFileType = sourcecode.swift; name = "TIME_LOG+CoreDataProperties.swift"; path = "db/TIME_LOG+CoreDataProperties.swift"; sourceTree = "<group>"; };
		8865F0661DA115050025D0B9 /* WORD+CoreDataClass.swift */ = {isa = PBXFileReference; fileEncoding = 4; lastKnownFileType = sourcecode.swift; name = "WORD+CoreDataClass.swift"; path = "db/WORD+CoreDataClass.swift"; sourceTree = "<group>"; };
		8865F0671DA115050025D0B9 /* WORD+CoreDataProperties.swift */ = {isa = PBXFileReference; fileEncoding = 4; lastKnownFileType = sourcecode.swift; name = "WORD+CoreDataProperties.swift"; path = "db/WORD+CoreDataProperties.swift"; sourceTree = "<group>"; };
		8865F0681DA115050025D0B9 /* PATTERN+CoreDataClass.swift */ = {isa = PBXFileReference; fileEncoding = 4; lastKnownFileType = sourcecode.swift; name = "PATTERN+CoreDataClass.swift"; path = "db/PATTERN+CoreDataClass.swift"; sourceTree = "<group>"; };
		8865F0691DA115050025D0B9 /* PATTERN+CoreDataProperties.swift */ = {isa = PBXFileReference; fileEncoding = 4; lastKnownFileType = sourcecode.swift; name = "PATTERN+CoreDataProperties.swift"; path = "db/PATTERN+CoreDataProperties.swift"; sourceTree = "<group>"; };
		8865F0721DA115410025D0B9 /* CoreDataService.swift */ = {isa = PBXFileReference; fileEncoding = 4; lastKnownFileType = sourcecode.swift; path = CoreDataService.swift; sourceTree = "<group>"; };
		886EF1691D9C2AC5009DA8E8 /* hPig-Bridging-Header.h */ = {isa = PBXFileReference; lastKnownFileType = sourcecode.c.h; path = "hPig-Bridging-Header.h"; sourceTree = "<group>"; };
		886EF16D1D9C2B58009DA8E8 /* NaverAuth.bundle */ = {isa = PBXFileReference; lastKnownFileType = "wrapper.plug-in"; path = NaverAuth.bundle; sourceTree = "<group>"; };
		886EF16F1D9C2B58009DA8E8 /* libNaverLogin.a */ = {isa = PBXFileReference; lastKnownFileType = archive.ar; path = libNaverLogin.a; sourceTree = "<group>"; };
		886EF1701D9C2B58009DA8E8 /* NaverThirdPartyConstantsForApp.h */ = {isa = PBXFileReference; fileEncoding = 4; lastKnownFileType = sourcecode.c.h; path = NaverThirdPartyConstantsForApp.h; sourceTree = "<group>"; };
		886EF1711D9C2B58009DA8E8 /* NaverThirdPartyLoginConnection.h */ = {isa = PBXFileReference; fileEncoding = 4; lastKnownFileType = sourcecode.c.h; path = NaverThirdPartyLoginConnection.h; sourceTree = "<group>"; };
		886EF1721D9C2B58009DA8E8 /* NLoginThirdPartyOAuth20InAppBrowserViewController.h */ = {isa = PBXFileReference; fileEncoding = 4; lastKnownFileType = sourcecode.c.h; path = NLoginThirdPartyOAuth20InAppBrowserViewController.h; sourceTree = "<group>"; };
		886EF1731D9C2B58009DA8E8 /* NLoginThirdPartyOAuth20InAppBrowserViewController.m */ = {isa = PBXFileReference; fileEncoding = 4; lastKnownFileType = sourcecode.c.objc; path = NLoginThirdPartyOAuth20InAppBrowserViewController.m; sourceTree = "<group>"; };
		887741521DAE29E700198666 /* MessageUI.framework */ = {isa = PBXFileReference; lastKnownFileType = wrapper.framework; name = MessageUI.framework; path = System/Library/Frameworks/MessageUI.framework; sourceTree = SDKROOT; };
		887741541DAF207C00198666 /* hWebViewController.swift */ = {isa = PBXFileReference; fileEncoding = 4; lastKnownFileType = sourcecode.swift; name = hWebViewController.swift; path = commons/hWebViewController.swift; sourceTree = "<group>"; };
		887741591DAF8D1F00198666 /* User.swift */ = {isa = PBXFileReference; fileEncoding = 4; lastKnownFileType = sourcecode.swift; path = User.swift; sourceTree = "<group>"; };
		8877415C1DB0738C00198666 /* LaunchScreen.storyboard */ = {isa = PBXFileReference; fileEncoding = 4; lastKnownFileType = file.storyboard; path = LaunchScreen.storyboard; sourceTree = "<group>"; };
		8877415D1DB0738C00198666 /* Main.storyboard */ = {isa = PBXFileReference; fileEncoding = 4; lastKnownFileType = file.storyboard; path = Main.storyboard; sourceTree = "<group>"; };
		8877415E1DB0738C00198666 /* MyInfo.storyboard */ = {isa = PBXFileReference; fileEncoding = 4; lastKnownFileType = file.storyboard; path = MyInfo.storyboard; sourceTree = "<group>"; };
		887741601DB0738C00198666 /* PatternStudy.storyboard */ = {isa = PBXFileReference; fileEncoding = 4; lastKnownFileType = file.storyboard; path = PatternStudy.storyboard; sourceTree = "<group>"; };
		887741621DB0738C00198666 /* Sessions.storyboard */ = {isa = PBXFileReference; fileEncoding = 4; lastKnownFileType = file.storyboard; path = Sessions.storyboard; sourceTree = "<group>"; };
		887741631DB0738C00198666 /* Settings.storyboard */ = {isa = PBXFileReference; fileEncoding = 4; lastKnownFileType = file.storyboard; path = Settings.storyboard; sourceTree = "<group>"; };
		887741641DB0738C00198666 /* WebView.storyboard */ = {isa = PBXFileReference; fileEncoding = 4; lastKnownFileType = file.storyboard; path = WebView.storyboard; sourceTree = "<group>"; };
		887741651DB0738C00198666 /* WorkBook.storyboard */ = {isa = PBXFileReference; fileEncoding = 4; lastKnownFileType = file.storyboard; path = WorkBook.storyboard; sourceTree = "<group>"; };
		887741701DB0743C00198666 /* pattern_view.xib */ = {isa = PBXFileReference; fileEncoding = 4; lastKnownFileType = file.xib; path = pattern_view.xib; sourceTree = "<group>"; };
		887741721DB0A2AD00198666 /* PatternView.swift */ = {isa = PBXFileReference; fileEncoding = 4; lastKnownFileType = sourcecode.swift; name = PatternView.swift; path = uiviews/PatternView.swift; sourceTree = "<group>"; };
		888684FD1D99282D00989028 /* PatternStudyController.swift */ = {isa = PBXFileReference; fileEncoding = 4; lastKnownFileType = sourcecode.swift; name = PatternStudyController.swift; path = commons/PatternStudyController.swift; sourceTree = "<group>"; };
		88BE97C91D9D04B2002903E3 /* SubtitleCell.swift */ = {isa = PBXFileReference; fileEncoding = 4; lastKnownFileType = sourcecode.swift; path = SubtitleCell.swift; sourceTree = "<group>"; };
		88BE97CA1D9D04B2002903E3 /* hTableViewCell.swift */ = {isa = PBXFileReference; fileEncoding = 4; lastKnownFileType = sourcecode.swift; path = hTableViewCell.swift; sourceTree = "<group>"; };
		88BE97CC1D9D04B2002903E3 /* RelatedSessionCell.swift */ = {isa = PBXFileReference; fileEncoding = 4; lastKnownFileType = sourcecode.swift; path = RelatedSessionCell.swift; sourceTree = "<group>"; };
		88BE97CE1D9D04B2002903E3 /* BannerCell.swift */ = {isa = PBXFileReference; fileEncoding = 4; lastKnownFileType = sourcecode.swift; path = BannerCell.swift; sourceTree = "<group>"; };
		88BE97CF1D9D04B2002903E3 /* SessionCell.swift */ = {isa = PBXFileReference; fileEncoding = 4; lastKnownFileType = sourcecode.swift; path = SessionCell.swift; sourceTree = "<group>"; };
		88BE97D61D9D0547002903E3 /* ActionCell.swift */ = {isa = PBXFileReference; fileEncoding = 4; lastKnownFileType = sourcecode.swift; name = ActionCell.swift; path = settings/ActionCell.swift; sourceTree = "<group>"; };
		88BE97D81D9D0C37002903E3 /* AuthenticateService.swift */ = {isa = PBXFileReference; fileEncoding = 4; lastKnownFileType = sourcecode.swift; path = AuthenticateService.swift; sourceTree = "<group>"; };
		88BE97DA1DA36D4D002903E3 /* HISTORY+CoreDataClass.swift */ = {isa = PBXFileReference; fileEncoding = 4; lastKnownFileType = sourcecode.swift; path = "HISTORY+CoreDataClass.swift"; sourceTree = "<group>"; };
		88BE97DB1DA36D4D002903E3 /* HISTORY+CoreDataProperties.swift */ = {isa = PBXFileReference; fileEncoding = 4; lastKnownFileType = sourcecode.swift; path = "HISTORY+CoreDataProperties.swift"; sourceTree = "<group>"; };
		88BE97DF1DA50499002903E3 /* PatternCell.swift */ = {isa = PBXFileReference; fileEncoding = 4; lastKnownFileType = sourcecode.swift; name = PatternCell.swift; path = workBook/PatternCell.swift; sourceTree = "<group>"; };
		88CDB9E91D92BDA30058ECFE /* hPig.app */ = {isa = PBXFileReference; explicitFileType = wrapper.application; includeInIndex = 0; path = hPig.app; sourceTree = BUILT_PRODUCTS_DIR; };
		88CDB9EC1D92BDA30058ECFE /* AppDelegate.swift */ = {isa = PBXFileReference; lastKnownFileType = sourcecode.swift; path = AppDelegate.swift; sourceTree = "<group>"; };
		88CDB9F41D92BDA30058ECFE /* hPig.xcdatamodel */ = {isa = PBXFileReference; lastKnownFileType = wrapper.xcdatamodel; path = hPig.xcdatamodel; sourceTree = "<group>"; };
		88CDB9F61D92BDA30058ECFE /* Assets.xcassets */ = {isa = PBXFileReference; lastKnownFileType = folder.assetcatalog; path = Assets.xcassets; sourceTree = "<group>"; };
		88CDB9FB1D92BDA30058ECFE /* Info.plist */ = {isa = PBXFileReference; lastKnownFileType = text.plist.xml; path = Info.plist; sourceTree = "<group>"; };
		88CDBA001D92BDA40058ECFE /* hPigTests.xctest */ = {isa = PBXFileReference; explicitFileType = wrapper.cfbundle; includeInIndex = 0; path = hPigTests.xctest; sourceTree = BUILT_PRODUCTS_DIR; };
		88CDBA041D92BDA40058ECFE /* hPigTests.swift */ = {isa = PBXFileReference; lastKnownFileType = sourcecode.swift; path = hPigTests.swift; sourceTree = "<group>"; };
		88CDBA061D92BDA40058ECFE /* Info.plist */ = {isa = PBXFileReference; lastKnownFileType = text.plist.xml; path = Info.plist; sourceTree = "<group>"; };
		88CDBA111D92CABA0058ECFE /* SessionsController.swift */ = {isa = PBXFileReference; fileEncoding = 4; lastKnownFileType = sourcecode.swift; path = SessionsController.swift; sourceTree = "<group>"; };
		88CDBA181D92CB350058ECFE /* WorkBookController.swift */ = {isa = PBXFileReference; fileEncoding = 4; lastKnownFileType = sourcecode.swift; path = WorkBookController.swift; sourceTree = "<group>"; };
		88CDBA1B1D92CB4A0058ECFE /* MyInfoController.swift */ = {isa = PBXFileReference; fileEncoding = 4; lastKnownFileType = sourcecode.swift; path = MyInfoController.swift; sourceTree = "<group>"; };
		88CDBA1E1D92CB670058ECFE /* SettingsController.swift */ = {isa = PBXFileReference; fileEncoding = 4; lastKnownFileType = sourcecode.swift; path = SettingsController.swift; sourceTree = "<group>"; };
		88CDBA221D92D1FF0058ECFE /* Model.swift */ = {isa = PBXFileReference; fileEncoding = 4; lastKnownFileType = sourcecode.swift; name = Model.swift; path = super/Model.swift; sourceTree = "<group>"; };
		88CDBA251D92D2340058ECFE /* Alamofire.framework */ = {isa = PBXFileReference; lastKnownFileType = wrapper.framework; name = Alamofire.framework; path = "../../../../Library/Developer/Xcode/DerivedData/hPig-cgamwanqckhvsufhcxkvajblacum/Build/Products/Debug-iphonesimulator/Alamofire/Alamofire.framework"; sourceTree = "<group>"; };
		88CDBA271D92D34E0058ECFE /* Session.swift */ = {isa = PBXFileReference; fileEncoding = 4; lastKnownFileType = sourcecode.swift; path = Session.swift; sourceTree = "<group>"; };
		88CDBA2A1D92D6EE0058ECFE /* NetService.swift */ = {isa = PBXFileReference; fileEncoding = 4; lastKnownFileType = sourcecode.swift; path = NetService.swift; sourceTree = "<group>"; };
		A70A2A9D9760F243AC574B73 /* Pods_hPig.framework */ = {isa = PBXFileReference; explicitFileType = wrapper.framework; includeInIndex = 0; path = Pods_hPig.framework; sourceTree = BUILT_PRODUCTS_DIR; };
		D3E33491E5B2FDC71581ED77 /* Pods_hPigTests.framework */ = {isa = PBXFileReference; explicitFileType = wrapper.framework; includeInIndex = 0; path = Pods_hPigTests.framework; sourceTree = BUILT_PRODUCTS_DIR; };
		E2A86E940BFA0A45487A0A06 /* Pods-hPig.debug.xcconfig */ = {isa = PBXFileReference; includeInIndex = 1; lastKnownFileType = text.xcconfig; name = "Pods-hPig.debug.xcconfig"; path = "Pods/Target Support Files/Pods-hPig/Pods-hPig.debug.xcconfig"; sourceTree = "<group>"; };
/* End PBXFileReference section */

/* Begin PBXFrameworksBuildPhase section */
		88CDB9E61D92BDA30058ECFE /* Frameworks */ = {
			isa = PBXFrameworksBuildPhase;
			buildActionMask = 2147483647;
			files = (
				887741531DAE29E700198666 /* MessageUI.framework in Frameworks */,
				886EF1751D9C2B58009DA8E8 /* libNaverLogin.a in Frameworks */,
				884B0E8B1D939B34009748FF /* QuartzCore.framework in Frameworks */,
				884B0E891D939B1D009748FF /* CoreGraphics.framework in Frameworks */,
				884B0E861D939B13009748FF /* AVFoundation.framework in Frameworks */,
				884B0E871D939B13009748FF /* AVKit.framework in Frameworks */,
				CD60E31A6044EE444808C398 /* Pods_hPig.framework in Frameworks */,
			);
			runOnlyForDeploymentPostprocessing = 0;
		};
		88CDB9FD1D92BDA40058ECFE /* Frameworks */ = {
			isa = PBXFrameworksBuildPhase;
			buildActionMask = 2147483647;
			files = (
			);
			runOnlyForDeploymentPostprocessing = 0;
		};
/* End PBXFrameworksBuildPhase section */

/* Begin PBXGroup section */
		21B261A3D92EB5396488C94B /* Frameworks */ = {
			isa = PBXGroup;
			children = (
				882912501DAFD85C00E5B6E4 /* AlamofireImage.framework */,
				887741521DAE29E700198666 /* MessageUI.framework */,
				886085351D996448009A9B3C /* AlamofireImage.framework */,
				886085331D99643C009A9B3C /* Alamofire.framework */,
				884B0E8A1D939B34009748FF /* QuartzCore.framework */,
				884B0E881D939B1D009748FF /* CoreGraphics.framework */,
				884B0E841D939B13009748FF /* AVFoundation.framework */,
				884B0E851D939B13009748FF /* AVKit.framework */,
				884B0E801D939505009748FF /* AlamofireImage.framework */,
				88CDBA251D92D2340058ECFE /* Alamofire.framework */,
				A70A2A9D9760F243AC574B73 /* Pods_hPig.framework */,
				D3E33491E5B2FDC71581ED77 /* Pods_hPigTests.framework */,
			);
			name = Frameworks;
			sourceTree = "<group>";
		};
		881ED0091D93AFCC00D612EF /* uiviews */ = {
			isa = PBXGroup;
			children = (
				881ED00A1D93B00000D612EF /* hPickerView.swift */,
				881ED0131D93B0AA00D612EF /* hSessionControlView.swift */,
				881ED0151D93B13700D612EF /* hPlayerView.swift */,
				880549A11DAA5083001CF3F8 /* hInteractedLabel.swift */,
				887741721DB0A2AD00198666 /* PatternView.swift */,
			);
			name = uiviews;
			sourceTree = "<group>";
		};
		881ED00C1D93B02100D612EF /* xib */ = {
			isa = PBXGroup;
			children = (
				881ED00D1D93B02100D612EF /* picker_action_view.xib */,
				881ED00E1D93B02100D612EF /* session_nav_view.xib */,
				881ED00F1D93B02100D612EF /* st_player_view.xib */,
				887741701DB0743C00198666 /* pattern_view.xib */,
			);
			path = xib;
			sourceTree = "<group>";
		};
		881ED01F1D93BAFC00D612EF /* commons */ = {
			isa = PBXGroup;
			children = (
				881ED0201D93BB2A00D612EF /* hActionPickerController.swift */,
				886085221D97A951009A9B3C /* SessionController.swift */,
				886085261D97D342009A9B3C /* BasicStudyController.swift */,
				888684FD1D99282D00989028 /* PatternStudyController.swift */,
				887741541DAF207C00198666 /* hWebViewController.swift */,
			);
			name = commons;
			sourceTree = "<group>";
		};
		8860852C1D97D416009A9B3C /* etc */ = {
			isa = PBXGroup;
			children = (
				8860852D1D97D435009A9B3C /* Global.swift */,
			);
			name = etc;
			sourceTree = "<group>";
		};
		886EF16C1D9C2B58009DA8E8 /* Resources */ = {
			isa = PBXGroup;
			children = (
				886EF16D1D9C2B58009DA8E8 /* NaverAuth.bundle */,
			);
			path = Resources;
			sourceTree = "<group>";
		};
		886EF16E1D9C2B58009DA8E8 /* ThirdPartyModule */ = {
			isa = PBXGroup;
			children = (
				886EF16F1D9C2B58009DA8E8 /* libNaverLogin.a */,
				886EF1701D9C2B58009DA8E8 /* NaverThirdPartyConstantsForApp.h */,
				886EF1711D9C2B58009DA8E8 /* NaverThirdPartyLoginConnection.h */,
				886EF1721D9C2B58009DA8E8 /* NLoginThirdPartyOAuth20InAppBrowserViewController.h */,
				886EF1731D9C2B58009DA8E8 /* NLoginThirdPartyOAuth20InAppBrowserViewController.m */,
			);
			path = ThirdPartyModule;
			sourceTree = "<group>";
		};
		8877415B1DB0738C00198666 /* storyboards */ = {
			isa = PBXGroup;
			children = (
				8877415C1DB0738C00198666 /* LaunchScreen.storyboard */,
				8877415D1DB0738C00198666 /* Main.storyboard */,
				8877415E1DB0738C00198666 /* MyInfo.storyboard */,
				887741601DB0738C00198666 /* PatternStudy.storyboard */,
				887741621DB0738C00198666 /* Sessions.storyboard */,
				887741631DB0738C00198666 /* Settings.storyboard */,
				887741641DB0738C00198666 /* WebView.storyboard */,
				887741651DB0738C00198666 /* WorkBook.storyboard */,
			);
			path = storyboards;
			sourceTree = "<group>";
		};
		887FA9A21DA112BF00821495 /* db */ = {
			isa = PBXGroup;
			children = (
				88BE97DA1DA36D4D002903E3 /* HISTORY+CoreDataClass.swift */,
				88BE97DB1DA36D4D002903E3 /* HISTORY+CoreDataProperties.swift */,
				8865F0641DA115050025D0B9 /* TIME_LOG+CoreDataClass.swift */,
				8865F0651DA115050025D0B9 /* TIME_LOG+CoreDataProperties.swift */,
				8865F0661DA115050025D0B9 /* WORD+CoreDataClass.swift */,
				8865F0671DA115050025D0B9 /* WORD+CoreDataProperties.swift */,
				8865F0681DA115050025D0B9 /* PATTERN+CoreDataClass.swift */,
				8865F0691DA115050025D0B9 /* PATTERN+CoreDataProperties.swift */,
			);
			name = db;
			sourceTree = "<group>";
		};
		88BE97C71D9D04B2002903E3 /* cells */ = {
			isa = PBXGroup;
			children = (
				88BE97DE1DA50452002903E3 /* workBook */,
				88BE97D51D9D04BF002903E3 /* settings */,
				88BE97C81D9D04B2002903E3 /* basicStudy */,
				88BE97CA1D9D04B2002903E3 /* hTableViewCell.swift */,
				88BE97CB1D9D04B2002903E3 /* session */,
				88BE97CD1D9D04B2002903E3 /* sessions */,
			);
			path = cells;
			sourceTree = "<group>";
		};
		88BE97C81D9D04B2002903E3 /* basicStudy */ = {
			isa = PBXGroup;
			children = (
				88BE97C91D9D04B2002903E3 /* SubtitleCell.swift */,
			);
			path = basicStudy;
			sourceTree = "<group>";
		};
		88BE97CB1D9D04B2002903E3 /* session */ = {
			isa = PBXGroup;
			children = (
				88BE97CC1D9D04B2002903E3 /* RelatedSessionCell.swift */,
			);
			path = session;
			sourceTree = "<group>";
		};
		88BE97CD1D9D04B2002903E3 /* sessions */ = {
			isa = PBXGroup;
			children = (
				88BE97CE1D9D04B2002903E3 /* BannerCell.swift */,
				88BE97CF1D9D04B2002903E3 /* SessionCell.swift */,
			);
			path = sessions;
			sourceTree = "<group>";
		};
		88BE97D51D9D04BF002903E3 /* settings */ = {
			isa = PBXGroup;
			children = (
				88BE97D61D9D0547002903E3 /* ActionCell.swift */,
			);
			name = settings;
			sourceTree = "<group>";
		};
		88BE97DE1DA50452002903E3 /* workBook */ = {
			isa = PBXGroup;
			children = (
				88BE97DF1DA50499002903E3 /* PatternCell.swift */,
			);
			name = workBook;
			sourceTree = "<group>";
		};
		88CDB9E01D92BDA30058ECFE = {
			isa = PBXGroup;
			children = (
				88CDB9EB1D92BDA30058ECFE /* hPig */,
				88CDBA031D92BDA40058ECFE /* hPigTests */,
				88CDB9EA1D92BDA30058ECFE /* Products */,
				E4108440DBB5266D60FD8E5D /* Pods */,
				21B261A3D92EB5396488C94B /* Frameworks */,
				886EF16C1D9C2B58009DA8E8 /* Resources */,
				886EF16E1D9C2B58009DA8E8 /* ThirdPartyModule */,
				886EF1691D9C2AC5009DA8E8 /* hPig-Bridging-Header.h */,
			);
			sourceTree = "<group>";
		};
		88CDB9EA1D92BDA30058ECFE /* Products */ = {
			isa = PBXGroup;
			children = (
				88CDB9E91D92BDA30058ECFE /* hPig.app */,
				88CDBA001D92BDA40058ECFE /* hPigTests.xctest */,
			);
			name = Products;
			sourceTree = "<group>";
		};
		88CDB9EB1D92BDA30058ECFE /* hPig */ = {
			isa = PBXGroup;
			children = (
				88CDBA0F1D92CABA0058ECFE /* app */,
				88CDB9EC1D92BDA30058ECFE /* AppDelegate.swift */,
				88CDB9F61D92BDA30058ECFE /* Assets.xcassets */,
				88CDB9FB1D92BDA30058ECFE /* Info.plist */,
				88CDB9F31D92BDA30058ECFE /* hPig.xcdatamodeld */,
			);
			path = hPig;
			sourceTree = "<group>";
		};
		88CDBA031D92BDA40058ECFE /* hPigTests */ = {
			isa = PBXGroup;
			children = (
				88CDBA041D92BDA40058ECFE /* hPigTests.swift */,
				88CDBA061D92BDA40058ECFE /* Info.plist */,
			);
			path = hPigTests;
			sourceTree = "<group>";
		};
		88CDBA0F1D92CABA0058ECFE /* app */ = {
			isa = PBXGroup;
			children = (
				8877415B1DB0738C00198666 /* storyboards */,
				8860852C1D97D416009A9B3C /* etc */,
				88CDBA101D92CABA0058ECFE /* controllers */,
				88CDBA121D92CABA0058ECFE /* extensions */,
				88CDBA131D92CABA0058ECFE /* models */,
				88CDBA141D92CABA0058ECFE /* services */,
				88CDBA151D92CABA0058ECFE /* views */,
			);
			path = app;
			sourceTree = "<group>";
		};
		88CDBA101D92CABA0058ECFE /* controllers */ = {
			isa = PBXGroup;
			children = (
				881ED01F1D93BAFC00D612EF /* commons */,
				88CDBA111D92CABA0058ECFE /* SessionsController.swift */,
				88CDBA181D92CB350058ECFE /* WorkBookController.swift */,
				88CDBA1B1D92CB4A0058ECFE /* MyInfoController.swift */,
				88CDBA1E1D92CB670058ECFE /* SettingsController.swift */,
			);
			path = controllers;
			sourceTree = "<group>";
		};
		88CDBA121D92CABA0058ECFE /* extensions */ = {
			isa = PBXGroup;
			children = (
				881ED01D1D93B92100D612EF /* ArrayOps.swift */,
				881ED0241D93D07400D612EF /* OptionOps.swift */,
			);
			path = extensions;
			sourceTree = "<group>";
		};
		88CDBA131D92CABA0058ECFE /* models */ = {
			isa = PBXGroup;
			children = (
				887FA9A21DA112BF00821495 /* db */,
				88CDBA211D92D1D10058ECFE /* super */,
				88CDBA271D92D34E0058ECFE /* Session.swift */,
				881ED0031D93AB6400D612EF /* Category.swift */,
				886085311D97DAD8009A9B3C /* PatternStudy.swift */,
				881ED0191D93B31700D612EF /* YoutubeVideo.swift */,
				886085281D97D393009A9B3C /* BasicStudy.swift */,
				887741591DAF8D1F00198666 /* User.swift */,
			);
			path = models;
			sourceTree = "<group>";
		};
		88CDBA141D92CABA0058ECFE /* services */ = {
			isa = PBXGroup;
			children = (
				88CDBA2A1D92D6EE0058ECFE /* NetService.swift */,
				881ED0071D93AEA200D612EF /* XibService.swift */,
				884B0E8C1D93A0BB009748FF /* ImageDownloadService.swift */,
				881ED0051D93AC0100D612EF /* CategoryService.swift */,
				881ED0171D93B2B300D612EF /* YoutubeService.swift */,
				881ED01B1D93B5B700D612EF /* TimeFormatServide.swift */,
				8860852F1D97D74B009A9B3C /* SubtitleService.swift */,
				88BE97D81D9D0C37002903E3 /* AuthenticateService.swift */,
				8865F0721DA115410025D0B9 /* CoreDataService.swift */,
				8829124D1DAFD32700E5B6E4 /* AlertService.swift */,
			);
			path = services;
			sourceTree = "<group>";
		};
		88CDBA151D92CABA0058ECFE /* views */ = {
			isa = PBXGroup;
			children = (
				88BE97C71D9D04B2002903E3 /* cells */,
				881ED00C1D93B02100D612EF /* xib */,
				881ED0091D93AFCC00D612EF /* uiviews */,
			);
			path = views;
			sourceTree = "<group>";
		};
		88CDBA211D92D1D10058ECFE /* super */ = {
			isa = PBXGroup;
			children = (
				88CDBA221D92D1FF0058ECFE /* Model.swift */,
			);
			name = super;
			sourceTree = "<group>";
		};
		E4108440DBB5266D60FD8E5D /* Pods */ = {
			isa = PBXGroup;
			children = (
				E2A86E940BFA0A45487A0A06 /* Pods-hPig.debug.xcconfig */,
				3F7DD837132F1D454EE2BA5F /* Pods-hPig.release.xcconfig */,
			);
			name = Pods;
			sourceTree = "<group>";
		};
/* End PBXGroup section */

/* Begin PBXNativeTarget section */
		88CDB9E81D92BDA30058ECFE /* hPig */ = {
			isa = PBXNativeTarget;
			buildConfigurationList = 88CDBA091D92BDA40058ECFE /* Build configuration list for PBXNativeTarget "hPig" */;
			buildPhases = (
				B8284876B68DA097B5A72D36 /* [CP] Check Pods Manifest.lock */,
				88CDB9E51D92BDA30058ECFE /* Sources */,
				88CDB9E61D92BDA30058ECFE /* Frameworks */,
				88CDB9E71D92BDA30058ECFE /* Resources */,
				955595A85587B6E27083A090 /* [CP] Embed Pods Frameworks */,
				845E55956050DBF70FCF3559 /* [CP] Copy Pods Resources */,
			);
			buildRules = (
			);
			dependencies = (
			);
			name = hPig;
			productName = hPig;
			productReference = 88CDB9E91D92BDA30058ECFE /* hPig.app */;
			productType = "com.apple.product-type.application";
		};
		88CDB9FF1D92BDA40058ECFE /* hPigTests */ = {
			isa = PBXNativeTarget;
			buildConfigurationList = 88CDBA0C1D92BDA40058ECFE /* Build configuration list for PBXNativeTarget "hPigTests" */;
			buildPhases = (
				88CDB9FC1D92BDA40058ECFE /* Sources */,
				88CDB9FD1D92BDA40058ECFE /* Frameworks */,
				88CDB9FE1D92BDA40058ECFE /* Resources */,
			);
			buildRules = (
			);
			dependencies = (
				88CDBA021D92BDA40058ECFE /* PBXTargetDependency */,
			);
			name = hPigTests;
			productName = hPigTests;
			productReference = 88CDBA001D92BDA40058ECFE /* hPigTests.xctest */;
			productType = "com.apple.product-type.bundle.unit-test";
		};
/* End PBXNativeTarget section */

/* Begin PBXProject section */
		88CDB9E11D92BDA30058ECFE /* Project object */ = {
			isa = PBXProject;
			attributes = {
				LastSwiftUpdateCheck = 0800;
				LastUpgradeCheck = 0800;
				ORGANIZATIONNAME = wearespeakingtube;
				TargetAttributes = {
					88CDB9E81D92BDA30058ECFE = {
						CreatedOnToolsVersion = 8.0;
						DevelopmentTeam = FY7JU9WRTC;
						LastSwiftMigration = 0800;
						ProvisioningStyle = Automatic;
					};
					88CDB9FF1D92BDA40058ECFE = {
						CreatedOnToolsVersion = 8.0;
						DevelopmentTeam = FY7JU9WRTC;
						LastSwiftMigration = 0800;
						ProvisioningStyle = Automatic;
						TestTargetID = 88CDB9E81D92BDA30058ECFE;
					};
				};
			};
			buildConfigurationList = 88CDB9E41D92BDA30058ECFE /* Build configuration list for PBXProject "hPig" */;
			compatibilityVersion = "Xcode 3.2";
			developmentRegion = English;
			hasScannedForEncodings = 0;
			knownRegions = (
				en,
				Base,
			);
			mainGroup = 88CDB9E01D92BDA30058ECFE;
			productRefGroup = 88CDB9EA1D92BDA30058ECFE /* Products */;
			projectDirPath = "";
			projectRoot = "";
			targets = (
				88CDB9E81D92BDA30058ECFE /* hPig */,
				88CDB9FF1D92BDA40058ECFE /* hPigTests */,
			);
		};
/* End PBXProject section */

/* Begin PBXResourcesBuildPhase section */
		88CDB9E71D92BDA30058ECFE /* Resources */ = {
			isa = PBXResourcesBuildPhase;
			buildActionMask = 2147483647;
			files = (
				887741671DB0738C00198666 /* Main.storyboard in Resources */,
				887741711DB0743C00198666 /* pattern_view.xib in Resources */,
				881ED0111D93B02100D612EF /* session_nav_view.xib in Resources */,
				887741681DB0738C00198666 /* MyInfo.storyboard in Resources */,
				8877416A1DB0738C00198666 /* PatternStudy.storyboard in Resources */,
				8877416C1DB0738C00198666 /* Sessions.storyboard in Resources */,
				881ED0101D93B02100D612EF /* picker_action_view.xib in Resources */,
				886EF1741D9C2B58009DA8E8 /* NaverAuth.bundle in Resources */,
				887741661DB0738C00198666 /* LaunchScreen.storyboard in Resources */,
				8877416E1DB0738C00198666 /* WebView.storyboard in Resources */,
				881ED0121D93B02100D612EF /* st_player_view.xib in Resources */,
				8877416D1DB0738C00198666 /* Settings.storyboard in Resources */,
				88CDB9F71D92BDA30058ECFE /* Assets.xcassets in Resources */,
				8877416F1DB0738C00198666 /* WorkBook.storyboard in Resources */,
			);
			runOnlyForDeploymentPostprocessing = 0;
		};
		88CDB9FE1D92BDA40058ECFE /* Resources */ = {
			isa = PBXResourcesBuildPhase;
			buildActionMask = 2147483647;
			files = (
			);
			runOnlyForDeploymentPostprocessing = 0;
		};
/* End PBXResourcesBuildPhase section */

/* Begin PBXShellScriptBuildPhase section */
		845E55956050DBF70FCF3559 /* [CP] Copy Pods Resources */ = {
			isa = PBXShellScriptBuildPhase;
			buildActionMask = 2147483647;
			files = (
			);
			inputPaths = (
			);
			name = "[CP] Copy Pods Resources";
			outputPaths = (
			);
			runOnlyForDeploymentPostprocessing = 0;
			shellPath = /bin/sh;
			shellScript = "\"${SRCROOT}/Pods/Target Support Files/Pods-hPig/Pods-hPig-resources.sh\"\n";
			showEnvVarsInLog = 0;
		};
		955595A85587B6E27083A090 /* [CP] Embed Pods Frameworks */ = {
			isa = PBXShellScriptBuildPhase;
			buildActionMask = 2147483647;
			files = (
			);
			inputPaths = (
			);
			name = "[CP] Embed Pods Frameworks";
			outputPaths = (
			);
			runOnlyForDeploymentPostprocessing = 0;
			shellPath = /bin/sh;
			shellScript = "\"${SRCROOT}/Pods/Target Support Files/Pods-hPig/Pods-hPig-frameworks.sh\"\n";
			showEnvVarsInLog = 0;
		};
		B8284876B68DA097B5A72D36 /* [CP] Check Pods Manifest.lock */ = {
			isa = PBXShellScriptBuildPhase;
			buildActionMask = 2147483647;
			files = (
			);
			inputPaths = (
			);
			name = "[CP] Check Pods Manifest.lock";
			outputPaths = (
			);
			runOnlyForDeploymentPostprocessing = 0;
			shellPath = /bin/sh;
			shellScript = "diff \"${PODS_ROOT}/../Podfile.lock\" \"${PODS_ROOT}/Manifest.lock\" > /dev/null\nif [ $? != 0 ] ; then\n    # print error to STDERR\n    echo \"error: The sandbox is not in sync with the Podfile.lock. Run 'pod install' or update your CocoaPods installation.\" >&2\n    exit 1\nfi\n";
			showEnvVarsInLog = 0;
		};
/* End PBXShellScriptBuildPhase section */

/* Begin PBXSourcesBuildPhase section */
		88CDB9E51D92BDA30058ECFE /* Sources */ = {
			isa = PBXSourcesBuildPhase;
			buildActionMask = 2147483647;
			files = (
				88CDBA231D92D1FF0058ECFE /* Model.swift in Sources */,
				88BE97DC1DA36D4D002903E3 /* HISTORY+CoreDataClass.swift in Sources */,
				881ED01C1D93B5B700D612EF /* TimeFormatServide.swift in Sources */,
				884B0E8D1D93A0BB009748FF /* ImageDownloadService.swift in Sources */,
				8865F06F1DA115050025D0B9 /* PATTERN+CoreDataProperties.swift in Sources */,
				887741551DAF207C00198666 /* hWebViewController.swift in Sources */,
				88CDBA1F1D92CB670058ECFE /* SettingsController.swift in Sources */,
				88BE97D91D9D0C37002903E3 /* AuthenticateService.swift in Sources */,
				881ED0061D93AC0100D612EF /* CategoryService.swift in Sources */,
				881ED0081D93AEA200D612EF /* XibService.swift in Sources */,
				881ED0181D93B2B300D612EF /* YoutubeService.swift in Sources */,
				88BE97D31D9D04B2002903E3 /* BannerCell.swift in Sources */,
				8865F06C1DA115050025D0B9 /* WORD+CoreDataClass.swift in Sources */,
				8829124E1DAFD32700E5B6E4 /* AlertService.swift in Sources */,
				880549A21DAA5083001CF3F8 /* hInteractedLabel.swift in Sources */,
				8865F06E1DA115050025D0B9 /* PATTERN+CoreDataClass.swift in Sources */,
				88CDBA161D92CABA0058ECFE /* SessionsController.swift in Sources */,
				881ED0141D93B0AA00D612EF /* hSessionControlView.swift in Sources */,
				886085231D97A951009A9B3C /* SessionController.swift in Sources */,
				88CDBA1C1D92CB4A0058ECFE /* MyInfoController.swift in Sources */,
				886EF1761D9C2B58009DA8E8 /* NLoginThirdPartyOAuth20InAppBrowserViewController.m in Sources */,
				888684FE1D99282D00989028 /* PatternStudyController.swift in Sources */,
				881ED0211D93BB2A00D612EF /* hActionPickerController.swift in Sources */,
				886085301D97D74B009A9B3C /* SubtitleService.swift in Sources */,
				88CDBA281D92D34F0058ECFE /* Session.swift in Sources */,
				88BE97DD1DA36D4D002903E3 /* HISTORY+CoreDataProperties.swift in Sources */,
				88BE97D21D9D04B2002903E3 /* RelatedSessionCell.swift in Sources */,
				881ED0251D93D07400D612EF /* OptionOps.swift in Sources */,
				886085291D97D393009A9B3C /* BasicStudy.swift in Sources */,
				887741731DB0A2AD00198666 /* PatternView.swift in Sources */,
				8877415A1DAF8D1F00198666 /* User.swift in Sources */,
				886085271D97D342009A9B3C /* BasicStudyController.swift in Sources */,
				88CDBA191D92CB350058ECFE /* WorkBookController.swift in Sources */,
				88BE97D01D9D04B2002903E3 /* SubtitleCell.swift in Sources */,
				8865F06B1DA115050025D0B9 /* TIME_LOG+CoreDataProperties.swift in Sources */,
				886085321D97DAD8009A9B3C /* PatternStudy.swift in Sources */,
				8865F06A1DA115050025D0B9 /* TIME_LOG+CoreDataClass.swift in Sources */,
				88CDB9F51D92BDA30058ECFE /* hPig.xcdatamodeld in Sources */,
				881ED01A1D93B31700D612EF /* YoutubeVideo.swift in Sources */,
				881ED0041D93AB6400D612EF /* Category.swift in Sources */,
				88BE97D41D9D04B2002903E3 /* SessionCell.swift in Sources */,
				88BE97E01DA50499002903E3 /* PatternCell.swift in Sources */,
				8865F06D1DA115050025D0B9 /* WORD+CoreDataProperties.swift in Sources */,
				8860852E1D97D435009A9B3C /* Global.swift in Sources */,
				88BE97D11D9D04B2002903E3 /* hTableViewCell.swift in Sources */,
				88CDB9ED1D92BDA30058ECFE /* AppDelegate.swift in Sources */,
				881ED00B1D93B00000D612EF /* hPickerView.swift in Sources */,
				88CDBA2B1D92D6EE0058ECFE /* NetService.swift in Sources */,
				88BE97D71D9D0547002903E3 /* ActionCell.swift in Sources */,
				881ED0161D93B13700D612EF /* hPlayerView.swift in Sources */,
				8865F0731DA115410025D0B9 /* CoreDataService.swift in Sources */,
				881ED01E1D93B92100D612EF /* ArrayOps.swift in Sources */,
			);
			runOnlyForDeploymentPostprocessing = 0;
		};
		88CDB9FC1D92BDA40058ECFE /* Sources */ = {
			isa = PBXSourcesBuildPhase;
			buildActionMask = 2147483647;
			files = (
				88CDBA291D92D34F0058ECFE /* Session.swift in Sources */,
				88CDBA171D92CABA0058ECFE /* SessionsController.swift in Sources */,
				88CDBA201D92CB670058ECFE /* SettingsController.swift in Sources */,
				88CDBA2C1D92D6EE0058ECFE /* NetService.swift in Sources */,
				88CDBA051D92BDA40058ECFE /* hPigTests.swift in Sources */,
				88CDBA241D92D1FF0058ECFE /* Model.swift in Sources */,
				88CDBA1A1D92CB350058ECFE /* WorkBookController.swift in Sources */,
				88CDBA1D1D92CB4A0058ECFE /* MyInfoController.swift in Sources */,
			);
			runOnlyForDeploymentPostprocessing = 0;
		};
/* End PBXSourcesBuildPhase section */

/* Begin PBXTargetDependency section */
		88CDBA021D92BDA40058ECFE /* PBXTargetDependency */ = {
			isa = PBXTargetDependency;
			target = 88CDB9E81D92BDA30058ECFE /* hPig */;
			targetProxy = 88CDBA011D92BDA40058ECFE /* PBXContainerItemProxy */;
		};
/* End PBXTargetDependency section */

/* Begin XCBuildConfiguration section */
		88CDBA071D92BDA40058ECFE /* Debug */ = {
			isa = XCBuildConfiguration;
			buildSettings = {
				ALWAYS_SEARCH_USER_PATHS = NO;
				CLANG_ANALYZER_NONNULL = YES;
				CLANG_CXX_LANGUAGE_STANDARD = "gnu++0x";
				CLANG_CXX_LIBRARY = "libc++";
				CLANG_ENABLE_MODULES = YES;
				CLANG_ENABLE_OBJC_ARC = YES;
				CLANG_WARN_BOOL_CONVERSION = YES;
				CLANG_WARN_CONSTANT_CONVERSION = YES;
				CLANG_WARN_DIRECT_OBJC_ISA_USAGE = YES_ERROR;
				CLANG_WARN_DOCUMENTATION_COMMENTS = YES;
				CLANG_WARN_EMPTY_BODY = YES;
				CLANG_WARN_ENUM_CONVERSION = YES;
				CLANG_WARN_INFINITE_RECURSION = YES;
				CLANG_WARN_INT_CONVERSION = YES;
				CLANG_WARN_OBJC_ROOT_CLASS = YES_ERROR;
				CLANG_WARN_SUSPICIOUS_MOVE = YES;
				CLANG_WARN_SUSPICIOUS_MOVES = YES;
				CLANG_WARN_UNREACHABLE_CODE = YES;
				CLANG_WARN__DUPLICATE_METHOD_MATCH = YES;
				"CODE_SIGN_IDENTITY[sdk=iphoneos*]" = "iPhone Developer";
				COPY_PHASE_STRIP = NO;
				DEBUG_INFORMATION_FORMAT = dwarf;
				ENABLE_STRICT_OBJC_MSGSEND = YES;
				ENABLE_TESTABILITY = YES;
				GCC_C_LANGUAGE_STANDARD = gnu99;
				GCC_DYNAMIC_NO_PIC = NO;
				GCC_NO_COMMON_BLOCKS = YES;
				GCC_OPTIMIZATION_LEVEL = 0;
				GCC_PREPROCESSOR_DEFINITIONS = (
					"DEBUG=1",
					"$(inherited)",
				);
				GCC_WARN_64_TO_32_BIT_CONVERSION = YES;
				GCC_WARN_ABOUT_RETURN_TYPE = YES_ERROR;
				GCC_WARN_UNDECLARED_SELECTOR = YES;
				GCC_WARN_UNINITIALIZED_AUTOS = YES_AGGRESSIVE;
				GCC_WARN_UNUSED_FUNCTION = YES;
				GCC_WARN_UNUSED_VARIABLE = YES;
				IPHONEOS_DEPLOYMENT_TARGET = 10.0;
				MTL_ENABLE_DEBUG_INFO = YES;
				ONLY_ACTIVE_ARCH = YES;
				SDKROOT = iphoneos;
				SWIFT_ACTIVE_COMPILATION_CONDITIONS = DEBUG;
				SWIFT_OPTIMIZATION_LEVEL = "-Onone";
				TARGETED_DEVICE_FAMILY = "1,2";
			};
			name = Debug;
		};
		88CDBA081D92BDA40058ECFE /* Release */ = {
			isa = XCBuildConfiguration;
			buildSettings = {
				ALWAYS_SEARCH_USER_PATHS = NO;
				CLANG_ANALYZER_NONNULL = YES;
				CLANG_CXX_LANGUAGE_STANDARD = "gnu++0x";
				CLANG_CXX_LIBRARY = "libc++";
				CLANG_ENABLE_MODULES = YES;
				CLANG_ENABLE_OBJC_ARC = YES;
				CLANG_WARN_BOOL_CONVERSION = YES;
				CLANG_WARN_CONSTANT_CONVERSION = YES;
				CLANG_WARN_DIRECT_OBJC_ISA_USAGE = YES_ERROR;
				CLANG_WARN_DOCUMENTATION_COMMENTS = YES;
				CLANG_WARN_EMPTY_BODY = YES;
				CLANG_WARN_ENUM_CONVERSION = YES;
				CLANG_WARN_INFINITE_RECURSION = YES;
				CLANG_WARN_INT_CONVERSION = YES;
				CLANG_WARN_OBJC_ROOT_CLASS = YES_ERROR;
				CLANG_WARN_SUSPICIOUS_MOVE = YES;
				CLANG_WARN_SUSPICIOUS_MOVES = YES;
				CLANG_WARN_UNREACHABLE_CODE = YES;
				CLANG_WARN__DUPLICATE_METHOD_MATCH = YES;
				"CODE_SIGN_IDENTITY[sdk=iphoneos*]" = "iPhone Developer";
				COPY_PHASE_STRIP = NO;
				DEBUG_INFORMATION_FORMAT = "dwarf-with-dsym";
				ENABLE_NS_ASSERTIONS = NO;
				ENABLE_STRICT_OBJC_MSGSEND = YES;
				GCC_C_LANGUAGE_STANDARD = gnu99;
				GCC_NO_COMMON_BLOCKS = YES;
				GCC_WARN_64_TO_32_BIT_CONVERSION = YES;
				GCC_WARN_ABOUT_RETURN_TYPE = YES_ERROR;
				GCC_WARN_UNDECLARED_SELECTOR = YES;
				GCC_WARN_UNINITIALIZED_AUTOS = YES_AGGRESSIVE;
				GCC_WARN_UNUSED_FUNCTION = YES;
				GCC_WARN_UNUSED_VARIABLE = YES;
				IPHONEOS_DEPLOYMENT_TARGET = 10.0;
				MTL_ENABLE_DEBUG_INFO = NO;
				SDKROOT = iphoneos;
				SWIFT_OPTIMIZATION_LEVEL = "-Owholemodule";
				TARGETED_DEVICE_FAMILY = "1,2";
				VALIDATE_PRODUCT = YES;
			};
			name = Release;
		};
		88CDBA0A1D92BDA40058ECFE /* Debug */ = {
			isa = XCBuildConfiguration;
			baseConfigurationReference = E2A86E940BFA0A45487A0A06 /* Pods-hPig.debug.xcconfig */;
			buildSettings = {
				ALWAYS_EMBED_SWIFT_STANDARD_LIBRARIES = YES;
				ASSETCATALOG_COMPILER_APPICON_NAME = AppIcon;
				CLANG_ENABLE_MODULES = YES;
				DEVELOPMENT_TEAM = FY7JU9WRTC;
				FRAMEWORK_SEARCH_PATHS = "$(inherited)";
				INFOPLIST_FILE = hPig/Info.plist;
				LD_RUNPATH_SEARCH_PATHS = "$(inherited) @executable_path/Frameworks";
				LIBRARY_SEARCH_PATHS = (
					"$(inherited)",
					"$(PROJECT_DIR)/ThirdPartyModule",
				);
				PRODUCT_BUNDLE_IDENTIFIER = com.wearespeakingtube.hPig;
				PRODUCT_NAME = "$(TARGET_NAME)";
				SWIFT_OBJC_BRIDGING_HEADER = "hPig-Bridging-Header.h";
				SWIFT_OPTIMIZATION_LEVEL = "-Onone";
				SWIFT_VERSION = 3.0;
			};
			name = Debug;
		};
		88CDBA0B1D92BDA40058ECFE /* Release */ = {
			isa = XCBuildConfiguration;
			baseConfigurationReference = 3F7DD837132F1D454EE2BA5F /* Pods-hPig.release.xcconfig */;
			buildSettings = {
				ALWAYS_EMBED_SWIFT_STANDARD_LIBRARIES = YES;
				ASSETCATALOG_COMPILER_APPICON_NAME = AppIcon;
				CLANG_ENABLE_MODULES = YES;
				DEVELOPMENT_TEAM = FY7JU9WRTC;
				FRAMEWORK_SEARCH_PATHS = "$(inherited)";
				INFOPLIST_FILE = hPig/Info.plist;
				LD_RUNPATH_SEARCH_PATHS = "$(inherited) @executable_path/Frameworks";
				LIBRARY_SEARCH_PATHS = (
					"$(inherited)",
					"$(PROJECT_DIR)/ThirdPartyModule",
				);
				PRODUCT_BUNDLE_IDENTIFIER = com.wearespeakingtube.hPig;
				PRODUCT_NAME = "$(TARGET_NAME)";
				SWIFT_OBJC_BRIDGING_HEADER = "hPig-Bridging-Header.h";
				SWIFT_VERSION = 3.0;
			};
			name = Release;
		};
		88CDBA0D1D92BDA40058ECFE /* Debug */ = {
			isa = XCBuildConfiguration;
			buildSettings = {
				ALWAYS_EMBED_SWIFT_STANDARD_LIBRARIES = YES;
				BUNDLE_LOADER = "$(TEST_HOST)";
				DEVELOPMENT_TEAM = FY7JU9WRTC;
				INFOPLIST_FILE = hPigTests/Info.plist;
				LD_RUNPATH_SEARCH_PATHS = "$(inherited) @executable_path/Frameworks @loader_path/Frameworks";
				PRODUCT_BUNDLE_IDENTIFIER = com.wearespeakingtube.hPigTests;
				PRODUCT_NAME = "$(TARGET_NAME)";
				SWIFT_VERSION = 3.0;
				TEST_HOST = "$(BUILT_PRODUCTS_DIR)/hPig.app/hPig";
			};
			name = Debug;
		};
		88CDBA0E1D92BDA40058ECFE /* Release */ = {
			isa = XCBuildConfiguration;
			buildSettings = {
				ALWAYS_EMBED_SWIFT_STANDARD_LIBRARIES = YES;
				BUNDLE_LOADER = "$(TEST_HOST)";
				DEVELOPMENT_TEAM = FY7JU9WRTC;
				INFOPLIST_FILE = hPigTests/Info.plist;
				LD_RUNPATH_SEARCH_PATHS = "$(inherited) @executable_path/Frameworks @loader_path/Frameworks";
				PRODUCT_BUNDLE_IDENTIFIER = com.wearespeakingtube.hPigTests;
				PRODUCT_NAME = "$(TARGET_NAME)";
				SWIFT_VERSION = 3.0;
				TEST_HOST = "$(BUILT_PRODUCTS_DIR)/hPig.app/hPig";
			};
			name = Release;
		};
/* End XCBuildConfiguration section */

/* Begin XCConfigurationList section */
		88CDB9E41D92BDA30058ECFE /* Build configuration list for PBXProject "hPig" */ = {
			isa = XCConfigurationList;
			buildConfigurations = (
				88CDBA071D92BDA40058ECFE /* Debug */,
				88CDBA081D92BDA40058ECFE /* Release */,
			);
			defaultConfigurationIsVisible = 0;
			defaultConfigurationName = Release;
		};
		88CDBA091D92BDA40058ECFE /* Build configuration list for PBXNativeTarget "hPig" */ = {
			isa = XCConfigurationList;
			buildConfigurations = (
				88CDBA0A1D92BDA40058ECFE /* Debug */,
				88CDBA0B1D92BDA40058ECFE /* Release */,
			);
			defaultConfigurationIsVisible = 0;
			defaultConfigurationName = Release;
		};
		88CDBA0C1D92BDA40058ECFE /* Build configuration list for PBXNativeTarget "hPigTests" */ = {
			isa = XCConfigurationList;
			buildConfigurations = (
				88CDBA0D1D92BDA40058ECFE /* Debug */,
				88CDBA0E1D92BDA40058ECFE /* Release */,
			);
			defaultConfigurationIsVisible = 0;
			defaultConfigurationName = Release;
		};
/* End XCConfigurationList section */

/* Begin XCVersionGroup section */
		88CDB9F31D92BDA30058ECFE /* hPig.xcdatamodeld */ = {
			isa = XCVersionGroup;
			children = (
				88CDB9F41D92BDA30058ECFE /* hPig.xcdatamodel */,
			);
			currentVersion = 88CDB9F41D92BDA30058ECFE /* hPig.xcdatamodel */;
			path = hPig.xcdatamodeld;
			sourceTree = "<group>";
			versionGroupType = wrapper.xcdatamodel;
		};
/* End XCVersionGroup section */
	};
	rootObject = 88CDB9E11D92BDA30058ECFE /* Project object */;
}
