// !$*UTF8*$!
{
	archiveVersion = 1;
	classes = {
	};
	objectVersion = 46;
	objects = {

/* Begin PBXBuildFile section */
		88CDB9ED1D92BDA30058ECFE /* AppDelegate.swift in Sources */ = {isa = PBXBuildFile; fileRef = 88CDB9EC1D92BDA30058ECFE /* AppDelegate.swift */; };
		88CDB9EF1D92BDA30058ECFE /* ViewController.swift in Sources */ = {isa = PBXBuildFile; fileRef = 88CDB9EE1D92BDA30058ECFE /* ViewController.swift */; };
		88CDB9F21D92BDA30058ECFE /* Main.storyboard in Resources */ = {isa = PBXBuildFile; fileRef = 88CDB9F01D92BDA30058ECFE /* Main.storyboard */; };
		88CDB9F51D92BDA30058ECFE /* hPig.xcdatamodeld in Sources */ = {isa = PBXBuildFile; fileRef = 88CDB9F31D92BDA30058ECFE /* hPig.xcdatamodeld */; };
		88CDB9F71D92BDA30058ECFE /* Assets.xcassets in Resources */ = {isa = PBXBuildFile; fileRef = 88CDB9F61D92BDA30058ECFE /* Assets.xcassets */; };
		88CDB9FA1D92BDA30058ECFE /* LaunchScreen.storyboard in Resources */ = {isa = PBXBuildFile; fileRef = 88CDB9F81D92BDA30058ECFE /* LaunchScreen.storyboard */; };
		88CDBA051D92BDA40058ECFE /* hPigTests.swift in Sources */ = {isa = PBXBuildFile; fileRef = 88CDBA041D92BDA40058ECFE /* hPigTests.swift */; };
/* End PBXBuildFile section */

/* Begin PBXContainerItemProxy section */
		88CDBA011D92BDA40058ECFE /* PBXContainerItemProxy */ = {
			isa = PBXContainerItemProxy;
			containerPortal = 88CDB9E11D92BDA30058ECFE /* Project object */;
			proxyType = 1;
			remoteGlobalIDString = 88CDB9E81D92BDA30058ECFE;
			remoteInfo = hPig;
		};
/* End PBXContainerItemProxy section */

/* Begin PBXFileReference section */
		88CDB9E91D92BDA30058ECFE /* hPig.app */ = {isa = PBXFileReference; explicitFileType = wrapper.application; includeInIndex = 0; path = hPig.app; sourceTree = BUILT_PRODUCTS_DIR; };
		88CDB9EC1D92BDA30058ECFE /* AppDelegate.swift */ = {isa = PBXFileReference; lastKnownFileType = sourcecode.swift; path = AppDelegate.swift; sourceTree = "<group>"; };
		88CDB9EE1D92BDA30058ECFE /* ViewController.swift */ = {isa = PBXFileReference; lastKnownFileType = sourcecode.swift; path = ViewController.swift; sourceTree = "<group>"; };
		88CDB9F11D92BDA30058ECFE /* Base */ = {isa = PBXFileReference; lastKnownFileType = file.storyboard; name = Base; path = Base.lproj/Main.storyboard; sourceTree = "<group>"; };
		88CDB9F41D92BDA30058ECFE /* hPig.xcdatamodel */ = {isa = PBXFileReference; lastKnownFileType = wrapper.xcdatamodel; path = hPig.xcdatamodel; sourceTree = "<group>"; };
		88CDB9F61D92BDA30058ECFE /* Assets.xcassets */ = {isa = PBXFileReference; lastKnownFileType = folder.assetcatalog; path = Assets.xcassets; sourceTree = "<group>"; };
		88CDB9F91D92BDA30058ECFE /* Base */ = {isa = PBXFileReference; lastKnownFileType = file.storyboard; name = Base; path = Base.lproj/LaunchScreen.storyboard; sourceTree = "<group>"; };
		88CDB9FB1D92BDA30058ECFE /* Info.plist */ = {isa = PBXFileReference; lastKnownFileType = text.plist.xml; path = Info.plist; sourceTree = "<group>"; };
		88CDBA001D92BDA40058ECFE /* hPigTests.xctest */ = {isa = PBXFileReference; explicitFileType = wrapper.cfbundle; includeInIndex = 0; path = hPigTests.xctest; sourceTree = BUILT_PRODUCTS_DIR; };
		88CDBA041D92BDA40058ECFE /* hPigTests.swift */ = {isa = PBXFileReference; lastKnownFileType = sourcecode.swift; path = hPigTests.swift; sourceTree = "<group>"; };
		88CDBA061D92BDA40058ECFE /* Info.plist */ = {isa = PBXFileReference; lastKnownFileType = text.plist.xml; path = Info.plist; sourceTree = "<group>"; };
/* End PBXFileReference section */

/* Begin PBXFrameworksBuildPhase section */
		88CDB9E61D92BDA30058ECFE /* Frameworks */ = {
			isa = PBXFrameworksBuildPhase;
			buildActionMask = 2147483647;
			files = (
			);
			runOnlyForDeploymentPostprocessing = 0;
		};
		88CDB9FD1D92BDA40058ECFE /* Frameworks */ = {
			isa = PBXFrameworksBuildPhase;
			buildActionMask = 2147483647;
			files = (
			);
			runOnlyForDeploymentPostprocessing = 0;
		};
/* End PBXFrameworksBuildPhase section */

/* Begin PBXGroup section */
		88CDB9E01D92BDA30058ECFE = {
			isa = PBXGroup;
			children = (
				88CDB9EB1D92BDA30058ECFE /* hPig */,
				88CDBA031D92BDA40058ECFE /* hPigTests */,
				88CDB9EA1D92BDA30058ECFE /* Products */,
			);
			sourceTree = "<group>";
		};
		88CDB9EA1D92BDA30058ECFE /* Products */ = {
			isa = PBXGroup;
			children = (
				88CDB9E91D92BDA30058ECFE /* hPig.app */,
				88CDBA001D92BDA40058ECFE /* hPigTests.xctest */,
			);
			name = Products;
			sourceTree = "<group>";
		};
		88CDB9EB1D92BDA30058ECFE /* hPig */ = {
			isa = PBXGroup;
			children = (
				88CDB9EC1D92BDA30058ECFE /* AppDelegate.swift */,
				88CDB9EE1D92BDA30058ECFE /* ViewController.swift */,
				88CDB9F01D92BDA30058ECFE /* Main.storyboard */,
				88CDB9F61D92BDA30058ECFE /* Assets.xcassets */,
				88CDB9F81D92BDA30058ECFE /* LaunchScreen.storyboard */,
				88CDB9FB1D92BDA30058ECFE /* Info.plist */,
				88CDB9F31D92BDA30058ECFE /* hPig.xcdatamodeld */,
			);
			path = hPig;
			sourceTree = "<group>";
		};
		88CDBA031D92BDA40058ECFE /* hPigTests */ = {
			isa = PBXGroup;
			children = (
				88CDBA041D92BDA40058ECFE /* hPigTests.swift */,
				88CDBA061D92BDA40058ECFE /* Info.plist */,
			);
			path = hPigTests;
			sourceTree = "<group>";
		};
/* End PBXGroup section */

/* Begin PBXNativeTarget section */
		88CDB9E81D92BDA30058ECFE /* hPig */ = {
			isa = PBXNativeTarget;
			buildConfigurationList = 88CDBA091D92BDA40058ECFE /* Build configuration list for PBXNativeTarget "hPig" */;
			buildPhases = (
				88CDB9E51D92BDA30058ECFE /* Sources */,
				88CDB9E61D92BDA30058ECFE /* Frameworks */,
				88CDB9E71D92BDA30058ECFE /* Resources */,
			);
			buildRules = (
			);
			dependencies = (
			);
			name = hPig;
			productName = hPig;
			productReference = 88CDB9E91D92BDA30058ECFE /* hPig.app */;
			productType = "com.apple.product-type.application";
		};
		88CDB9FF1D92BDA40058ECFE /* hPigTests */ = {
			isa = PBXNativeTarget;
			buildConfigurationList = 88CDBA0C1D92BDA40058ECFE /* Build configuration list for PBXNativeTarget "hPigTests" */;
			buildPhases = (
				88CDB9FC1D92BDA40058ECFE /* Sources */,
				88CDB9FD1D92BDA40058ECFE /* Frameworks */,
				88CDB9FE1D92BDA40058ECFE /* Resources */,
			);
			buildRules = (
			);
			dependencies = (
				88CDBA021D92BDA40058ECFE /* PBXTargetDependency */,
			);
			name = hPigTests;
			productName = hPigTests;
			productReference = 88CDBA001D92BDA40058ECFE /* hPigTests.xctest */;
			productType = "com.apple.product-type.bundle.unit-test";
		};
/* End PBXNativeTarget section */

/* Begin PBXProject section */
		88CDB9E11D92BDA30058ECFE /* Project object */ = {
			isa = PBXProject;
			attributes = {
				LastSwiftUpdateCheck = 0800;
				LastUpgradeCheck = 0800;
				ORGANIZATIONNAME = wearespeakingtube;
				TargetAttributes = {
					88CDB9E81D92BDA30058ECFE = {
						CreatedOnToolsVersion = 8.0;
						DevelopmentTeam = FY7JU9WRTC;
						ProvisioningStyle = Automatic;
					};
					88CDB9FF1D92BDA40058ECFE = {
						CreatedOnToolsVersion = 8.0;
						DevelopmentTeam = FY7JU9WRTC;
						ProvisioningStyle = Automatic;
						TestTargetID = 88CDB9E81D92BDA30058ECFE;
					};
				};
			};
			buildConfigurationList = 88CDB9E41D92BDA30058ECFE /* Build configuration list for PBXProject "hPig" */;
			compatibilityVersion = "Xcode 3.2";
			developmentRegion = English;
			hasScannedForEncodings = 0;
			knownRegions = (
				en,
				Base,
			);
			mainGroup = 88CDB9E01D92BDA30058ECFE;
			productRefGroup = 88CDB9EA1D92BDA30058ECFE /* Products */;
			projectDirPath = "";
			projectRoot = "";
			targets = (
				88CDB9E81D92BDA30058ECFE /* hPig */,
				88CDB9FF1D92BDA40058ECFE /* hPigTests */,
			);
		};
/* End PBXProject section */

/* Begin PBXResourcesBuildPhase section */
		88CDB9E71D92BDA30058ECFE /* Resources */ = {
			isa = PBXResourcesBuildPhase;
			buildActionMask = 2147483647;
			files = (
				88CDB9FA1D92BDA30058ECFE /* LaunchScreen.storyboard in Resources */,
				88CDB9F71D92BDA30058ECFE /* Assets.xcassets in Resources */,
				88CDB9F21D92BDA30058ECFE /* Main.storyboard in Resources */,
			);
			runOnlyForDeploymentPostprocessing = 0;
		};
		88CDB9FE1D92BDA40058ECFE /* Resources */ = {
			isa = PBXResourcesBuildPhase;
			buildActionMask = 2147483647;
			files = (
			);
			runOnlyForDeploymentPostprocessing = 0;
		};
/* End PBXResourcesBuildPhase section */

/* Begin PBXSourcesBuildPhase section */
		88CDB9E51D92BDA30058ECFE /* Sources */ = {
			isa = PBXSourcesBuildPhase;
			buildActionMask = 2147483647;
			files = (
				88CDB9EF1D92BDA30058ECFE /* ViewController.swift in Sources */,
				88CDB9F51D92BDA30058ECFE /* hPig.xcdatamodeld in Sources */,
				88CDB9ED1D92BDA30058ECFE /* AppDelegate.swift in Sources */,
			);
			runOnlyForDeploymentPostprocessing = 0;
		};
		88CDB9FC1D92BDA40058ECFE /* Sources */ = {
			isa = PBXSourcesBuildPhase;
			buildActionMask = 2147483647;
			files = (
				88CDBA051D92BDA40058ECFE /* hPigTests.swift in Sources */,
			);
			runOnlyForDeploymentPostprocessing = 0;
		};
/* End PBXSourcesBuildPhase section */

/* Begin PBXTargetDependency section */
		88CDBA021D92BDA40058ECFE /* PBXTargetDependency */ = {
			isa = PBXTargetDependency;
			target = 88CDB9E81D92BDA30058ECFE /* hPig */;
			targetProxy = 88CDBA011D92BDA40058ECFE /* PBXContainerItemProxy */;
		};
/* End PBXTargetDependency section */

/* Begin PBXVariantGroup section */
		88CDB9F01D92BDA30058ECFE /* Main.storyboard */ = {
			isa = PBXVariantGroup;
			children = (
				88CDB9F11D92BDA30058ECFE /* Base */,
			);
			name = Main.storyboard;
			sourceTree = "<group>";
		};
		88CDB9F81D92BDA30058ECFE /* LaunchScreen.storyboard */ = {
			isa = PBXVariantGroup;
			children = (
				88CDB9F91D92BDA30058ECFE /* Base */,
			);
			name = LaunchScreen.storyboard;
			sourceTree = "<group>";
		};
/* End PBXVariantGroup section */

/* Begin XCBuildConfiguration section */
		88CDBA071D92BDA40058ECFE /* Debug */ = {
			isa = XCBuildConfiguration;
			buildSettings = {
				ALWAYS_SEARCH_USER_PATHS = NO;
				CLANG_ANALYZER_NONNULL = YES;
				CLANG_CXX_LANGUAGE_STANDARD = "gnu++0x";
				CLANG_CXX_LIBRARY = "libc++";
				CLANG_ENABLE_MODULES = YES;
				CLANG_ENABLE_OBJC_ARC = YES;
				CLANG_WARN_BOOL_CONVERSION = YES;
				CLANG_WARN_CONSTANT_CONVERSION = YES;
				CLANG_WARN_DIRECT_OBJC_ISA_USAGE = YES_ERROR;
				CLANG_WARN_DOCUMENTATION_COMMENTS = YES;
				CLANG_WARN_EMPTY_BODY = YES;
				CLANG_WARN_ENUM_CONVERSION = YES;
				CLANG_WARN_INFINITE_RECURSION = YES;
				CLANG_WARN_INT_CONVERSION = YES;
				CLANG_WARN_OBJC_ROOT_CLASS = YES_ERROR;
				CLANG_WARN_SUSPICIOUS_MOVES = YES;
				CLANG_WARN_UNREACHABLE_CODE = YES;
				CLANG_WARN__DUPLICATE_METHOD_MATCH = YES;
				"CODE_SIGN_IDENTITY[sdk=iphoneos*]" = "iPhone Developer";
				COPY_PHASE_STRIP = NO;
				DEBUG_INFORMATION_FORMAT = dwarf;
				ENABLE_STRICT_OBJC_MSGSEND = YES;
				ENABLE_TESTABILITY = YES;
				GCC_C_LANGUAGE_STANDARD = gnu99;
				GCC_DYNAMIC_NO_PIC = NO;
				GCC_NO_COMMON_BLOCKS = YES;
				GCC_OPTIMIZATION_LEVEL = 0;
				GCC_PREPROCESSOR_DEFINITIONS = (
					"DEBUG=1",
					"$(inherited)",
				);
				GCC_WARN_64_TO_32_BIT_CONVERSION = YES;
				GCC_WARN_ABOUT_RETURN_TYPE = YES_ERROR;
				GCC_WARN_UNDECLARED_SELECTOR = YES;
				GCC_WARN_UNINITIALIZED_AUTOS = YES_AGGRESSIVE;
				GCC_WARN_UNUSED_FUNCTION = YES;
				GCC_WARN_UNUSED_VARIABLE = YES;
				IPHONEOS_DEPLOYMENT_TARGET = 10.0;
				MTL_ENABLE_DEBUG_INFO = YES;
				ONLY_ACTIVE_ARCH = YES;
				SDKROOT = iphoneos;
				SWIFT_ACTIVE_COMPILATION_CONDITIONS = DEBUG;
				SWIFT_OPTIMIZATION_LEVEL = "-Onone";
				TARGETED_DEVICE_FAMILY = "1,2";
			};
			name = Debug;
		};
		88CDBA081D92BDA40058ECFE /* Release */ = {
			isa = XCBuildConfiguration;
			buildSettings = {
				ALWAYS_SEARCH_USER_PATHS = NO;
				CLANG_ANALYZER_NONNULL = YES;
				CLANG_CXX_LANGUAGE_STANDARD = "gnu++0x";
				CLANG_CXX_LIBRARY = "libc++";
				CLANG_ENABLE_MODULES = YES;
				CLANG_ENABLE_OBJC_ARC = YES;
				CLANG_WARN_BOOL_CONVERSION = YES;
				CLANG_WARN_CONSTANT_CONVERSION = YES;
				CLANG_WARN_DIRECT_OBJC_ISA_USAGE = YES_ERROR;
				CLANG_WARN_DOCUMENTATION_COMMENTS = YES;
				CLANG_WARN_EMPTY_BODY = YES;
				CLANG_WARN_ENUM_CONVERSION = YES;
				CLANG_WARN_INFINITE_RECURSION = YES;
				CLANG_WARN_INT_CONVERSION = YES;
				CLANG_WARN_OBJC_ROOT_CLASS = YES_ERROR;
				CLANG_WARN_SUSPICIOUS_MOVES = YES;
				CLANG_WARN_UNREACHABLE_CODE = YES;
				CLANG_WARN__DUPLICATE_METHOD_MATCH = YES;
				"CODE_SIGN_IDENTITY[sdk=iphoneos*]" = "iPhone Developer";
				COPY_PHASE_STRIP = NO;
				DEBUG_INFORMATION_FORMAT = "dwarf-with-dsym";
				ENABLE_NS_ASSERTIONS = NO;
				ENABLE_STRICT_OBJC_MSGSEND = YES;
				GCC_C_LANGUAGE_STANDARD = gnu99;
				GCC_NO_COMMON_BLOCKS = YES;
				GCC_WARN_64_TO_32_BIT_CONVERSION = YES;
				GCC_WARN_ABOUT_RETURN_TYPE = YES_ERROR;
				GCC_WARN_UNDECLARED_SELECTOR = YES;
				GCC_WARN_UNINITIALIZED_AUTOS = YES_AGGRESSIVE;
				GCC_WARN_UNUSED_FUNCTION = YES;
				GCC_WARN_UNUSED_VARIABLE = YES;
				IPHONEOS_DEPLOYMENT_TARGET = 10.0;
				MTL_ENABLE_DEBUG_INFO = NO;
				SDKROOT = iphoneos;
				SWIFT_OPTIMIZATION_LEVEL = "-Owholemodule";
				TARGETED_DEVICE_FAMILY = "1,2";
				VALIDATE_PRODUCT = YES;
			};
			name = Release;
		};
		88CDBA0A1D92BDA40058ECFE /* Debug */ = {
			isa = XCBuildConfiguration;
			buildSettings = {
				ASSETCATALOG_COMPILER_APPICON_NAME = AppIcon;
				DEVELOPMENT_TEAM = FY7JU9WRTC;
				INFOPLIST_FILE = hPig/Info.plist;
				LD_RUNPATH_SEARCH_PATHS = "$(inherited) @executable_path/Frameworks";
				PRODUCT_BUNDLE_IDENTIFIER = com.wearespeakingtube.hPig;
				PRODUCT_NAME = "$(TARGET_NAME)";
				SWIFT_VERSION = 3.0;
			};
			name = Debug;
		};
		88CDBA0B1D92BDA40058ECFE /* Release */ = {
			isa = XCBuildConfiguration;
			buildSettings = {
				ASSETCATALOG_COMPILER_APPICON_NAME = AppIcon;
				DEVELOPMENT_TEAM = FY7JU9WRTC;
				INFOPLIST_FILE = hPig/Info.plist;
				LD_RUNPATH_SEARCH_PATHS = "$(inherited) @executable_path/Frameworks";
				PRODUCT_BUNDLE_IDENTIFIER = com.wearespeakingtube.hPig;
				PRODUCT_NAME = "$(TARGET_NAME)";
				SWIFT_VERSION = 3.0;
			};
			name = Release;
		};
		88CDBA0D1D92BDA40058ECFE /* Debug */ = {
			isa = XCBuildConfiguration;
			buildSettings = {
				ALWAYS_EMBED_SWIFT_STANDARD_LIBRARIES = YES;
				BUNDLE_LOADER = "$(TEST_HOST)";
				DEVELOPMENT_TEAM = FY7JU9WRTC;
				INFOPLIST_FILE = hPigTests/Info.plist;
				LD_RUNPATH_SEARCH_PATHS = "$(inherited) @executable_path/Frameworks @loader_path/Frameworks";
				PRODUCT_BUNDLE_IDENTIFIER = com.wearespeakingtube.hPigTests;
				PRODUCT_NAME = "$(TARGET_NAME)";
				SWIFT_VERSION = 3.0;
				TEST_HOST = "$(BUILT_PRODUCTS_DIR)/hPig.app/hPig";
			};
			name = Debug;
		};
		88CDBA0E1D92BDA40058ECFE /* Release */ = {
			isa = XCBuildConfiguration;
			buildSettings = {
				ALWAYS_EMBED_SWIFT_STANDARD_LIBRARIES = YES;
				BUNDLE_LOADER = "$(TEST_HOST)";
				DEVELOPMENT_TEAM = FY7JU9WRTC;
				INFOPLIST_FILE = hPigTests/Info.plist;
				LD_RUNPATH_SEARCH_PATHS = "$(inherited) @executable_path/Frameworks @loader_path/Frameworks";
				PRODUCT_BUNDLE_IDENTIFIER = com.wearespeakingtube.hPigTests;
				PRODUCT_NAME = "$(TARGET_NAME)";
				SWIFT_VERSION = 3.0;
				TEST_HOST = "$(BUILT_PRODUCTS_DIR)/hPig.app/hPig";
			};
			name = Release;
		};
/* End XCBuildConfiguration section */

/* Begin XCConfigurationList section */
		88CDB9E41D92BDA30058ECFE /* Build configuration list for PBXProject "hPig" */ = {
			isa = XCConfigurationList;
			buildConfigurations = (
				88CDBA071D92BDA40058ECFE /* Debug */,
				88CDBA081D92BDA40058ECFE /* Release */,
			);
			defaultConfigurationIsVisible = 0;
			defaultConfigurationName = Release;
		};
		88CDBA091D92BDA40058ECFE /* Build configuration list for PBXNativeTarget "hPig" */ = {
			isa = XCConfigurationList;
			buildConfigurations = (
				88CDBA0A1D92BDA40058ECFE /* Debug */,
				88CDBA0B1D92BDA40058ECFE /* Release */,
			);
			defaultConfigurationIsVisible = 0;
		};
		88CDBA0C1D92BDA40058ECFE /* Build configuration list for PBXNativeTarget "hPigTests" */ = {
			isa = XCConfigurationList;
			buildConfigurations = (
				88CDBA0D1D92BDA40058ECFE /* Debug */,
				88CDBA0E1D92BDA40058ECFE /* Release */,
			);
			defaultConfigurationIsVisible = 0;
		};
/* End XCConfigurationList section */

/* Begin XCVersionGroup section */
		88CDB9F31D92BDA30058ECFE /* hPig.xcdatamodeld */ = {
			isa = XCVersionGroup;
			children = (
				88CDB9F41D92BDA30058ECFE /* hPig.xcdatamodel */,
			);
			currentVersion = 88CDB9F41D92BDA30058ECFE /* hPig.xcdatamodel */;
			path = hPig.xcdatamodeld;
			sourceTree = "<group>";
			versionGroupType = wrapper.xcdatamodel;
		};
/* End XCVersionGroup section */
	};
	rootObject = 88CDB9E11D92BDA30058ECFE /* Project object */;
}
