// !$*UTF8*$!
{
	archiveVersion = 1;
	classes = {
	};
	objectVersion = 46;
	objects = {

/* Begin PBXBuildFile section */
		0137AD7D147A3F77BE04BD7E /* Pods_hPig.framework in Frameworks */ = {isa = PBXBuildFile; fileRef = B9F0C3F95AB86E4B5BCFF5CB /* Pods_hPig.framework */; };
		88064FF21DD2FE0800084C6A /* sessionFilterHeader.xib in Resources */ = {isa = PBXBuildFile; fileRef = 88064FF11DD2FE0800084C6A /* sessionFilterHeader.xib */; };
		880FC9C01DE7356600BDF70C /* tab_bar.xib in Resources */ = {isa = PBXBuildFile; fileRef = 880FC9BF1DE7356600BDF70C /* tab_bar.xib */; };
		881076C31DBC76460038C21C /* SettingsController.swift in Sources */ = {isa = PBXBuildFile; fileRef = 881076C21DBC76460038C21C /* SettingsController.swift */; };
		881076C51DBC76500038C21C /* SessionsController.swift in Sources */ = {isa = PBXBuildFile; fileRef = 881076C41DBC76500038C21C /* SessionsController.swift */; };
		881076C71DBC76E40038C21C /* DataDeleteController.swift in Sources */ = {isa = PBXBuildFile; fileRef = 881076C61DBC76E40038C21C /* DataDeleteController.swift */; };
		881235BE1DC7466C002EC49A /* hTabBarController.swift in Sources */ = {isa = PBXBuildFile; fileRef = 881235BD1DC7466C002EC49A /* hTabBarController.swift */; };
		881ED0041D93AB6400D612EF /* Category.swift in Sources */ = {isa = PBXBuildFile; fileRef = 881ED0031D93AB6400D612EF /* Category.swift */; };
		881ED0061D93AC0100D612EF /* CategoryService.swift in Sources */ = {isa = PBXBuildFile; fileRef = 881ED0051D93AC0100D612EF /* CategoryService.swift */; };
		881ED0081D93AEA200D612EF /* LayoutService.swift in Sources */ = {isa = PBXBuildFile; fileRef = 881ED0071D93AEA200D612EF /* LayoutService.swift */; };
		881ED0181D93B2B300D612EF /* YoutubeService.swift in Sources */ = {isa = PBXBuildFile; fileRef = 881ED0171D93B2B300D612EF /* YoutubeService.swift */; };
		881ED01A1D93B31700D612EF /* YoutubeVideo.swift in Sources */ = {isa = PBXBuildFile; fileRef = 881ED0191D93B31700D612EF /* YoutubeVideo.swift */; };
		881ED01C1D93B5B700D612EF /* TimeFormatServide.swift in Sources */ = {isa = PBXBuildFile; fileRef = 881ED01B1D93B5B700D612EF /* TimeFormatServide.swift */; };
		881ED01E1D93B92100D612EF /* ArrayOps.swift in Sources */ = {isa = PBXBuildFile; fileRef = 881ED01D1D93B92100D612EF /* ArrayOps.swift */; };
		881ED0251D93D07400D612EF /* OptionOps.swift in Sources */ = {isa = PBXBuildFile; fileRef = 881ED0241D93D07400D612EF /* OptionOps.swift */; };
		8829124E1DAFD32700E5B6E4 /* AlertService.swift in Sources */ = {isa = PBXBuildFile; fileRef = 8829124D1DAFD32700E5B6E4 /* AlertService.swift */; };
		882CD2EA1DC8607600BB611A /* PurchaseService.swift in Sources */ = {isa = PBXBuildFile; fileRef = 882CD2E91DC8607600BB611A /* PurchaseService.swift */; };
		88377CB61DDE8E5800ABADC9 /* StringOps.swift in Sources */ = {isa = PBXBuildFile; fileRef = 88377CB51DDE8E5800ABADC9 /* StringOps.swift */; };
		88377CC21DE2D81000ABADC9 /* Info.plist in Resources */ = {isa = PBXBuildFile; fileRef = 88377CB81DE2D81000ABADC9 /* Info.plist */; };
		88377CC31DE2D81000ABADC9 /* iRate.bundle in Resources */ = {isa = PBXBuildFile; fileRef = 88377CB91DE2D81000ABADC9 /* iRate.bundle */; };
		88377CC41DE2D81000ABADC9 /* iRate.m in Sources */ = {isa = PBXBuildFile; fileRef = 88377CBB1DE2D81000ABADC9 /* iRate.m */; };
		88377CC51DE2D81000ABADC9 /* libNaverLogin.a in Frameworks */ = {isa = PBXBuildFile; fileRef = 88377CBD1DE2D81000ABADC9 /* libNaverLogin.a */; };
		88377CC61DE2D81000ABADC9 /* NLoginThirdPartyOAuth20InAppBrowserViewController.m in Sources */ = {isa = PBXBuildFile; fileRef = 88377CC11DE2D81000ABADC9 /* NLoginThirdPartyOAuth20InAppBrowserViewController.m */; };
		8844D0991DE2E37A009E84AE /* rate_view.xib in Resources */ = {isa = PBXBuildFile; fileRef = 8844D0981DE2E37A009E84AE /* rate_view.xib */; };
		884523091DBF44CF00802510 /* HISTORY+CoreDataClass.swift in Sources */ = {isa = PBXBuildFile; fileRef = 884523071DBF44CF00802510 /* HISTORY+CoreDataClass.swift */; };
		8845230A1DBF44CF00802510 /* HISTORY+CoreDataProperties.swift in Sources */ = {isa = PBXBuildFile; fileRef = 884523081DBF44CF00802510 /* HISTORY+CoreDataProperties.swift */; };
		8845230E1DBF55BD00802510 /* SessionFeed.storyboard in Resources */ = {isa = PBXBuildFile; fileRef = 8845230D1DBF55BD00802510 /* SessionFeed.storyboard */; };
		884523101DBF561B00802510 /* SessionFeedController.swift in Sources */ = {isa = PBXBuildFile; fileRef = 8845230F1DBF561B00802510 /* SessionFeedController.swift */; };
		88468A1D1DC343C100ACC60D /* Purchase.storyboard in Resources */ = {isa = PBXBuildFile; fileRef = 88468A1C1DC343C100ACC60D /* Purchase.storyboard */; };
		88468A251DC344D800ACC60D /* BasicStudyController.swift in Sources */ = {isa = PBXBuildFile; fileRef = 88468A1F1DC344D800ACC60D /* BasicStudyController.swift */; };
		88468A261DC344D800ACC60D /* ChannelController.swift in Sources */ = {isa = PBXBuildFile; fileRef = 88468A201DC344D800ACC60D /* ChannelController.swift */; };
		88468A271DC344D800ACC60D /* hActionPickerController.swift in Sources */ = {isa = PBXBuildFile; fileRef = 88468A211DC344D800ACC60D /* hActionPickerController.swift */; };
		88468A281DC344D800ACC60D /* hWebViewController.swift in Sources */ = {isa = PBXBuildFile; fileRef = 88468A221DC344D800ACC60D /* hWebViewController.swift */; };
		88468A291DC344D800ACC60D /* PatternStudyController.swift in Sources */ = {isa = PBXBuildFile; fileRef = 88468A231DC344D800ACC60D /* PatternStudyController.swift */; };
		88468A2A1DC344D800ACC60D /* SessionController.swift in Sources */ = {isa = PBXBuildFile; fileRef = 88468A241DC344D800ACC60D /* SessionController.swift */; };
		88468A2C1DC3451F00ACC60D /* PurchaseController.swift in Sources */ = {isa = PBXBuildFile; fileRef = 88468A2B1DC3451F00ACC60D /* PurchaseController.swift */; };
		884B0E861D939B13009748FF /* AVFoundation.framework in Frameworks */ = {isa = PBXBuildFile; fileRef = 884B0E841D939B13009748FF /* AVFoundation.framework */; };
		884B0E871D939B13009748FF /* AVKit.framework in Frameworks */ = {isa = PBXBuildFile; fileRef = 884B0E851D939B13009748FF /* AVKit.framework */; };
		884B0E891D939B1D009748FF /* CoreGraphics.framework in Frameworks */ = {isa = PBXBuildFile; fileRef = 884B0E881D939B1D009748FF /* CoreGraphics.framework */; };
		884B0E8B1D939B34009748FF /* QuartzCore.framework in Frameworks */ = {isa = PBXBuildFile; fileRef = 884B0E8A1D939B34009748FF /* QuartzCore.framework */; };
		884B0E8D1D93A0BB009748FF /* ImageDownloadService.swift in Sources */ = {isa = PBXBuildFile; fileRef = 884B0E8C1D93A0BB009748FF /* ImageDownloadService.swift */; };
		8853766C1DB65C5D0076D1BF /* WordData.swift in Sources */ = {isa = PBXBuildFile; fileRef = 8853766B1DB65C5D0076D1BF /* WordData.swift */; };
		886085291D97D393009A9B3C /* BasicStudy.swift in Sources */ = {isa = PBXBuildFile; fileRef = 886085281D97D393009A9B3C /* BasicStudy.swift */; };
		8860852E1D97D435009A9B3C /* Global.swift in Sources */ = {isa = PBXBuildFile; fileRef = 8860852D1D97D435009A9B3C /* Global.swift */; };
		886085301D97D74B009A9B3C /* SubtitleService.swift in Sources */ = {isa = PBXBuildFile; fileRef = 8860852F1D97D74B009A9B3C /* SubtitleService.swift */; };
		886085321D97DAD8009A9B3C /* PatternStudy.swift in Sources */ = {isa = PBXBuildFile; fileRef = 886085311D97DAD8009A9B3C /* PatternStudy.swift */; };
		8865F0731DA115410025D0B9 /* CoreDataService.swift in Sources */ = {isa = PBXBuildFile; fileRef = 8865F0721DA115410025D0B9 /* CoreDataService.swift */; };
		886EF1741D9C2B58009DA8E8 /* NaverAuth.bundle in Resources */ = {isa = PBXBuildFile; fileRef = 886EF16D1D9C2B58009DA8E8 /* NaverAuth.bundle */; };
		887741531DAE29E700198666 /* MessageUI.framework in Frameworks */ = {isa = PBXBuildFile; fileRef = 887741521DAE29E700198666 /* MessageUI.framework */; };
		8877415A1DAF8D1F00198666 /* User.swift in Sources */ = {isa = PBXBuildFile; fileRef = 887741591DAF8D1F00198666 /* User.swift */; };
		887741661DB0738C00198666 /* LaunchScreen.storyboard in Resources */ = {isa = PBXBuildFile; fileRef = 8877415C1DB0738C00198666 /* LaunchScreen.storyboard */; };
		887741671DB0738C00198666 /* Main.storyboard in Resources */ = {isa = PBXBuildFile; fileRef = 8877415D1DB0738C00198666 /* Main.storyboard */; };
		887741681DB0738C00198666 /* MyInfo.storyboard in Resources */ = {isa = PBXBuildFile; fileRef = 8877415E1DB0738C00198666 /* MyInfo.storyboard */; };
		8877416A1DB0738C00198666 /* PatternStudy.storyboard in Resources */ = {isa = PBXBuildFile; fileRef = 887741601DB0738C00198666 /* PatternStudy.storyboard */; };
		8877416C1DB0738C00198666 /* Sessions.storyboard in Resources */ = {isa = PBXBuildFile; fileRef = 887741621DB0738C00198666 /* Sessions.storyboard */; };
		8877416D1DB0738C00198666 /* Settings.storyboard in Resources */ = {isa = PBXBuildFile; fileRef = 887741631DB0738C00198666 /* Settings.storyboard */; };
		8877416E1DB0738C00198666 /* WebView.storyboard in Resources */ = {isa = PBXBuildFile; fileRef = 887741641DB0738C00198666 /* WebView.storyboard */; };
		8877416F1DB0738C00198666 /* WorkBook.storyboard in Resources */ = {isa = PBXBuildFile; fileRef = 887741651DB0738C00198666 /* WorkBook.storyboard */; };
		887933611DB861F3001CB925 /* TubeUserInfo.swift in Sources */ = {isa = PBXBuildFile; fileRef = 887933601DB861F3001CB925 /* TubeUserInfo.swift */; };
		887933731DB8A56A001CB925 /* PATTERN+CoreDataClass.swift in Sources */ = {isa = PBXBuildFile; fileRef = 887933711DB8A56A001CB925 /* PATTERN+CoreDataClass.swift */; };
		887933741DB8A56A001CB925 /* PATTERN+CoreDataProperties.swift in Sources */ = {isa = PBXBuildFile; fileRef = 887933721DB8A56A001CB925 /* PATTERN+CoreDataProperties.swift */; };
		887933771DB8A670001CB925 /* hPig.xcdatamodeld in Sources */ = {isa = PBXBuildFile; fileRef = 887933751DB8A670001CB925 /* hPig.xcdatamodeld */; };
		8879337D1DB8B315001CB925 /* NotificationCenter.framework in Frameworks */ = {isa = PBXBuildFile; fileRef = 8879337A1DB8B315001CB925 /* NotificationCenter.framework */; };
		8879337E1DB8B315001CB925 /* UserNotifications.framework in Frameworks */ = {isa = PBXBuildFile; fileRef = 8879337B1DB8B315001CB925 /* UserNotifications.framework */; };
		8879337F1DB8B315001CB925 /* UserNotificationsUI.framework in Frameworks */ = {isa = PBXBuildFile; fileRef = 8879337C1DB8B315001CB925 /* UserNotificationsUI.framework */; };
		8880D7C41DC8638E00398D9A /* hProduct.swift in Sources */ = {isa = PBXBuildFile; fileRef = 8880D7C31DC8638E00398D9A /* hProduct.swift */; };
		889BCF401DD45E830023031C /* UIAlertControllerOps.swift in Sources */ = {isa = PBXBuildFile; fileRef = 889BCF3F1DD45E830023031C /* UIAlertControllerOps.swift */; };
		88B4BAC21DC1B91000AFFE3A /* UIScrollViewOps.swift in Sources */ = {isa = PBXBuildFile; fileRef = 88B4BAC11DC1B91000AFFE3A /* UIScrollViewOps.swift */; };
		88B4BAC41DC1F62F00AFFE3A /* StoreKit.framework in Frameworks */ = {isa = PBXBuildFile; fileRef = 88B4BAC31DC1F62F00AFFE3A /* StoreKit.framework */; };
		88BE97D91D9D0C37002903E3 /* AuthenticateService.swift in Sources */ = {isa = PBXBuildFile; fileRef = 88BE97D81D9D0C37002903E3 /* AuthenticateService.swift */; };
		88C6EA7C1DD039DF0087FE9C /* SubtitleCell.swift in Sources */ = {isa = PBXBuildFile; fileRef = 88C6EA501DD039DF0087FE9C /* SubtitleCell.swift */; };
		88C6EA7D1DD039DF0087FE9C /* ChannelInfoCell.swift in Sources */ = {isa = PBXBuildFile; fileRef = 88C6EA521DD039DF0087FE9C /* ChannelInfoCell.swift */; };
		88C6EA7E1DD039DF0087FE9C /* ChannelSessionCell.swift in Sources */ = {isa = PBXBuildFile; fileRef = 88C6EA531DD039DF0087FE9C /* ChannelSessionCell.swift */; };
		88C6EA7F1DD039DF0087FE9C /* hTableViewCell.swift in Sources */ = {isa = PBXBuildFile; fileRef = 88C6EA541DD039DF0087FE9C /* hTableViewCell.swift */; };
		88C6EA801DD039DF0087FE9C /* StudyHistoryCell.swift in Sources */ = {isa = PBXBuildFile; fileRef = 88C6EA561DD039DF0087FE9C /* StudyHistoryCell.swift */; };
		88C6EA811DD039DF0087FE9C /* MyInfoHeaderCell.swift in Sources */ = {isa = PBXBuildFile; fileRef = 88C6EA571DD039DF0087FE9C /* MyInfoHeaderCell.swift */; };
		88C6EA821DD039DF0087FE9C /* PaymentCell.swift in Sources */ = {isa = PBXBuildFile; fileRef = 88C6EA591DD039DF0087FE9C /* PaymentCell.swift */; };
		88C6EA831DD039DF0087FE9C /* RelatedSessionCell.swift in Sources */ = {isa = PBXBuildFile; fileRef = 88C6EA5B1DD039DF0087FE9C /* RelatedSessionCell.swift */; };
		88C6EA841DD039DF0087FE9C /* BannerCell.swift in Sources */ = {isa = PBXBuildFile; fileRef = 88C6EA5D1DD039DF0087FE9C /* BannerCell.swift */; };
		88C6EA851DD039DF0087FE9C /* SessionCell.swift in Sources */ = {isa = PBXBuildFile; fileRef = 88C6EA5E1DD039DF0087FE9C /* SessionCell.swift */; };
		88C6EA861DD039DF0087FE9C /* SessionFeedCell.swift in Sources */ = {isa = PBXBuildFile; fileRef = 88C6EA5F1DD039DF0087FE9C /* SessionFeedCell.swift */; };
		88C6EA871DD039DF0087FE9C /* PatternCell.swift in Sources */ = {isa = PBXBuildFile; fileRef = 88C6EA611DD039DF0087FE9C /* PatternCell.swift */; };
		88C6EA881DD039DF0087FE9C /* WordCell.swift in Sources */ = {isa = PBXBuildFile; fileRef = 88C6EA621DD039DF0087FE9C /* WordCell.swift */; };
		88C6EA891DD039DF0087FE9C /* hYTPlayerView.swift in Sources */ = {isa = PBXBuildFile; fileRef = 88C6EA641DD039DF0087FE9C /* hYTPlayerView.swift */; };
		88C6EA8A1DD039DF0087FE9C /* YTPlayerView-iframe-player.html in Resources */ = {isa = PBXBuildFile; fileRef = 88C6EA651DD039DF0087FE9C /* YTPlayerView-iframe-player.html */; };
		88C6EA8B1DD039DF0087FE9C /* YTPlayerView.m in Sources */ = {isa = PBXBuildFile; fileRef = 88C6EA671DD039DF0087FE9C /* YTPlayerView.m */; };
		88C6EA8C1DD039DF0087FE9C /* ChannelButton.swift in Sources */ = {isa = PBXBuildFile; fileRef = 88C6EA691DD039DF0087FE9C /* ChannelButton.swift */; };
		88C6EA8D1DD039DF0087FE9C /* eng_dic_view.xib in Resources */ = {isa = PBXBuildFile; fileRef = 88C6EA6B1DD039DF0087FE9C /* eng_dic_view.xib */; };
		88C6EA8E1DD039DF0087FE9C /* eng_dic_view_cell.xib in Resources */ = {isa = PBXBuildFile; fileRef = 88C6EA6C1DD039DF0087FE9C /* eng_dic_view_cell.xib */; };
		88C6EA8F1DD039DF0087FE9C /* hEnglishDictionaryView.swift in Sources */ = {isa = PBXBuildFile; fileRef = 88C6EA6D1DD039DF0087FE9C /* hEnglishDictionaryView.swift */; };
		88C6EA901DD039DF0087FE9C /* hInteractedLabel.swift in Sources */ = {isa = PBXBuildFile; fileRef = 88C6EA6E1DD039DF0087FE9C /* hInteractedLabel.swift */; };
		88C6EA911DD039DF0087FE9C /* PatternImageButton.swift in Sources */ = {isa = PBXBuildFile; fileRef = 88C6EA6F1DD039DF0087FE9C /* PatternImageButton.swift */; };
		88C6EA921DD039DF0087FE9C /* pattern_view.xib in Resources */ = {isa = PBXBuildFile; fileRef = 88C6EA711DD039DF0087FE9C /* pattern_view.xib */; };
		88C6EA931DD039DF0087FE9C /* PatternView.swift in Sources */ = {isa = PBXBuildFile; fileRef = 88C6EA721DD039DF0087FE9C /* PatternView.swift */; };
		88C6EA941DD039DF0087FE9C /* hPickerView.swift in Sources */ = {isa = PBXBuildFile; fileRef = 88C6EA741DD039DF0087FE9C /* hPickerView.swift */; };
		88C6EA951DD039DF0087FE9C /* picker_action_view.xib in Resources */ = {isa = PBXBuildFile; fileRef = 88C6EA751DD039DF0087FE9C /* picker_action_view.xib */; };
		88C6EA961DD039DF0087FE9C /* hPlayerView.swift in Sources */ = {isa = PBXBuildFile; fileRef = 88C6EA771DD039DF0087FE9C /* hPlayerView.swift */; };
		88C6EA971DD039DF0087FE9C /* st_player_view.xib in Resources */ = {isa = PBXBuildFile; fileRef = 88C6EA781DD039DF0087FE9C /* st_player_view.xib */; };
		88C6EA981DD039DF0087FE9C /* hSessionControlView.swift in Sources */ = {isa = PBXBuildFile; fileRef = 88C6EA7A1DD039DF0087FE9C /* hSessionControlView.swift */; };
		88C6EA991DD039DF0087FE9C /* session_nav_view.xib in Resources */ = {isa = PBXBuildFile; fileRef = 88C6EA7B1DD039DF0087FE9C /* session_nav_view.xib */; };
		88C6EA9C1DD03ABB0087FE9C /* sentence_layer.xib in Resources */ = {isa = PBXBuildFile; fileRef = 88C6EA9B1DD03ABB0087FE9C /* sentence_layer.xib */; };
		88C6EA9E1DD03AD70087FE9C /* SentenceLayer.swift in Sources */ = {isa = PBXBuildFile; fileRef = 88C6EA9D1DD03AD70087FE9C /* SentenceLayer.swift */; };
		88CD3BA41DC79CB700BC3B78 /* WORD+CoreDataClass.swift in Sources */ = {isa = PBXBuildFile; fileRef = 88CD3BA21DC79CB700BC3B78 /* WORD+CoreDataClass.swift */; };
		88CD3BA51DC79CB700BC3B78 /* WORD+CoreDataProperties.swift in Sources */ = {isa = PBXBuildFile; fileRef = 88CD3BA31DC79CB700BC3B78 /* WORD+CoreDataProperties.swift */; };
		88CD3BA81DC8C78C00BC3B78 /* Alamofire.framework in Frameworks */ = {isa = PBXBuildFile; fileRef = 88CD3BA61DC8C78C00BC3B78 /* Alamofire.framework */; };
		88CD3BA91DC8C78C00BC3B78 /* AlamofireImage.framework in Frameworks */ = {isa = PBXBuildFile; fileRef = 88CD3BA71DC8C78C00BC3B78 /* AlamofireImage.framework */; };
		88CD3BAD1DC8C79500BC3B78 /* Charts.framework in Frameworks */ = {isa = PBXBuildFile; fileRef = 88CD3BAA1DC8C79500BC3B78 /* Charts.framework */; };
		88CD3BAE1DC8C79500BC3B78 /* SWXMLHash.framework in Frameworks */ = {isa = PBXBuildFile; fileRef = 88CD3BAB1DC8C79500BC3B78 /* SWXMLHash.framework */; };
		88CD3BAF1DC8C79500BC3B78 /* Toast_Swift.framework in Frameworks */ = {isa = PBXBuildFile; fileRef = 88CD3BAC1DC8C79500BC3B78 /* Toast_Swift.framework */; };
		88CDB9ED1D92BDA30058ECFE /* AppDelegate.swift in Sources */ = {isa = PBXBuildFile; fileRef = 88CDB9EC1D92BDA30058ECFE /* AppDelegate.swift */; };
		88CDB9F71D92BDA30058ECFE /* Assets.xcassets in Resources */ = {isa = PBXBuildFile; fileRef = 88CDB9F61D92BDA30058ECFE /* Assets.xcassets */; };
		88CDBA051D92BDA40058ECFE /* hPigTests.swift in Sources */ = {isa = PBXBuildFile; fileRef = 88CDBA041D92BDA40058ECFE /* hPigTests.swift */; };
		88CDBA191D92CB350058ECFE /* WorkBookController.swift in Sources */ = {isa = PBXBuildFile; fileRef = 88CDBA181D92CB350058ECFE /* WorkBookController.swift */; };
		88CDBA1A1D92CB350058ECFE /* WorkBookController.swift in Sources */ = {isa = PBXBuildFile; fileRef = 88CDBA181D92CB350058ECFE /* WorkBookController.swift */; };
		88CDBA1C1D92CB4A0058ECFE /* MyInfoController.swift in Sources */ = {isa = PBXBuildFile; fileRef = 88CDBA1B1D92CB4A0058ECFE /* MyInfoController.swift */; };
		88CDBA1D1D92CB4A0058ECFE /* MyInfoController.swift in Sources */ = {isa = PBXBuildFile; fileRef = 88CDBA1B1D92CB4A0058ECFE /* MyInfoController.swift */; };
		88CDBA231D92D1FF0058ECFE /* Model.swift in Sources */ = {isa = PBXBuildFile; fileRef = 88CDBA221D92D1FF0058ECFE /* Model.swift */; };
		88CDBA241D92D1FF0058ECFE /* Model.swift in Sources */ = {isa = PBXBuildFile; fileRef = 88CDBA221D92D1FF0058ECFE /* Model.swift */; };
		88CDBA281D92D34F0058ECFE /* Session.swift in Sources */ = {isa = PBXBuildFile; fileRef = 88CDBA271D92D34E0058ECFE /* Session.swift */; };
		88CDBA291D92D34F0058ECFE /* Session.swift in Sources */ = {isa = PBXBuildFile; fileRef = 88CDBA271D92D34E0058ECFE /* Session.swift */; };
		88CDBA2B1D92D6EE0058ECFE /* NetService.swift in Sources */ = {isa = PBXBuildFile; fileRef = 88CDBA2A1D92D6EE0058ECFE /* NetService.swift */; };
		88CDBA2C1D92D6EE0058ECFE /* NetService.swift in Sources */ = {isa = PBXBuildFile; fileRef = 88CDBA2A1D92D6EE0058ECFE /* NetService.swift */; };
		88DEDEEA1DB4BC1200781123 /* TIME_LOG+CoreDataClass.swift in Sources */ = {isa = PBXBuildFile; fileRef = 88DEDEE81DB4BC1200781123 /* TIME_LOG+CoreDataClass.swift */; };
		88DEDEEB1DB4BC1200781123 /* TIME_LOG+CoreDataProperties.swift in Sources */ = {isa = PBXBuildFile; fileRef = 88DEDEE91DB4BC1200781123 /* TIME_LOG+CoreDataProperties.swift */; };
		88DEDEED1DB4CE2F00781123 /* CoreData.framework in Frameworks */ = {isa = PBXBuildFile; fileRef = 88DEDEEC1DB4CE2F00781123 /* CoreData.framework */; };
		88DEDEF41DB5ED7300781123 /* BasicStudy.storyboard in Resources */ = {isa = PBXBuildFile; fileRef = 88DEDEF31DB5ED7300781123 /* BasicStudy.storyboard */; };
		88DEDEF61DB605CC00781123 /* UIViewOps.swift in Sources */ = {isa = PBXBuildFile; fileRef = 88DEDEF51DB605CC00781123 /* UIViewOps.swift */; };
		88DEDEFE1DB7637B00781123 /* ChannelMain.storyboard in Resources */ = {isa = PBXBuildFile; fileRef = 88DEDEFD1DB7637B00781123 /* ChannelMain.storyboard */; };
		88DEDF001DB7644600781123 /* Channel.swift in Sources */ = {isa = PBXBuildFile; fileRef = 88DEDEFF1DB7644600781123 /* Channel.swift */; };
		88DEDF091DB7794300781123 /* SessionMain.storyboard in Resources */ = {isa = PBXBuildFile; fileRef = 88DEDF081DB7794300781123 /* SessionMain.storyboard */; };
/* End PBXBuildFile section */

/* Begin PBXContainerItemProxy section */
		88CDBA011D92BDA40058ECFE /* PBXContainerItemProxy */ = {
			isa = PBXContainerItemProxy;
			containerPortal = 88CDB9E11D92BDA30058ECFE /* Project object */;
			proxyType = 1;
			remoteGlobalIDString = 88CDB9E81D92BDA30058ECFE;
			remoteInfo = hPig;
		};
/* End PBXContainerItemProxy section */

/* Begin PBXFileReference section */
		3F7DD837132F1D454EE2BA5F /* Pods-hPig.release.xcconfig */ = {isa = PBXFileReference; includeInIndex = 1; lastKnownFileType = text.xcconfig; name = "Pods-hPig.release.xcconfig"; path = "Pods/Target Support Files/Pods-hPig/Pods-hPig.release.xcconfig"; sourceTree = "<group>"; };
		88064FF11DD2FE0800084C6A /* sessionFilterHeader.xib */ = {isa = PBXFileReference; fileEncoding = 4; lastKnownFileType = file.xib; path = sessionFilterHeader.xib; sourceTree = "<group>"; };
		880FC9BF1DE7356600BDF70C /* tab_bar.xib */ = {isa = PBXFileReference; fileEncoding = 4; lastKnownFileType = file.xib; name = tab_bar.xib; path = tabBar/tab_bar.xib; sourceTree = "<group>"; };
		881076C21DBC76460038C21C /* SettingsController.swift */ = {isa = PBXFileReference; fileEncoding = 4; lastKnownFileType = sourcecode.swift; path = SettingsController.swift; sourceTree = "<group>"; };
		881076C41DBC76500038C21C /* SessionsController.swift */ = {isa = PBXFileReference; fileEncoding = 4; lastKnownFileType = sourcecode.swift; path = SessionsController.swift; sourceTree = "<group>"; };
		881076C61DBC76E40038C21C /* DataDeleteController.swift */ = {isa = PBXFileReference; fileEncoding = 4; lastKnownFileType = sourcecode.swift; path = DataDeleteController.swift; sourceTree = "<group>"; };
		881235BD1DC7466C002EC49A /* hTabBarController.swift */ = {isa = PBXFileReference; fileEncoding = 4; lastKnownFileType = sourcecode.swift; path = hTabBarController.swift; sourceTree = "<group>"; };
		881A76E91DB4633A00CF6409 /* youtube_ios_player_helper.framework */ = {isa = PBXFileReference; lastKnownFileType = wrapper.framework; name = youtube_ios_player_helper.framework; path = "Pods/../build/Debug-iphoneos/youtube-ios-player-helper/youtube_ios_player_helper.framework"; sourceTree = "<group>"; };
		881A76EB1DB464FC00CF6409 /* YouTubePlayer.framework */ = {isa = PBXFileReference; lastKnownFileType = wrapper.framework; name = YouTubePlayer.framework; path = "Pods/../build/Debug-iphoneos/YouTubePlayer/YouTubePlayer.framework"; sourceTree = "<group>"; };
		881A76EF1DB465C100CF6409 /* youtube_ios_player_helper.framework */ = {isa = PBXFileReference; lastKnownFileType = wrapper.framework; name = youtube_ios_player_helper.framework; path = "../../../Library/Developer/Xcode/DerivedData/hPig-byqselxxffzlqhcolurdyikdjjha/Build/Products/Debug-iphonesimulator/youtube-ios-player-helper/youtube_ios_player_helper.framework"; sourceTree = "<group>"; };
		881ED0031D93AB6400D612EF /* Category.swift */ = {isa = PBXFileReference; fileEncoding = 4; lastKnownFileType = sourcecode.swift; path = Category.swift; sourceTree = "<group>"; };
		881ED0051D93AC0100D612EF /* CategoryService.swift */ = {isa = PBXFileReference; fileEncoding = 4; lastKnownFileType = sourcecode.swift; path = CategoryService.swift; sourceTree = "<group>"; };
		881ED0071D93AEA200D612EF /* LayoutService.swift */ = {isa = PBXFileReference; fileEncoding = 4; lastKnownFileType = sourcecode.swift; path = LayoutService.swift; sourceTree = "<group>"; };
		881ED0171D93B2B300D612EF /* YoutubeService.swift */ = {isa = PBXFileReference; fileEncoding = 4; lastKnownFileType = sourcecode.swift; path = YoutubeService.swift; sourceTree = "<group>"; };
		881ED0191D93B31700D612EF /* YoutubeVideo.swift */ = {isa = PBXFileReference; fileEncoding = 4; lastKnownFileType = sourcecode.swift; path = YoutubeVideo.swift; sourceTree = "<group>"; };
		881ED01B1D93B5B700D612EF /* TimeFormatServide.swift */ = {isa = PBXFileReference; fileEncoding = 4; lastKnownFileType = sourcecode.swift; path = TimeFormatServide.swift; sourceTree = "<group>"; };
		881ED01D1D93B92100D612EF /* ArrayOps.swift */ = {isa = PBXFileReference; fileEncoding = 4; lastKnownFileType = sourcecode.swift; path = ArrayOps.swift; sourceTree = "<group>"; };
		881ED0241D93D07400D612EF /* OptionOps.swift */ = {isa = PBXFileReference; fileEncoding = 4; lastKnownFileType = sourcecode.swift; path = OptionOps.swift; sourceTree = "<group>"; };
		8829124D1DAFD32700E5B6E4 /* AlertService.swift */ = {isa = PBXFileReference; fileEncoding = 4; lastKnownFileType = sourcecode.swift; path = AlertService.swift; sourceTree = "<group>"; };
		882912501DAFD85C00E5B6E4 /* AlamofireImage.framework */ = {isa = PBXFileReference; lastKnownFileType = wrapper.framework; name = AlamofireImage.framework; path = "../../../../Library/Developer/Xcode/DerivedData/hPig-cgamwanqckhvsufhcxkvajblacum/Build/Products/Debug-iphonesimulator/AlamofireImage/AlamofireImage.framework"; sourceTree = "<group>"; };
		882CD2E91DC8607600BB611A /* PurchaseService.swift */ = {isa = PBXFileReference; fileEncoding = 4; lastKnownFileType = sourcecode.swift; path = PurchaseService.swift; sourceTree = "<group>"; };
		88377CB51DDE8E5800ABADC9 /* StringOps.swift */ = {isa = PBXFileReference; fileEncoding = 4; lastKnownFileType = sourcecode.swift; path = StringOps.swift; sourceTree = "<group>"; };
		88377CB81DE2D81000ABADC9 /* Info.plist */ = {isa = PBXFileReference; fileEncoding = 4; lastKnownFileType = text.plist.xml; path = Info.plist; sourceTree = "<group>"; };
		88377CB91DE2D81000ABADC9 /* iRate.bundle */ = {isa = PBXFileReference; lastKnownFileType = "wrapper.plug-in"; path = iRate.bundle; sourceTree = "<group>"; };
		88377CBA1DE2D81000ABADC9 /* iRate.h */ = {isa = PBXFileReference; fileEncoding = 4; lastKnownFileType = sourcecode.c.h; path = iRate.h; sourceTree = "<group>"; };
		88377CBB1DE2D81000ABADC9 /* iRate.m */ = {isa = PBXFileReference; fileEncoding = 4; lastKnownFileType = sourcecode.c.objc; path = iRate.m; sourceTree = "<group>"; };
		88377CBD1DE2D81000ABADC9 /* libNaverLogin.a */ = {isa = PBXFileReference; lastKnownFileType = archive.ar; path = libNaverLogin.a; sourceTree = "<group>"; };
		88377CBE1DE2D81000ABADC9 /* NaverThirdPartyConstantsForApp.h */ = {isa = PBXFileReference; fileEncoding = 4; lastKnownFileType = sourcecode.c.h; path = NaverThirdPartyConstantsForApp.h; sourceTree = "<group>"; };
		88377CBF1DE2D81000ABADC9 /* NaverThirdPartyLoginConnection.h */ = {isa = PBXFileReference; fileEncoding = 4; lastKnownFileType = sourcecode.c.h; path = NaverThirdPartyLoginConnection.h; sourceTree = "<group>"; };
		88377CC01DE2D81000ABADC9 /* NLoginThirdPartyOAuth20InAppBrowserViewController.h */ = {isa = PBXFileReference; fileEncoding = 4; lastKnownFileType = sourcecode.c.h; path = NLoginThirdPartyOAuth20InAppBrowserViewController.h; sourceTree = "<group>"; };
		88377CC11DE2D81000ABADC9 /* NLoginThirdPartyOAuth20InAppBrowserViewController.m */ = {isa = PBXFileReference; fileEncoding = 4; lastKnownFileType = sourcecode.c.objc; path = NLoginThirdPartyOAuth20InAppBrowserViewController.m; sourceTree = "<group>"; };
		8844D0981DE2E37A009E84AE /* rate_view.xib */ = {isa = PBXFileReference; fileEncoding = 4; lastKnownFileType = file.xib; name = rate_view.xib; path = rateView/rate_view.xib; sourceTree = "<group>"; };
		8844D09F1DE8043C009E84AE /* iAd.framework */ = {isa = PBXFileReference; lastKnownFileType = wrapper.framework; name = iAd.framework; path = System/Library/Frameworks/iAd.framework; sourceTree = SDKROOT; };
		884523071DBF44CF00802510 /* HISTORY+CoreDataClass.swift */ = {isa = PBXFileReference; fileEncoding = 4; lastKnownFileType = sourcecode.swift; path = "HISTORY+CoreDataClass.swift"; sourceTree = "<group>"; };
		884523081DBF44CF00802510 /* HISTORY+CoreDataProperties.swift */ = {isa = PBXFileReference; fileEncoding = 4; lastKnownFileType = sourcecode.swift; path = "HISTORY+CoreDataProperties.swift"; sourceTree = "<group>"; };
		8845230D1DBF55BD00802510 /* SessionFeed.storyboard */ = {isa = PBXFileReference; fileEncoding = 4; lastKnownFileType = file.storyboard; path = SessionFeed.storyboard; sourceTree = "<group>"; };
		8845230F1DBF561B00802510 /* SessionFeedController.swift */ = {isa = PBXFileReference; fileEncoding = 4; lastKnownFileType = sourcecode.swift; path = SessionFeedController.swift; sourceTree = "<group>"; };
		88468A1C1DC343C100ACC60D /* Purchase.storyboard */ = {isa = PBXFileReference; fileEncoding = 4; lastKnownFileType = file.storyboard; path = Purchase.storyboard; sourceTree = "<group>"; };
		88468A1F1DC344D800ACC60D /* BasicStudyController.swift */ = {isa = PBXFileReference; fileEncoding = 4; lastKnownFileType = sourcecode.swift; path = BasicStudyController.swift; sourceTree = "<group>"; };
		88468A201DC344D800ACC60D /* ChannelController.swift */ = {isa = PBXFileReference; fileEncoding = 4; lastKnownFileType = sourcecode.swift; name = ChannelController.swift; path = modal/ChannelController.swift; sourceTree = "<group>"; };
		88468A211DC344D800ACC60D /* hActionPickerController.swift */ = {isa = PBXFileReference; fileEncoding = 4; lastKnownFileType = sourcecode.swift; path = hActionPickerController.swift; sourceTree = "<group>"; };
		88468A221DC344D800ACC60D /* hWebViewController.swift */ = {isa = PBXFileReference; fileEncoding = 4; lastKnownFileType = sourcecode.swift; name = hWebViewController.swift; path = modal/hWebViewController.swift; sourceTree = "<group>"; };
		88468A231DC344D800ACC60D /* PatternStudyController.swift */ = {isa = PBXFileReference; fileEncoding = 4; lastKnownFileType = sourcecode.swift; path = PatternStudyController.swift; sourceTree = "<group>"; };
		88468A241DC344D800ACC60D /* SessionController.swift */ = {isa = PBXFileReference; fileEncoding = 4; lastKnownFileType = sourcecode.swift; name = SessionController.swift; path = modal/SessionController.swift; sourceTree = "<group>"; };
		88468A2B1DC3451F00ACC60D /* PurchaseController.swift */ = {isa = PBXFileReference; fileEncoding = 4; lastKnownFileType = sourcecode.swift; path = PurchaseController.swift; sourceTree = "<group>"; };
		884B0E841D939B13009748FF /* AVFoundation.framework */ = {isa = PBXFileReference; lastKnownFileType = wrapper.framework; name = AVFoundation.framework; path = System/Library/Frameworks/AVFoundation.framework; sourceTree = SDKROOT; };
		884B0E851D939B13009748FF /* AVKit.framework */ = {isa = PBXFileReference; lastKnownFileType = wrapper.framework; name = AVKit.framework; path = System/Library/Frameworks/AVKit.framework; sourceTree = SDKROOT; };
		884B0E881D939B1D009748FF /* CoreGraphics.framework */ = {isa = PBXFileReference; lastKnownFileType = wrapper.framework; name = CoreGraphics.framework; path = System/Library/Frameworks/CoreGraphics.framework; sourceTree = SDKROOT; };
		884B0E8A1D939B34009748FF /* QuartzCore.framework */ = {isa = PBXFileReference; lastKnownFileType = wrapper.framework; name = QuartzCore.framework; path = System/Library/Frameworks/QuartzCore.framework; sourceTree = SDKROOT; };
		884B0E8C1D93A0BB009748FF /* ImageDownloadService.swift */ = {isa = PBXFileReference; fileEncoding = 4; lastKnownFileType = sourcecode.swift; path = ImageDownloadService.swift; sourceTree = "<group>"; };
		8853765E1DB12F060076D1BF /* SWXMLHash.framework */ = {isa = PBXFileReference; lastKnownFileType = wrapper.framework; name = SWXMLHash.framework; path = "../../../../Library/Developer/Xcode/DerivedData/hPig-cgamwanqckhvsufhcxkvajblacum/Build/Products/Debug-iphonesimulator/SWXMLHash/SWXMLHash.framework"; sourceTree = "<group>"; };
		8853765F1DB12F060076D1BF /* Toast_Swift.framework */ = {isa = PBXFileReference; lastKnownFileType = wrapper.framework; name = Toast_Swift.framework; path = "../../../../Library/Developer/Xcode/DerivedData/hPig-cgamwanqckhvsufhcxkvajblacum/Build/Products/Debug-iphonesimulator/Toast-Swift/Toast_Swift.framework"; sourceTree = "<group>"; };
		885376651DB12FBC0076D1BF /* Charts.framework */ = {isa = PBXFileReference; lastKnownFileType = wrapper.framework; name = Charts.framework; path = "Pods/../build/Debug-iphoneos/Charts/Charts.framework"; sourceTree = "<group>"; };
		885376661DB12FBC0076D1BF /* Realm.framework */ = {isa = PBXFileReference; lastKnownFileType = wrapper.framework; name = Realm.framework; path = "Pods/../build/Debug-iphoneos/Realm/Realm.framework"; sourceTree = "<group>"; };
		885376671DB12FBC0076D1BF /* RealmSwift.framework */ = {isa = PBXFileReference; lastKnownFileType = wrapper.framework; name = RealmSwift.framework; path = "Pods/../build/Debug-iphoneos/RealmSwift/RealmSwift.framework"; sourceTree = "<group>"; };
		8853766B1DB65C5D0076D1BF /* WordData.swift */ = {isa = PBXFileReference; fileEncoding = 4; lastKnownFileType = sourcecode.swift; path = WordData.swift; sourceTree = "<group>"; };
		885376731DB67C770076D1BF /* hPig.entitlements */ = {isa = PBXFileReference; lastKnownFileType = text.plist.entitlements; path = hPig.entitlements; sourceTree = "<group>"; };
		886085281D97D393009A9B3C /* BasicStudy.swift */ = {isa = PBXFileReference; fileEncoding = 4; lastKnownFileType = sourcecode.swift; path = BasicStudy.swift; sourceTree = "<group>"; };
		8860852D1D97D435009A9B3C /* Global.swift */ = {isa = PBXFileReference; fileEncoding = 4; lastKnownFileType = sourcecode.swift; name = Global.swift; path = etc/Global.swift; sourceTree = "<group>"; };
		8860852F1D97D74B009A9B3C /* SubtitleService.swift */ = {isa = PBXFileReference; fileEncoding = 4; lastKnownFileType = sourcecode.swift; path = SubtitleService.swift; sourceTree = "<group>"; };
		886085311D97DAD8009A9B3C /* PatternStudy.swift */ = {isa = PBXFileReference; fileEncoding = 4; lastKnownFileType = sourcecode.swift; path = PatternStudy.swift; sourceTree = "<group>"; };
		8865F0721DA115410025D0B9 /* CoreDataService.swift */ = {isa = PBXFileReference; fileEncoding = 4; lastKnownFileType = sourcecode.swift; path = CoreDataService.swift; sourceTree = "<group>"; };
		886EF1691D9C2AC5009DA8E8 /* hPig-Bridging-Header.h */ = {isa = PBXFileReference; lastKnownFileType = sourcecode.c.h; path = "hPig-Bridging-Header.h"; sourceTree = "<group>"; };
		886EF16D1D9C2B58009DA8E8 /* NaverAuth.bundle */ = {isa = PBXFileReference; lastKnownFileType = "wrapper.plug-in"; path = NaverAuth.bundle; sourceTree = "<group>"; };
		887741521DAE29E700198666 /* MessageUI.framework */ = {isa = PBXFileReference; lastKnownFileType = wrapper.framework; name = MessageUI.framework; path = System/Library/Frameworks/MessageUI.framework; sourceTree = SDKROOT; };
		887741591DAF8D1F00198666 /* User.swift */ = {isa = PBXFileReference; fileEncoding = 4; lastKnownFileType = sourcecode.swift; path = User.swift; sourceTree = "<group>"; };
		8877415C1DB0738C00198666 /* LaunchScreen.storyboard */ = {isa = PBXFileReference; fileEncoding = 4; lastKnownFileType = file.storyboard; path = LaunchScreen.storyboard; sourceTree = "<group>"; };
		8877415D1DB0738C00198666 /* Main.storyboard */ = {isa = PBXFileReference; fileEncoding = 4; lastKnownFileType = file.storyboard; path = Main.storyboard; sourceTree = "<group>"; };
		8877415E1DB0738C00198666 /* MyInfo.storyboard */ = {isa = PBXFileReference; fileEncoding = 4; lastKnownFileType = file.storyboard; path = MyInfo.storyboard; sourceTree = "<group>"; };
		887741601DB0738C00198666 /* PatternStudy.storyboard */ = {isa = PBXFileReference; fileEncoding = 4; lastKnownFileType = file.storyboard; path = PatternStudy.storyboard; sourceTree = "<group>"; };
		887741621DB0738C00198666 /* Sessions.storyboard */ = {isa = PBXFileReference; fileEncoding = 4; lastKnownFileType = file.storyboard; path = Sessions.storyboard; sourceTree = "<group>"; };
		887741631DB0738C00198666 /* Settings.storyboard */ = {isa = PBXFileReference; fileEncoding = 4; lastKnownFileType = file.storyboard; path = Settings.storyboard; sourceTree = "<group>"; };
		887741641DB0738C00198666 /* WebView.storyboard */ = {isa = PBXFileReference; fileEncoding = 4; lastKnownFileType = file.storyboard; path = WebView.storyboard; sourceTree = "<group>"; };
		887741651DB0738C00198666 /* WorkBook.storyboard */ = {isa = PBXFileReference; fileEncoding = 4; lastKnownFileType = file.storyboard; path = WorkBook.storyboard; sourceTree = "<group>"; };
		887933601DB861F3001CB925 /* TubeUserInfo.swift */ = {isa = PBXFileReference; fileEncoding = 4; lastKnownFileType = sourcecode.swift; path = TubeUserInfo.swift; sourceTree = "<group>"; };
		887933711DB8A56A001CB925 /* PATTERN+CoreDataClass.swift */ = {isa = PBXFileReference; fileEncoding = 4; lastKnownFileType = sourcecode.swift; path = "PATTERN+CoreDataClass.swift"; sourceTree = "<group>"; };
		887933721DB8A56A001CB925 /* PATTERN+CoreDataProperties.swift */ = {isa = PBXFileReference; fileEncoding = 4; lastKnownFileType = sourcecode.swift; path = "PATTERN+CoreDataProperties.swift"; sourceTree = "<group>"; };
		887933761DB8A670001CB925 /* hPig.xcdatamodel */ = {isa = PBXFileReference; lastKnownFileType = wrapper.xcdatamodel; path = hPig.xcdatamodel; sourceTree = "<group>"; };
		8879337A1DB8B315001CB925 /* NotificationCenter.framework */ = {isa = PBXFileReference; lastKnownFileType = wrapper.framework; name = NotificationCenter.framework; path = System/Library/Frameworks/NotificationCenter.framework; sourceTree = SDKROOT; };
		8879337B1DB8B315001CB925 /* UserNotifications.framework */ = {isa = PBXFileReference; lastKnownFileType = wrapper.framework; name = UserNotifications.framework; path = System/Library/Frameworks/UserNotifications.framework; sourceTree = SDKROOT; };
		8879337C1DB8B315001CB925 /* UserNotificationsUI.framework */ = {isa = PBXFileReference; lastKnownFileType = wrapper.framework; name = UserNotificationsUI.framework; path = System/Library/Frameworks/UserNotificationsUI.framework; sourceTree = SDKROOT; };
		8880D7C31DC8638E00398D9A /* hProduct.swift */ = {isa = PBXFileReference; fileEncoding = 4; lastKnownFileType = sourcecode.swift; path = hProduct.swift; sourceTree = "<group>"; };
		889BCF3F1DD45E830023031C /* UIAlertControllerOps.swift */ = {isa = PBXFileReference; fileEncoding = 4; lastKnownFileType = sourcecode.swift; path = UIAlertControllerOps.swift; sourceTree = "<group>"; };
		88B4BAC11DC1B91000AFFE3A /* UIScrollViewOps.swift */ = {isa = PBXFileReference; fileEncoding = 4; lastKnownFileType = sourcecode.swift; path = UIScrollViewOps.swift; sourceTree = "<group>"; };
		88B4BAC31DC1F62F00AFFE3A /* StoreKit.framework */ = {isa = PBXFileReference; lastKnownFileType = wrapper.framework; name = StoreKit.framework; path = System/Library/Frameworks/StoreKit.framework; sourceTree = SDKROOT; };
		88BE97D81D9D0C37002903E3 /* AuthenticateService.swift */ = {isa = PBXFileReference; fileEncoding = 4; lastKnownFileType = sourcecode.swift; path = AuthenticateService.swift; sourceTree = "<group>"; };
		88C6EA501DD039DF0087FE9C /* SubtitleCell.swift */ = {isa = PBXFileReference; fileEncoding = 4; lastKnownFileType = sourcecode.swift; path = SubtitleCell.swift; sourceTree = "<group>"; };
		88C6EA521DD039DF0087FE9C /* ChannelInfoCell.swift */ = {isa = PBXFileReference; fileEncoding = 4; lastKnownFileType = sourcecode.swift; path = ChannelInfoCell.swift; sourceTree = "<group>"; };
		88C6EA531DD039DF0087FE9C /* ChannelSessionCell.swift */ = {isa = PBXFileReference; fileEncoding = 4; lastKnownFileType = sourcecode.swift; path = ChannelSessionCell.swift; sourceTree = "<group>"; };
		88C6EA541DD039DF0087FE9C /* hTableViewCell.swift */ = {isa = PBXFileReference; fileEncoding = 4; lastKnownFileType = sourcecode.swift; path = hTableViewCell.swift; sourceTree = "<group>"; };
		88C6EA561DD039DF0087FE9C /* StudyHistoryCell.swift */ = {isa = PBXFileReference; fileEncoding = 4; lastKnownFileType = sourcecode.swift; path = StudyHistoryCell.swift; sourceTree = "<group>"; };
		88C6EA571DD039DF0087FE9C /* MyInfoHeaderCell.swift */ = {isa = PBXFileReference; fileEncoding = 4; lastKnownFileType = sourcecode.swift; path = MyInfoHeaderCell.swift; sourceTree = "<group>"; };
		88C6EA591DD039DF0087FE9C /* PaymentCell.swift */ = {isa = PBXFileReference; fileEncoding = 4; lastKnownFileType = sourcecode.swift; path = PaymentCell.swift; sourceTree = "<group>"; };
		88C6EA5B1DD039DF0087FE9C /* RelatedSessionCell.swift */ = {isa = PBXFileReference; fileEncoding = 4; lastKnownFileType = sourcecode.swift; path = RelatedSessionCell.swift; sourceTree = "<group>"; };
		88C6EA5D1DD039DF0087FE9C /* BannerCell.swift */ = {isa = PBXFileReference; fileEncoding = 4; lastKnownFileType = sourcecode.swift; path = BannerCell.swift; sourceTree = "<group>"; };
		88C6EA5E1DD039DF0087FE9C /* SessionCell.swift */ = {isa = PBXFileReference; fileEncoding = 4; lastKnownFileType = sourcecode.swift; path = SessionCell.swift; sourceTree = "<group>"; };
		88C6EA5F1DD039DF0087FE9C /* SessionFeedCell.swift */ = {isa = PBXFileReference; fileEncoding = 4; lastKnownFileType = sourcecode.swift; path = SessionFeedCell.swift; sourceTree = "<group>"; };
		88C6EA611DD039DF0087FE9C /* PatternCell.swift */ = {isa = PBXFileReference; fileEncoding = 4; lastKnownFileType = sourcecode.swift; path = PatternCell.swift; sourceTree = "<group>"; };
		88C6EA621DD039DF0087FE9C /* WordCell.swift */ = {isa = PBXFileReference; fileEncoding = 4; lastKnownFileType = sourcecode.swift; path = WordCell.swift; sourceTree = "<group>"; };
		88C6EA641DD039DF0087FE9C /* hYTPlayerView.swift */ = {isa = PBXFileReference; fileEncoding = 4; lastKnownFileType = sourcecode.swift; path = hYTPlayerView.swift; sourceTree = "<group>"; };
		88C6EA651DD039DF0087FE9C /* YTPlayerView-iframe-player.html */ = {isa = PBXFileReference; fileEncoding = 4; lastKnownFileType = text.html; path = "YTPlayerView-iframe-player.html"; sourceTree = "<group>"; };
		88C6EA661DD039DF0087FE9C /* YTPlayerView.h */ = {isa = PBXFileReference; fileEncoding = 4; lastKnownFileType = sourcecode.c.h; path = YTPlayerView.h; sourceTree = "<group>"; };
		88C6EA671DD039DF0087FE9C /* YTPlayerView.m */ = {isa = PBXFileReference; fileEncoding = 4; lastKnownFileType = sourcecode.c.objc; path = YTPlayerView.m; sourceTree = "<group>"; };
		88C6EA691DD039DF0087FE9C /* ChannelButton.swift */ = {isa = PBXFileReference; fileEncoding = 4; lastKnownFileType = sourcecode.swift; name = ChannelButton.swift; path = views/uiviews/ChannelButton.swift; sourceTree = "<group>"; };
		88C6EA6B1DD039DF0087FE9C /* eng_dic_view.xib */ = {isa = PBXFileReference; fileEncoding = 4; lastKnownFileType = file.xib; path = eng_dic_view.xib; sourceTree = "<group>"; };
		88C6EA6C1DD039DF0087FE9C /* eng_dic_view_cell.xib */ = {isa = PBXFileReference; fileEncoding = 4; lastKnownFileType = file.xib; name = eng_dic_view_cell.xib; path = ../../uiviews/interactedLabel/eng_dic_view_cell.xib; sourceTree = "<group>"; };
		88C6EA6D1DD039DF0087FE9C /* hEnglishDictionaryView.swift */ = {isa = PBXFileReference; fileEncoding = 4; lastKnownFileType = sourcecode.swift; path = hEnglishDictionaryView.swift; sourceTree = "<group>"; };
		88C6EA6E1DD039DF0087FE9C /* hInteractedLabel.swift */ = {isa = PBXFileReference; fileEncoding = 4; lastKnownFileType = sourcecode.swift; path = hInteractedLabel.swift; sourceTree = "<group>"; };
		88C6EA6F1DD039DF0087FE9C /* PatternImageButton.swift */ = {isa = PBXFileReference; fileEncoding = 4; lastKnownFileType = sourcecode.swift; name = PatternImageButton.swift; path = views/uiviews/PatternImageButton.swift; sourceTree = "<group>"; };
		88C6EA711DD039DF0087FE9C /* pattern_view.xib */ = {isa = PBXFileReference; fileEncoding = 4; lastKnownFileType = file.xib; path = pattern_view.xib; sourceTree = "<group>"; };
		88C6EA721DD039DF0087FE9C /* PatternView.swift */ = {isa = PBXFileReference; fileEncoding = 4; lastKnownFileType = sourcecode.swift; path = PatternView.swift; sourceTree = "<group>"; };
		88C6EA741DD039DF0087FE9C /* hPickerView.swift */ = {isa = PBXFileReference; fileEncoding = 4; lastKnownFileType = sourcecode.swift; path = hPickerView.swift; sourceTree = "<group>"; };
		88C6EA751DD039DF0087FE9C /* picker_action_view.xib */ = {isa = PBXFileReference; fileEncoding = 4; lastKnownFileType = file.xib; path = picker_action_view.xib; sourceTree = "<group>"; };
		88C6EA771DD039DF0087FE9C /* hPlayerView.swift */ = {isa = PBXFileReference; fileEncoding = 4; lastKnownFileType = sourcecode.swift; path = hPlayerView.swift; sourceTree = "<group>"; };
		88C6EA781DD039DF0087FE9C /* st_player_view.xib */ = {isa = PBXFileReference; fileEncoding = 4; lastKnownFileType = file.xib; path = st_player_view.xib; sourceTree = "<group>"; };
		88C6EA7A1DD039DF0087FE9C /* hSessionControlView.swift */ = {isa = PBXFileReference; fileEncoding = 4; lastKnownFileType = sourcecode.swift; path = hSessionControlView.swift; sourceTree = "<group>"; };
		88C6EA7B1DD039DF0087FE9C /* session_nav_view.xib */ = {isa = PBXFileReference; fileEncoding = 4; lastKnownFileType = file.xib; path = session_nav_view.xib; sourceTree = "<group>"; };
		88C6EA9B1DD03ABB0087FE9C /* sentence_layer.xib */ = {isa = PBXFileReference; fileEncoding = 4; lastKnownFileType = file.xib; name = sentence_layer.xib; path = sentenceLayer/sentence_layer.xib; sourceTree = "<group>"; };
		88C6EA9D1DD03AD70087FE9C /* SentenceLayer.swift */ = {isa = PBXFileReference; fileEncoding = 4; lastKnownFileType = sourcecode.swift; name = SentenceLayer.swift; path = sentenceLayer/SentenceLayer.swift; sourceTree = "<group>"; };
		88CD3BA21DC79CB700BC3B78 /* WORD+CoreDataClass.swift */ = {isa = PBXFileReference; fileEncoding = 4; lastKnownFileType = sourcecode.swift; path = "WORD+CoreDataClass.swift"; sourceTree = "<group>"; };
		88CD3BA31DC79CB700BC3B78 /* WORD+CoreDataProperties.swift */ = {isa = PBXFileReference; fileEncoding = 4; lastKnownFileType = sourcecode.swift; path = "WORD+CoreDataProperties.swift"; sourceTree = "<group>"; };
		88CD3BA61DC8C78C00BC3B78 /* Alamofire.framework */ = {isa = PBXFileReference; lastKnownFileType = wrapper.framework; name = Alamofire.framework; path = "DerivedData/hPig/Build/Products/Debug-iphonesimulator/Alamofire/Alamofire.framework"; sourceTree = "<group>"; };
		88CD3BA71DC8C78C00BC3B78 /* AlamofireImage.framework */ = {isa = PBXFileReference; lastKnownFileType = wrapper.framework; name = AlamofireImage.framework; path = "DerivedData/hPig/Build/Products/Debug-iphonesimulator/AlamofireImage/AlamofireImage.framework"; sourceTree = "<group>"; };
		88CD3BAA1DC8C79500BC3B78 /* Charts.framework */ = {isa = PBXFileReference; lastKnownFileType = wrapper.framework; name = Charts.framework; path = "DerivedData/hPig/Build/Products/Debug-iphonesimulator/Charts/Charts.framework"; sourceTree = "<group>"; };
		88CD3BAB1DC8C79500BC3B78 /* SWXMLHash.framework */ = {isa = PBXFileReference; lastKnownFileType = wrapper.framework; name = SWXMLHash.framework; path = "DerivedData/hPig/Build/Products/Debug-iphonesimulator/SWXMLHash/SWXMLHash.framework"; sourceTree = "<group>"; };
		88CD3BAC1DC8C79500BC3B78 /* Toast_Swift.framework */ = {isa = PBXFileReference; lastKnownFileType = wrapper.framework; name = Toast_Swift.framework; path = "DerivedData/hPig/Build/Products/Debug-iphonesimulator/Toast-Swift/Toast_Swift.framework"; sourceTree = "<group>"; };
		88CDB9E91D92BDA30058ECFE /* hPig.app */ = {isa = PBXFileReference; explicitFileType = wrapper.application; includeInIndex = 0; path = hPig.app; sourceTree = BUILT_PRODUCTS_DIR; };
		88CDB9EC1D92BDA30058ECFE /* AppDelegate.swift */ = {isa = PBXFileReference; lastKnownFileType = sourcecode.swift; path = AppDelegate.swift; sourceTree = "<group>"; };
		88CDB9F61D92BDA30058ECFE /* Assets.xcassets */ = {isa = PBXFileReference; lastKnownFileType = folder.assetcatalog; path = Assets.xcassets; sourceTree = "<group>"; };
		88CDB9FB1D92BDA30058ECFE /* Info.plist */ = {isa = PBXFileReference; lastKnownFileType = text.plist.xml; path = Info.plist; sourceTree = "<group>"; };
		88CDBA001D92BDA40058ECFE /* hPigTests.xctest */ = {isa = PBXFileReference; explicitFileType = wrapper.cfbundle; includeInIndex = 0; path = hPigTests.xctest; sourceTree = BUILT_PRODUCTS_DIR; };
		88CDBA041D92BDA40058ECFE /* hPigTests.swift */ = {isa = PBXFileReference; lastKnownFileType = sourcecode.swift; path = hPigTests.swift; sourceTree = "<group>"; };
		88CDBA061D92BDA40058ECFE /* Info.plist */ = {isa = PBXFileReference; lastKnownFileType = text.plist.xml; path = Info.plist; sourceTree = "<group>"; };
		88CDBA181D92CB350058ECFE /* WorkBookController.swift */ = {isa = PBXFileReference; fileEncoding = 4; lastKnownFileType = sourcecode.swift; path = WorkBookController.swift; sourceTree = "<group>"; };
		88CDBA1B1D92CB4A0058ECFE /* MyInfoController.swift */ = {isa = PBXFileReference; fileEncoding = 4; lastKnownFileType = sourcecode.swift; path = MyInfoController.swift; sourceTree = "<group>"; };
		88CDBA221D92D1FF0058ECFE /* Model.swift */ = {isa = PBXFileReference; fileEncoding = 4; lastKnownFileType = sourcecode.swift; name = Model.swift; path = super/Model.swift; sourceTree = "<group>"; };
		88CDBA251D92D2340058ECFE /* Alamofire.framework */ = {isa = PBXFileReference; lastKnownFileType = wrapper.framework; name = Alamofire.framework; path = "../../../../Library/Developer/Xcode/DerivedData/hPig-cgamwanqckhvsufhcxkvajblacum/Build/Products/Debug-iphonesimulator/Alamofire/Alamofire.framework"; sourceTree = "<group>"; };
		88CDBA271D92D34E0058ECFE /* Session.swift */ = {isa = PBXFileReference; fileEncoding = 4; lastKnownFileType = sourcecode.swift; path = Session.swift; sourceTree = "<group>"; };
		88CDBA2A1D92D6EE0058ECFE /* NetService.swift */ = {isa = PBXFileReference; fileEncoding = 4; lastKnownFileType = sourcecode.swift; path = NetService.swift; sourceTree = "<group>"; };
		88DEDEE81DB4BC1200781123 /* TIME_LOG+CoreDataClass.swift */ = {isa = PBXFileReference; fileEncoding = 4; lastKnownFileType = sourcecode.swift; path = "TIME_LOG+CoreDataClass.swift"; sourceTree = "<group>"; };
		88DEDEE91DB4BC1200781123 /* TIME_LOG+CoreDataProperties.swift */ = {isa = PBXFileReference; fileEncoding = 4; lastKnownFileType = sourcecode.swift; path = "TIME_LOG+CoreDataProperties.swift"; sourceTree = "<group>"; };
		88DEDEEC1DB4CE2F00781123 /* CoreData.framework */ = {isa = PBXFileReference; lastKnownFileType = wrapper.framework; name = CoreData.framework; path = System/Library/Frameworks/CoreData.framework; sourceTree = SDKROOT; };
		88DEDEF31DB5ED7300781123 /* BasicStudy.storyboard */ = {isa = PBXFileReference; fileEncoding = 4; lastKnownFileType = file.storyboard; path = BasicStudy.storyboard; sourceTree = "<group>"; };
		88DEDEF51DB605CC00781123 /* UIViewOps.swift */ = {isa = PBXFileReference; fileEncoding = 4; lastKnownFileType = sourcecode.swift; path = UIViewOps.swift; sourceTree = "<group>"; };
		88DEDEFD1DB7637B00781123 /* ChannelMain.storyboard */ = {isa = PBXFileReference; fileEncoding = 4; lastKnownFileType = file.storyboard; path = ChannelMain.storyboard; sourceTree = "<group>"; };
		88DEDEFF1DB7644600781123 /* Channel.swift */ = {isa = PBXFileReference; fileEncoding = 4; lastKnownFileType = sourcecode.swift; path = Channel.swift; sourceTree = "<group>"; };
		88DEDF081DB7794300781123 /* SessionMain.storyboard */ = {isa = PBXFileReference; fileEncoding = 4; lastKnownFileType = file.storyboard; path = SessionMain.storyboard; sourceTree = "<group>"; };
		B9F0C3F95AB86E4B5BCFF5CB /* Pods_hPig.framework */ = {isa = PBXFileReference; explicitFileType = wrapper.framework; includeInIndex = 0; path = Pods_hPig.framework; sourceTree = BUILT_PRODUCTS_DIR; };
		E2A86E940BFA0A45487A0A06 /* Pods-hPig.debug.xcconfig */ = {isa = PBXFileReference; includeInIndex = 1; lastKnownFileType = text.xcconfig; name = "Pods-hPig.debug.xcconfig"; path = "Pods/Target Support Files/Pods-hPig/Pods-hPig.debug.xcconfig"; sourceTree = "<group>"; };
/* End PBXFileReference section */

/* Begin PBXFrameworksBuildPhase section */
		88CDB9E61D92BDA30058ECFE /* Frameworks */ = {
			isa = PBXFrameworksBuildPhase;
			buildActionMask = 2147483647;
			files = (
				88CD3BAD1DC8C79500BC3B78 /* Charts.framework in Frameworks */,
				88CD3BAE1DC8C79500BC3B78 /* SWXMLHash.framework in Frameworks */,
				88CD3BAF1DC8C79500BC3B78 /* Toast_Swift.framework in Frameworks */,
				88377CC51DE2D81000ABADC9 /* libNaverLogin.a in Frameworks */,
				88CD3BA81DC8C78C00BC3B78 /* Alamofire.framework in Frameworks */,
				88CD3BA91DC8C78C00BC3B78 /* AlamofireImage.framework in Frameworks */,
				8879337D1DB8B315001CB925 /* NotificationCenter.framework in Frameworks */,
				8879337E1DB8B315001CB925 /* UserNotifications.framework in Frameworks */,
				8879337F1DB8B315001CB925 /* UserNotificationsUI.framework in Frameworks */,
				88B4BAC41DC1F62F00AFFE3A /* StoreKit.framework in Frameworks */,
				88DEDEED1DB4CE2F00781123 /* CoreData.framework in Frameworks */,
				887741531DAE29E700198666 /* MessageUI.framework in Frameworks */,
				884B0E8B1D939B34009748FF /* QuartzCore.framework in Frameworks */,
				884B0E891D939B1D009748FF /* CoreGraphics.framework in Frameworks */,
				884B0E861D939B13009748FF /* AVFoundation.framework in Frameworks */,
				884B0E871D939B13009748FF /* AVKit.framework in Frameworks */,
				0137AD7D147A3F77BE04BD7E /* Pods_hPig.framework in Frameworks */,
			);
			runOnlyForDeploymentPostprocessing = 0;
		};
		88CDB9FD1D92BDA40058ECFE /* Frameworks */ = {
			isa = PBXFrameworksBuildPhase;
			buildActionMask = 2147483647;
			files = (
			);
			runOnlyForDeploymentPostprocessing = 0;
		};
/* End PBXFrameworksBuildPhase section */

/* Begin PBXGroup section */
		21B261A3D92EB5396488C94B /* Frameworks */ = {
			isa = PBXGroup;
			children = (
				8844D09F1DE8043C009E84AE /* iAd.framework */,
				88CD3BAA1DC8C79500BC3B78 /* Charts.framework */,
				88CD3BAB1DC8C79500BC3B78 /* SWXMLHash.framework */,
				88CD3BAC1DC8C79500BC3B78 /* Toast_Swift.framework */,
				88CD3BA61DC8C78C00BC3B78 /* Alamofire.framework */,
				88CD3BA71DC8C78C00BC3B78 /* AlamofireImage.framework */,
				88B4BAC31DC1F62F00AFFE3A /* StoreKit.framework */,
				8879337A1DB8B315001CB925 /* NotificationCenter.framework */,
				8879337B1DB8B315001CB925 /* UserNotifications.framework */,
				8879337C1DB8B315001CB925 /* UserNotificationsUI.framework */,
				88DEDEEC1DB4CE2F00781123 /* CoreData.framework */,
				881A76EF1DB465C100CF6409 /* youtube_ios_player_helper.framework */,
				881A76EB1DB464FC00CF6409 /* YouTubePlayer.framework */,
				881A76E91DB4633A00CF6409 /* youtube_ios_player_helper.framework */,
				885376651DB12FBC0076D1BF /* Charts.framework */,
				885376661DB12FBC0076D1BF /* Realm.framework */,
				885376671DB12FBC0076D1BF /* RealmSwift.framework */,
				8853765E1DB12F060076D1BF /* SWXMLHash.framework */,
				8853765F1DB12F060076D1BF /* Toast_Swift.framework */,
				882912501DAFD85C00E5B6E4 /* AlamofireImage.framework */,
				887741521DAE29E700198666 /* MessageUI.framework */,
				884B0E8A1D939B34009748FF /* QuartzCore.framework */,
				884B0E881D939B1D009748FF /* CoreGraphics.framework */,
				884B0E841D939B13009748FF /* AVFoundation.framework */,
				884B0E851D939B13009748FF /* AVKit.framework */,
				88CDBA251D92D2340058ECFE /* Alamofire.framework */,
				B9F0C3F95AB86E4B5BCFF5CB /* Pods_hPig.framework */,
			);
			name = Frameworks;
			sourceTree = "<group>";
		};
		880FC9BE1DE7354100BDF70C /* tabBar */ = {
			isa = PBXGroup;
			children = (
				880FC9BF1DE7356600BDF70C /* tab_bar.xib */,
			);
			name = tabBar;
			sourceTree = "<group>";
		};
		881076C11DBC76460038C21C /* settings */ = {
			isa = PBXGroup;
			children = (
				881076C21DBC76460038C21C /* SettingsController.swift */,
				881076C61DBC76E40038C21C /* DataDeleteController.swift */,
			);
			path = settings;
			sourceTree = "<group>";
		};
		88377CB71DE2D81000ABADC9 /* iRate */ = {
			isa = PBXGroup;
			children = (
				88377CB81DE2D81000ABADC9 /* Info.plist */,
				88377CB91DE2D81000ABADC9 /* iRate.bundle */,
				88377CBA1DE2D81000ABADC9 /* iRate.h */,
				88377CBB1DE2D81000ABADC9 /* iRate.m */,
			);
			path = iRate;
			sourceTree = "<group>";
		};
		88377CBC1DE2D81000ABADC9 /* NaverLogin */ = {
			isa = PBXGroup;
			children = (
				88377CBD1DE2D81000ABADC9 /* libNaverLogin.a */,
				88377CBE1DE2D81000ABADC9 /* NaverThirdPartyConstantsForApp.h */,
				88377CBF1DE2D81000ABADC9 /* NaverThirdPartyLoginConnection.h */,
				88377CC01DE2D81000ABADC9 /* NLoginThirdPartyOAuth20InAppBrowserViewController.h */,
				88377CC11DE2D81000ABADC9 /* NLoginThirdPartyOAuth20InAppBrowserViewController.m */,
			);
			path = NaverLogin;
			sourceTree = "<group>";
		};
		8844D0971DE2E35F009E84AE /* rateView */ = {
			isa = PBXGroup;
			children = (
				8844D0981DE2E37A009E84AE /* rate_view.xib */,
			);
			name = rateView;
			sourceTree = "<group>";
		};
		88468A1E1DC344D800ACC60D /* modal */ = {
			isa = PBXGroup;
			children = (
				88468A2B1DC3451F00ACC60D /* PurchaseController.swift */,
				88468A1F1DC344D800ACC60D /* BasicStudyController.swift */,
				88468A211DC344D800ACC60D /* hActionPickerController.swift */,
				88468A231DC344D800ACC60D /* PatternStudyController.swift */,
			);
			path = modal;
			sourceTree = "<group>";
		};
		8860852C1D97D416009A9B3C /* etc */ = {
			isa = PBXGroup;
			children = (
				8860852D1D97D435009A9B3C /* Global.swift */,
			);
			name = etc;
			sourceTree = "<group>";
		};
		886EF16C1D9C2B58009DA8E8 /* Resources */ = {
			isa = PBXGroup;
			children = (
				886EF16D1D9C2B58009DA8E8 /* NaverAuth.bundle */,
			);
			path = Resources;
			sourceTree = "<group>";
		};
		886EF16E1D9C2B58009DA8E8 /* ThirdPartyModule */ = {
			isa = PBXGroup;
			children = (
				88377CB71DE2D81000ABADC9 /* iRate */,
				88377CBC1DE2D81000ABADC9 /* NaverLogin */,
			);
			path = ThirdPartyModule;
			sourceTree = "<group>";
		};
		8877415B1DB0738C00198666 /* storyboards */ = {
			isa = PBXGroup;
			children = (
				8877415C1DB0738C00198666 /* LaunchScreen.storyboard */,
				8877415D1DB0738C00198666 /* Main.storyboard */,
				8845230D1DBF55BD00802510 /* SessionFeed.storyboard */,
				8877415E1DB0738C00198666 /* MyInfo.storyboard */,
				887741601DB0738C00198666 /* PatternStudy.storyboard */,
				887741621DB0738C00198666 /* Sessions.storyboard */,
				88DEDF081DB7794300781123 /* SessionMain.storyboard */,
				88DEDEF31DB5ED7300781123 /* BasicStudy.storyboard */,
				887741631DB0738C00198666 /* Settings.storyboard */,
				887741641DB0738C00198666 /* WebView.storyboard */,
				88468A1C1DC343C100ACC60D /* Purchase.storyboard */,
				887741651DB0738C00198666 /* WorkBook.storyboard */,
				88DEDEFD1DB7637B00781123 /* ChannelMain.storyboard */,
			);
			path = storyboards;
			sourceTree = "<group>";
		};
		887FA9A21DA112BF00821495 /* db */ = {
			isa = PBXGroup;
			children = (
				88CD3BA21DC79CB700BC3B78 /* WORD+CoreDataClass.swift */,
				88CD3BA31DC79CB700BC3B78 /* WORD+CoreDataProperties.swift */,
				884523071DBF44CF00802510 /* HISTORY+CoreDataClass.swift */,
				884523081DBF44CF00802510 /* HISTORY+CoreDataProperties.swift */,
				887933711DB8A56A001CB925 /* PATTERN+CoreDataClass.swift */,
				887933721DB8A56A001CB925 /* PATTERN+CoreDataProperties.swift */,
				88DEDEE81DB4BC1200781123 /* TIME_LOG+CoreDataClass.swift */,
				88DEDEE91DB4BC1200781123 /* TIME_LOG+CoreDataProperties.swift */,
			);
			name = db;
			sourceTree = "<group>";
		};
		88C6EA4D1DD039CE0087FE9C /* views */ = {
			isa = PBXGroup;
			children = (
				88C6EA4E1DD039DF0087FE9C /* cells */,
				88C6EA631DD039DF0087FE9C /* hYTPlayer */,
				88C6EA681DD039DF0087FE9C /* uiviews */,
				88C6EA691DD039DF0087FE9C /* ChannelButton.swift */,
				88C6EA6F1DD039DF0087FE9C /* PatternImageButton.swift */,
			);
			name = views;
			sourceTree = "<group>";
		};
		88C6EA4E1DD039DF0087FE9C /* cells */ = {
			isa = PBXGroup;
			children = (
				88C6EA541DD039DF0087FE9C /* hTableViewCell.swift */,
				88C6EA571DD039DF0087FE9C /* MyInfoHeaderCell.swift */,
				88C6EA4F1DD039DF0087FE9C /* basicStudy */,
				88C6EA511DD039DF0087FE9C /* channel */,
				88C6EA551DD039DF0087FE9C /* myinfo */,
				88C6EA581DD039DF0087FE9C /* purchase */,
				88C6EA5A1DD039DF0087FE9C /* session */,
				88C6EA5C1DD039DF0087FE9C /* sessions */,
				88C6EA601DD039DF0087FE9C /* workBook */,
			);
			name = cells;
			path = views/cells;
			sourceTree = "<group>";
		};
		88C6EA4F1DD039DF0087FE9C /* basicStudy */ = {
			isa = PBXGroup;
			children = (
				88C6EA501DD039DF0087FE9C /* SubtitleCell.swift */,
			);
			path = basicStudy;
			sourceTree = "<group>";
		};
		88C6EA511DD039DF0087FE9C /* channel */ = {
			isa = PBXGroup;
			children = (
				88C6EA521DD039DF0087FE9C /* ChannelInfoCell.swift */,
				88C6EA531DD039DF0087FE9C /* ChannelSessionCell.swift */,
			);
			path = channel;
			sourceTree = "<group>";
		};
		88C6EA551DD039DF0087FE9C /* myinfo */ = {
			isa = PBXGroup;
			children = (
				88C6EA561DD039DF0087FE9C /* StudyHistoryCell.swift */,
			);
			path = myinfo;
			sourceTree = "<group>";
		};
		88C6EA581DD039DF0087FE9C /* purchase */ = {
			isa = PBXGroup;
			children = (
				88C6EA591DD039DF0087FE9C /* PaymentCell.swift */,
			);
			path = purchase;
			sourceTree = "<group>";
		};
		88C6EA5A1DD039DF0087FE9C /* session */ = {
			isa = PBXGroup;
			children = (
				88C6EA5B1DD039DF0087FE9C /* RelatedSessionCell.swift */,
			);
			path = session;
			sourceTree = "<group>";
		};
		88C6EA5C1DD039DF0087FE9C /* sessions */ = {
			isa = PBXGroup;
			children = (
				88C6EA5D1DD039DF0087FE9C /* BannerCell.swift */,
				88C6EA5E1DD039DF0087FE9C /* SessionCell.swift */,
				88C6EA5F1DD039DF0087FE9C /* SessionFeedCell.swift */,
				88064FF11DD2FE0800084C6A /* sessionFilterHeader.xib */,
			);
			path = sessions;
			sourceTree = "<group>";
		};
		88C6EA601DD039DF0087FE9C /* workBook */ = {
			isa = PBXGroup;
			children = (
				88C6EA611DD039DF0087FE9C /* PatternCell.swift */,
				88C6EA621DD039DF0087FE9C /* WordCell.swift */,
				88C6EA6C1DD039DF0087FE9C /* eng_dic_view_cell.xib */,
			);
			path = workBook;
			sourceTree = "<group>";
		};
		88C6EA631DD039DF0087FE9C /* hYTPlayer */ = {
			isa = PBXGroup;
			children = (
				88C6EA641DD039DF0087FE9C /* hYTPlayerView.swift */,
				88C6EA651DD039DF0087FE9C /* YTPlayerView-iframe-player.html */,
				88C6EA661DD039DF0087FE9C /* YTPlayerView.h */,
				88C6EA671DD039DF0087FE9C /* YTPlayerView.m */,
			);
			name = hYTPlayer;
			path = views/hYTPlayer;
			sourceTree = "<group>";
		};
		88C6EA681DD039DF0087FE9C /* uiviews */ = {
			isa = PBXGroup;
			children = (
				880FC9BE1DE7354100BDF70C /* tabBar */,
				8844D0971DE2E35F009E84AE /* rateView */,
				88C6EA9A1DD03A760087FE9C /* sentenceLayer */,
				88C6EA6A1DD039DF0087FE9C /* interactedLabel */,
				88C6EA701DD039DF0087FE9C /* patternView */,
				88C6EA731DD039DF0087FE9C /* pickerActionView */,
				88C6EA761DD039DF0087FE9C /* playerView */,
				88C6EA791DD039DF0087FE9C /* sessionControlView */,
			);
			name = uiviews;
			path = views/uiviews;
			sourceTree = "<group>";
		};
		88C6EA6A1DD039DF0087FE9C /* interactedLabel */ = {
			isa = PBXGroup;
			children = (
				88C6EA6B1DD039DF0087FE9C /* eng_dic_view.xib */,
				88C6EA6D1DD039DF0087FE9C /* hEnglishDictionaryView.swift */,
				88C6EA6E1DD039DF0087FE9C /* hInteractedLabel.swift */,
			);
			path = interactedLabel;
			sourceTree = "<group>";
		};
		88C6EA701DD039DF0087FE9C /* patternView */ = {
			isa = PBXGroup;
			children = (
				88C6EA711DD039DF0087FE9C /* pattern_view.xib */,
				88C6EA721DD039DF0087FE9C /* PatternView.swift */,
			);
			path = patternView;
			sourceTree = "<group>";
		};
		88C6EA731DD039DF0087FE9C /* pickerActionView */ = {
			isa = PBXGroup;
			children = (
				88C6EA741DD039DF0087FE9C /* hPickerView.swift */,
				88C6EA751DD039DF0087FE9C /* picker_action_view.xib */,
			);
			path = pickerActionView;
			sourceTree = "<group>";
		};
		88C6EA761DD039DF0087FE9C /* playerView */ = {
			isa = PBXGroup;
			children = (
				88C6EA771DD039DF0087FE9C /* hPlayerView.swift */,
				88C6EA781DD039DF0087FE9C /* st_player_view.xib */,
			);
			path = playerView;
			sourceTree = "<group>";
		};
		88C6EA791DD039DF0087FE9C /* sessionControlView */ = {
			isa = PBXGroup;
			children = (
				88C6EA7A1DD039DF0087FE9C /* hSessionControlView.swift */,
				88C6EA7B1DD039DF0087FE9C /* session_nav_view.xib */,
			);
			path = sessionControlView;
			sourceTree = "<group>";
		};
		88C6EA9A1DD03A760087FE9C /* sentenceLayer */ = {
			isa = PBXGroup;
			children = (
				88C6EA9B1DD03ABB0087FE9C /* sentence_layer.xib */,
				88C6EA9D1DD03AD70087FE9C /* SentenceLayer.swift */,
			);
			name = sentenceLayer;
			sourceTree = "<group>";
		};
		88CDB9E01D92BDA30058ECFE = {
			isa = PBXGroup;
			children = (
				88CDB9EB1D92BDA30058ECFE /* hPig */,
				88CDBA031D92BDA40058ECFE /* hPigTests */,
				88CDB9EA1D92BDA30058ECFE /* Products */,
				E4108440DBB5266D60FD8E5D /* Pods */,
				21B261A3D92EB5396488C94B /* Frameworks */,
				886EF16C1D9C2B58009DA8E8 /* Resources */,
				886EF16E1D9C2B58009DA8E8 /* ThirdPartyModule */,
				886EF1691D9C2AC5009DA8E8 /* hPig-Bridging-Header.h */,
			);
			sourceTree = "<group>";
		};
		88CDB9EA1D92BDA30058ECFE /* Products */ = {
			isa = PBXGroup;
			children = (
				88CDB9E91D92BDA30058ECFE /* hPig.app */,
				88CDBA001D92BDA40058ECFE /* hPigTests.xctest */,
			);
			name = Products;
			sourceTree = "<group>";
		};
		88CDB9EB1D92BDA30058ECFE /* hPig */ = {
			isa = PBXGroup;
			children = (
				885376731DB67C770076D1BF /* hPig.entitlements */,
				88CDBA0F1D92CABA0058ECFE /* app */,
				88CDB9EC1D92BDA30058ECFE /* AppDelegate.swift */,
				887933751DB8A670001CB925 /* hPig.xcdatamodeld */,
				88CDB9F61D92BDA30058ECFE /* Assets.xcassets */,
				88CDB9FB1D92BDA30058ECFE /* Info.plist */,
			);
			path = hPig;
			sourceTree = "<group>";
		};
		88CDBA031D92BDA40058ECFE /* hPigTests */ = {
			isa = PBXGroup;
			children = (
				88CDBA041D92BDA40058ECFE /* hPigTests.swift */,
				88CDBA061D92BDA40058ECFE /* Info.plist */,
			);
			path = hPigTests;
			sourceTree = "<group>";
		};
		88CDBA0F1D92CABA0058ECFE /* app */ = {
			isa = PBXGroup;
			children = (
				88C6EA4D1DD039CE0087FE9C /* views */,
				8877415B1DB0738C00198666 /* storyboards */,
				8860852C1D97D416009A9B3C /* etc */,
				88CDBA101D92CABA0058ECFE /* controllers */,
				88CDBA121D92CABA0058ECFE /* extensions */,
				88CDBA131D92CABA0058ECFE /* models */,
				88CDBA141D92CABA0058ECFE /* services */,
			);
			path = app;
			sourceTree = "<group>";
		};
		88CDBA101D92CABA0058ECFE /* controllers */ = {
			isa = PBXGroup;
			children = (
				88468A1E1DC344D800ACC60D /* modal */,
				881076C11DBC76460038C21C /* settings */,
				8845230F1DBF561B00802510 /* SessionFeedController.swift */,
				88468A221DC344D800ACC60D /* hWebViewController.swift */,
				88468A201DC344D800ACC60D /* ChannelController.swift */,
				88CDBA181D92CB350058ECFE /* WorkBookController.swift */,
				88468A241DC344D800ACC60D /* SessionController.swift */,
				881076C41DBC76500038C21C /* SessionsController.swift */,
				88CDBA1B1D92CB4A0058ECFE /* MyInfoController.swift */,
				881235BD1DC7466C002EC49A /* hTabBarController.swift */,
			);
			path = controllers;
			sourceTree = "<group>";
		};
		88CDBA121D92CABA0058ECFE /* extensions */ = {
			isa = PBXGroup;
			children = (
				881ED01D1D93B92100D612EF /* ArrayOps.swift */,
				881ED0241D93D07400D612EF /* OptionOps.swift */,
				88DEDEF51DB605CC00781123 /* UIViewOps.swift */,
				88B4BAC11DC1B91000AFFE3A /* UIScrollViewOps.swift */,
				889BCF3F1DD45E830023031C /* UIAlertControllerOps.swift */,
				88377CB51DDE8E5800ABADC9 /* StringOps.swift */,
			);
			path = extensions;
			sourceTree = "<group>";
		};
		88CDBA131D92CABA0058ECFE /* models */ = {
			isa = PBXGroup;
			children = (
				887FA9A21DA112BF00821495 /* db */,
				88CDBA211D92D1D10058ECFE /* super */,
				88CDBA271D92D34E0058ECFE /* Session.swift */,
				88DEDEFF1DB7644600781123 /* Channel.swift */,
				881ED0031D93AB6400D612EF /* Category.swift */,
				8853766B1DB65C5D0076D1BF /* WordData.swift */,
				886085311D97DAD8009A9B3C /* PatternStudy.swift */,
				881ED0191D93B31700D612EF /* YoutubeVideo.swift */,
				886085281D97D393009A9B3C /* BasicStudy.swift */,
				887741591DAF8D1F00198666 /* User.swift */,
				887933601DB861F3001CB925 /* TubeUserInfo.swift */,
				8880D7C31DC8638E00398D9A /* hProduct.swift */,
			);
			path = models;
			sourceTree = "<group>";
		};
		88CDBA141D92CABA0058ECFE /* services */ = {
			isa = PBXGroup;
			children = (
				88CDBA2A1D92D6EE0058ECFE /* NetService.swift */,
				881ED0071D93AEA200D612EF /* LayoutService.swift */,
				884B0E8C1D93A0BB009748FF /* ImageDownloadService.swift */,
				881ED0051D93AC0100D612EF /* CategoryService.swift */,
				881ED0171D93B2B300D612EF /* YoutubeService.swift */,
				881ED01B1D93B5B700D612EF /* TimeFormatServide.swift */,
				8860852F1D97D74B009A9B3C /* SubtitleService.swift */,
				88BE97D81D9D0C37002903E3 /* AuthenticateService.swift */,
				8865F0721DA115410025D0B9 /* CoreDataService.swift */,
				8829124D1DAFD32700E5B6E4 /* AlertService.swift */,
				882CD2E91DC8607600BB611A /* PurchaseService.swift */,
			);
			path = services;
			sourceTree = "<group>";
		};
		88CDBA211D92D1D10058ECFE /* super */ = {
			isa = PBXGroup;
			children = (
				88CDBA221D92D1FF0058ECFE /* Model.swift */,
			);
			name = super;
			sourceTree = "<group>";
		};
		E4108440DBB5266D60FD8E5D /* Pods */ = {
			isa = PBXGroup;
			children = (
				E2A86E940BFA0A45487A0A06 /* Pods-hPig.debug.xcconfig */,
				3F7DD837132F1D454EE2BA5F /* Pods-hPig.release.xcconfig */,
			);
			name = Pods;
			sourceTree = "<group>";
		};
/* End PBXGroup section */

/* Begin PBXNativeTarget section */
		88CDB9E81D92BDA30058ECFE /* hPig */ = {
			isa = PBXNativeTarget;
			buildConfigurationList = 88CDBA091D92BDA40058ECFE /* Build configuration list for PBXNativeTarget "hPig" */;
			buildPhases = (
				B8284876B68DA097B5A72D36 /* [CP] Check Pods Manifest.lock */,
				88CDB9E51D92BDA30058ECFE /* Sources */,
				88CDB9E61D92BDA30058ECFE /* Frameworks */,
				88CDB9E71D92BDA30058ECFE /* Resources */,
				955595A85587B6E27083A090 /* [CP] Embed Pods Frameworks */,
				845E55956050DBF70FCF3559 /* [CP] Copy Pods Resources */,
				881076BC1DBB3D570038C21C /* ShellScript */,
			);
			buildRules = (
			);
			dependencies = (
			);
			name = hPig;
			productName = hPig;
			productReference = 88CDB9E91D92BDA30058ECFE /* hPig.app */;
			productType = "com.apple.product-type.application";
		};
		88CDB9FF1D92BDA40058ECFE /* hPigTests */ = {
			isa = PBXNativeTarget;
			buildConfigurationList = 88CDBA0C1D92BDA40058ECFE /* Build configuration list for PBXNativeTarget "hPigTests" */;
			buildPhases = (
				88CDB9FC1D92BDA40058ECFE /* Sources */,
				88CDB9FD1D92BDA40058ECFE /* Frameworks */,
				88CDB9FE1D92BDA40058ECFE /* Resources */,
			);
			buildRules = (
			);
			dependencies = (
				88CDBA021D92BDA40058ECFE /* PBXTargetDependency */,
			);
			name = hPigTests;
			productName = hPigTests;
			productReference = 88CDBA001D92BDA40058ECFE /* hPigTests.xctest */;
			productType = "com.apple.product-type.bundle.unit-test";
		};
/* End PBXNativeTarget section */

/* Begin PBXProject section */
		88CDB9E11D92BDA30058ECFE /* Project object */ = {
			isa = PBXProject;
			attributes = {
				LastSwiftUpdateCheck = 0800;
				LastUpgradeCheck = 0810;
				ORGANIZATIONNAME = wearespeakingtube;
				TargetAttributes = {
					88CDB9E81D92BDA30058ECFE = {
						CreatedOnToolsVersion = 8.0;
						DevelopmentTeam = 86536G6WG7;
						LastSwiftMigration = 0800;
						ProvisioningStyle = Automatic;
						SystemCapabilities = {
							com.apple.InAppPurchase = {
								enabled = 1;
							};
							com.apple.InterAppAudio = {
								enabled = 0;
							};
							com.apple.Push = {
								enabled = 1;
							};
						};
					};
					88CDB9FF1D92BDA40058ECFE = {
						CreatedOnToolsVersion = 8.0;
						DevelopmentTeam = FY7JU9WRTC;
						LastSwiftMigration = 0800;
						ProvisioningStyle = Automatic;
						TestTargetID = 88CDB9E81D92BDA30058ECFE;
					};
				};
			};
			buildConfigurationList = 88CDB9E41D92BDA30058ECFE /* Build configuration list for PBXProject "hPig" */;
			compatibilityVersion = "Xcode 3.2";
			developmentRegion = English;
			hasScannedForEncodings = 0;
			knownRegions = (
				en,
				Base,
			);
			mainGroup = 88CDB9E01D92BDA30058ECFE;
			productRefGroup = 88CDB9EA1D92BDA30058ECFE /* Products */;
			projectDirPath = "";
			projectRoot = "";
			targets = (
				88CDB9E81D92BDA30058ECFE /* hPig */,
				88CDB9FF1D92BDA40058ECFE /* hPigTests */,
			);
		};
/* End PBXProject section */

/* Begin PBXResourcesBuildPhase section */
		88CDB9E71D92BDA30058ECFE /* Resources */ = {
			isa = PBXResourcesBuildPhase;
			buildActionMask = 2147483647;
			files = (
				887741671DB0738C00198666 /* Main.storyboard in Resources */,
				887741681DB0738C00198666 /* MyInfo.storyboard in Resources */,
				88C6EA8A1DD039DF0087FE9C /* YTPlayerView-iframe-player.html in Resources */,
				88468A1D1DC343C100ACC60D /* Purchase.storyboard in Resources */,
				88C6EA951DD039DF0087FE9C /* picker_action_view.xib in Resources */,
				8877416A1DB0738C00198666 /* PatternStudy.storyboard in Resources */,
				8877416C1DB0738C00198666 /* Sessions.storyboard in Resources */,
				88DEDEF41DB5ED7300781123 /* BasicStudy.storyboard in Resources */,
				88DEDEFE1DB7637B00781123 /* ChannelMain.storyboard in Resources */,
				88C6EA8E1DD039DF0087FE9C /* eng_dic_view_cell.xib in Resources */,
				8845230E1DBF55BD00802510 /* SessionFeed.storyboard in Resources */,
				88064FF21DD2FE0800084C6A /* sessionFilterHeader.xib in Resources */,
				88C6EA991DD039DF0087FE9C /* session_nav_view.xib in Resources */,
				88C6EA921DD039DF0087FE9C /* pattern_view.xib in Resources */,
				8844D0991DE2E37A009E84AE /* rate_view.xib in Resources */,
				880FC9C01DE7356600BDF70C /* tab_bar.xib in Resources */,
				88DEDF091DB7794300781123 /* SessionMain.storyboard in Resources */,
				88C6EA8D1DD039DF0087FE9C /* eng_dic_view.xib in Resources */,
				886EF1741D9C2B58009DA8E8 /* NaverAuth.bundle in Resources */,
				887741661DB0738C00198666 /* LaunchScreen.storyboard in Resources */,
				8877416E1DB0738C00198666 /* WebView.storyboard in Resources */,
				88377CC31DE2D81000ABADC9 /* iRate.bundle in Resources */,
				88C6EA9C1DD03ABB0087FE9C /* sentence_layer.xib in Resources */,
				8877416D1DB0738C00198666 /* Settings.storyboard in Resources */,
				88CDB9F71D92BDA30058ECFE /* Assets.xcassets in Resources */,
				8877416F1DB0738C00198666 /* WorkBook.storyboard in Resources */,
				88377CC21DE2D81000ABADC9 /* Info.plist in Resources */,
				88C6EA971DD039DF0087FE9C /* st_player_view.xib in Resources */,
			);
			runOnlyForDeploymentPostprocessing = 0;
		};
		88CDB9FE1D92BDA40058ECFE /* Resources */ = {
			isa = PBXResourcesBuildPhase;
			buildActionMask = 2147483647;
			files = (
			);
			runOnlyForDeploymentPostprocessing = 0;
		};
/* End PBXResourcesBuildPhase section */

/* Begin PBXShellScriptBuildPhase section */
		845E55956050DBF70FCF3559 /* [CP] Copy Pods Resources */ = {
			isa = PBXShellScriptBuildPhase;
			buildActionMask = 2147483647;
			files = (
			);
			inputPaths = (
			);
			name = "[CP] Copy Pods Resources";
			outputPaths = (
			);
			runOnlyForDeploymentPostprocessing = 0;
			shellPath = /bin/sh;
			shellScript = "\"${SRCROOT}/Pods/Target Support Files/Pods-hPig/Pods-hPig-resources.sh\"\n";
			showEnvVarsInLog = 0;
		};
		881076BC1DBB3D570038C21C /* ShellScript */ = {
			isa = PBXShellScriptBuildPhase;
			buildActionMask = 2147483647;
			files = (
			);
			inputPaths = (
			);
			outputPaths = (
			);
			runOnlyForDeploymentPostprocessing = 0;
			shellPath = /bin/sh;
			shellScript = "${PODS_ROOT}/Fabric/run 9c4adc8729efbaafe5a36eb0532e02034f04d169 23596079d1cb68401fd128c78e5c3d33b4834e1f89911d4cd1253b896ba8fdbf";
		};
		955595A85587B6E27083A090 /* [CP] Embed Pods Frameworks */ = {
			isa = PBXShellScriptBuildPhase;
			buildActionMask = 2147483647;
			files = (
			);
			inputPaths = (
			);
			name = "[CP] Embed Pods Frameworks";
			outputPaths = (
			);
			runOnlyForDeploymentPostprocessing = 0;
			shellPath = /bin/sh;
			shellScript = "\"${SRCROOT}/Pods/Target Support Files/Pods-hPig/Pods-hPig-frameworks.sh\"\n";
			showEnvVarsInLog = 0;
		};
		B8284876B68DA097B5A72D36 /* [CP] Check Pods Manifest.lock */ = {
			isa = PBXShellScriptBuildPhase;
			buildActionMask = 2147483647;
			files = (
			);
			inputPaths = (
			);
			name = "[CP] Check Pods Manifest.lock";
			outputPaths = (
			);
			runOnlyForDeploymentPostprocessing = 0;
			shellPath = /bin/sh;
			shellScript = "diff \"${PODS_ROOT}/../Podfile.lock\" \"${PODS_ROOT}/Manifest.lock\" > /dev/null\nif [ $? != 0 ] ; then\n    # print error to STDERR\n    echo \"error: The sandbox is not in sync with the Podfile.lock. Run 'pod install' or update your CocoaPods installation.\" >&2\n    exit 1\nfi\n";
			showEnvVarsInLog = 0;
		};
/* End PBXShellScriptBuildPhase section */

/* Begin PBXSourcesBuildPhase section */
		88CDB9E51D92BDA30058ECFE /* Sources */ = {
			isa = PBXSourcesBuildPhase;
			buildActionMask = 2147483647;
			files = (
				88CDBA231D92D1FF0058ECFE /* Model.swift in Sources */,
				88C6EA911DD039DF0087FE9C /* PatternImageButton.swift in Sources */,
				88DEDF001DB7644600781123 /* Channel.swift in Sources */,
				884523101DBF561B00802510 /* SessionFeedController.swift in Sources */,
				881ED01C1D93B5B700D612EF /* TimeFormatServide.swift in Sources */,
				884B0E8D1D93A0BB009748FF /* ImageDownloadService.swift in Sources */,
				88468A261DC344D800ACC60D /* ChannelController.swift in Sources */,
				88468A271DC344D800ACC60D /* hActionPickerController.swift in Sources */,
				88C6EA8B1DD039DF0087FE9C /* YTPlayerView.m in Sources */,
				88C6EA901DD039DF0087FE9C /* hInteractedLabel.swift in Sources */,
				88C6EA7D1DD039DF0087FE9C /* ChannelInfoCell.swift in Sources */,
				88C6EA811DD039DF0087FE9C /* MyInfoHeaderCell.swift in Sources */,
				8853766C1DB65C5D0076D1BF /* WordData.swift in Sources */,
				88C6EA871DD039DF0087FE9C /* PatternCell.swift in Sources */,
				88C6EA961DD039DF0087FE9C /* hPlayerView.swift in Sources */,
				88DEDEF61DB605CC00781123 /* UIViewOps.swift in Sources */,
				88C6EA881DD039DF0087FE9C /* WordCell.swift in Sources */,
				88BE97D91D9D0C37002903E3 /* AuthenticateService.swift in Sources */,
				881ED0061D93AC0100D612EF /* CategoryService.swift in Sources */,
				88468A2A1DC344D800ACC60D /* SessionController.swift in Sources */,
				884523091DBF44CF00802510 /* HISTORY+CoreDataClass.swift in Sources */,
				88C6EA891DD039DF0087FE9C /* hYTPlayerView.swift in Sources */,
				881ED0081D93AEA200D612EF /* LayoutService.swift in Sources */,
				88C6EA831DD039DF0087FE9C /* RelatedSessionCell.swift in Sources */,
				88C6EA7E1DD039DF0087FE9C /* ChannelSessionCell.swift in Sources */,
				88C6EA821DD039DF0087FE9C /* PaymentCell.swift in Sources */,
				881ED0181D93B2B300D612EF /* YoutubeService.swift in Sources */,
				88C6EA851DD039DF0087FE9C /* SessionCell.swift in Sources */,
				88C6EA981DD039DF0087FE9C /* hSessionControlView.swift in Sources */,
				887933731DB8A56A001CB925 /* PATTERN+CoreDataClass.swift in Sources */,
				88468A2C1DC3451F00ACC60D /* PurchaseController.swift in Sources */,
				8829124E1DAFD32700E5B6E4 /* AlertService.swift in Sources */,
				88CDBA1C1D92CB4A0058ECFE /* MyInfoController.swift in Sources */,
				88C6EA7C1DD039DF0087FE9C /* SubtitleCell.swift in Sources */,
				881235BE1DC7466C002EC49A /* hTabBarController.swift in Sources */,
				88C6EA841DD039DF0087FE9C /* BannerCell.swift in Sources */,
				886085301D97D74B009A9B3C /* SubtitleService.swift in Sources */,
				882CD2EA1DC8607600BB611A /* PurchaseService.swift in Sources */,
				88CDBA281D92D34F0058ECFE /* Session.swift in Sources */,
				881ED0251D93D07400D612EF /* OptionOps.swift in Sources */,
				886085291D97D393009A9B3C /* BasicStudy.swift in Sources */,
				8877415A1DAF8D1F00198666 /* User.swift in Sources */,
				88377CB61DDE8E5800ABADC9 /* StringOps.swift in Sources */,
				88B4BAC21DC1B91000AFFE3A /* UIScrollViewOps.swift in Sources */,
				88CD3BA51DC79CB700BC3B78 /* WORD+CoreDataProperties.swift in Sources */,
				88C6EA8F1DD039DF0087FE9C /* hEnglishDictionaryView.swift in Sources */,
				887933611DB861F3001CB925 /* TubeUserInfo.swift in Sources */,
				887933741DB8A56A001CB925 /* PATTERN+CoreDataProperties.swift in Sources */,
				88CDBA191D92CB350058ECFE /* WorkBookController.swift in Sources */,
				88CD3BA41DC79CB700BC3B78 /* WORD+CoreDataClass.swift in Sources */,
				88DEDEEB1DB4BC1200781123 /* TIME_LOG+CoreDataProperties.swift in Sources */,
				88468A281DC344D800ACC60D /* hWebViewController.swift in Sources */,
				88C6EA9E1DD03AD70087FE9C /* SentenceLayer.swift in Sources */,
				881076C71DBC76E40038C21C /* DataDeleteController.swift in Sources */,
				881076C31DBC76460038C21C /* SettingsController.swift in Sources */,
				88C6EA801DD039DF0087FE9C /* StudyHistoryCell.swift in Sources */,
				88C6EA931DD039DF0087FE9C /* PatternView.swift in Sources */,
				8880D7C41DC8638E00398D9A /* hProduct.swift in Sources */,
				881076C51DBC76500038C21C /* SessionsController.swift in Sources */,
				88C6EA7F1DD039DF0087FE9C /* hTableViewCell.swift in Sources */,
				886085321D97DAD8009A9B3C /* PatternStudy.swift in Sources */,
				881ED01A1D93B31700D612EF /* YoutubeVideo.swift in Sources */,
				887933771DB8A670001CB925 /* hPig.xcdatamodeld in Sources */,
				881ED0041D93AB6400D612EF /* Category.swift in Sources */,
				88C6EA861DD039DF0087FE9C /* SessionFeedCell.swift in Sources */,
				8860852E1D97D435009A9B3C /* Global.swift in Sources */,
				88C6EA8C1DD039DF0087FE9C /* ChannelButton.swift in Sources */,
				889BCF401DD45E830023031C /* UIAlertControllerOps.swift in Sources */,
				8845230A1DBF44CF00802510 /* HISTORY+CoreDataProperties.swift in Sources */,
				88377CC41DE2D81000ABADC9 /* iRate.m in Sources */,
				88CDB9ED1D92BDA30058ECFE /* AppDelegate.swift in Sources */,
				88CDBA2B1D92D6EE0058ECFE /* NetService.swift in Sources */,
				88C6EA941DD039DF0087FE9C /* hPickerView.swift in Sources */,
				88468A291DC344D800ACC60D /* PatternStudyController.swift in Sources */,
				88377CC61DE2D81000ABADC9 /* NLoginThirdPartyOAuth20InAppBrowserViewController.m in Sources */,
				88DEDEEA1DB4BC1200781123 /* TIME_LOG+CoreDataClass.swift in Sources */,
				88468A251DC344D800ACC60D /* BasicStudyController.swift in Sources */,
				8865F0731DA115410025D0B9 /* CoreDataService.swift in Sources */,
				881ED01E1D93B92100D612EF /* ArrayOps.swift in Sources */,
			);
			runOnlyForDeploymentPostprocessing = 0;
		};
		88CDB9FC1D92BDA40058ECFE /* Sources */ = {
			isa = PBXSourcesBuildPhase;
			buildActionMask = 2147483647;
			files = (
				88CDBA291D92D34F0058ECFE /* Session.swift in Sources */,
				88CDBA2C1D92D6EE0058ECFE /* NetService.swift in Sources */,
				88CDBA051D92BDA40058ECFE /* hPigTests.swift in Sources */,
				88CDBA241D92D1FF0058ECFE /* Model.swift in Sources */,
				88CDBA1A1D92CB350058ECFE /* WorkBookController.swift in Sources */,
				88CDBA1D1D92CB4A0058ECFE /* MyInfoController.swift in Sources */,
			);
			runOnlyForDeploymentPostprocessing = 0;
		};
/* End PBXSourcesBuildPhase section */

/* Begin PBXTargetDependency section */
		88CDBA021D92BDA40058ECFE /* PBXTargetDependency */ = {
			isa = PBXTargetDependency;
			target = 88CDB9E81D92BDA30058ECFE /* hPig */;
			targetProxy = 88CDBA011D92BDA40058ECFE /* PBXContainerItemProxy */;
		};
/* End PBXTargetDependency section */

/* Begin XCBuildConfiguration section */
		88CDBA071D92BDA40058ECFE /* Debug */ = {
			isa = XCBuildConfiguration;
			buildSettings = {
				ALWAYS_SEARCH_USER_PATHS = NO;
				CLANG_ANALYZER_NONNULL = YES;
				CLANG_CXX_LANGUAGE_STANDARD = "gnu++0x";
				CLANG_CXX_LIBRARY = "libc++";
				CLANG_ENABLE_MODULES = YES;
				CLANG_ENABLE_OBJC_ARC = YES;
				CLANG_WARN_BOOL_CONVERSION = YES;
				CLANG_WARN_CONSTANT_CONVERSION = YES;
				CLANG_WARN_DIRECT_OBJC_ISA_USAGE = YES_ERROR;
				CLANG_WARN_DOCUMENTATION_COMMENTS = YES;
				CLANG_WARN_EMPTY_BODY = YES;
				CLANG_WARN_ENUM_CONVERSION = YES;
				CLANG_WARN_INFINITE_RECURSION = YES;
				CLANG_WARN_INT_CONVERSION = YES;
				CLANG_WARN_OBJC_ROOT_CLASS = YES_ERROR;
				CLANG_WARN_SUSPICIOUS_MOVE = YES;
				CLANG_WARN_SUSPICIOUS_MOVES = YES;
				CLANG_WARN_UNREACHABLE_CODE = YES;
				CLANG_WARN__DUPLICATE_METHOD_MATCH = YES;
				"CODE_SIGN_IDENTITY[sdk=iphoneos*]" = "iPhone Developer";
				COPY_PHASE_STRIP = NO;
				DEBUG_INFORMATION_FORMAT = dwarf;
				ENABLE_STRICT_OBJC_MSGSEND = YES;
				ENABLE_TESTABILITY = YES;
				GCC_C_LANGUAGE_STANDARD = gnu99;
				GCC_DYNAMIC_NO_PIC = NO;
				GCC_NO_COMMON_BLOCKS = YES;
				GCC_OPTIMIZATION_LEVEL = 0;
				GCC_PREPROCESSOR_DEFINITIONS = (
					"DEBUG=1",
					"$(inherited)",
				);
				GCC_WARN_64_TO_32_BIT_CONVERSION = YES;
				GCC_WARN_ABOUT_RETURN_TYPE = YES_ERROR;
				GCC_WARN_UNDECLARED_SELECTOR = YES;
				GCC_WARN_UNINITIALIZED_AUTOS = YES_AGGRESSIVE;
				GCC_WARN_UNUSED_FUNCTION = YES;
				GCC_WARN_UNUSED_VARIABLE = YES;
				IPHONEOS_DEPLOYMENT_TARGET = 10.0;
				MTL_ENABLE_DEBUG_INFO = YES;
				ONLY_ACTIVE_ARCH = YES;
				SDKROOT = iphoneos;
				SWIFT_ACTIVE_COMPILATION_CONDITIONS = DEBUG;
				SWIFT_OPTIMIZATION_LEVEL = "-Onone";
				TARGETED_DEVICE_FAMILY = "1,2";
			};
			name = Debug;
		};
		88CDBA081D92BDA40058ECFE /* Release */ = {
			isa = XCBuildConfiguration;
			buildSettings = {
				ALWAYS_SEARCH_USER_PATHS = NO;
				CLANG_ANALYZER_NONNULL = YES;
				CLANG_CXX_LANGUAGE_STANDARD = "gnu++0x";
				CLANG_CXX_LIBRARY = "libc++";
				CLANG_ENABLE_MODULES = YES;
				CLANG_ENABLE_OBJC_ARC = YES;
				CLANG_WARN_BOOL_CONVERSION = YES;
				CLANG_WARN_CONSTANT_CONVERSION = YES;
				CLANG_WARN_DIRECT_OBJC_ISA_USAGE = YES_ERROR;
				CLANG_WARN_DOCUMENTATION_COMMENTS = YES;
				CLANG_WARN_EMPTY_BODY = YES;
				CLANG_WARN_ENUM_CONVERSION = YES;
				CLANG_WARN_INFINITE_RECURSION = YES;
				CLANG_WARN_INT_CONVERSION = YES;
				CLANG_WARN_OBJC_ROOT_CLASS = YES_ERROR;
				CLANG_WARN_SUSPICIOUS_MOVE = YES;
				CLANG_WARN_SUSPICIOUS_MOVES = YES;
				CLANG_WARN_UNREACHABLE_CODE = YES;
				CLANG_WARN__DUPLICATE_METHOD_MATCH = YES;
				"CODE_SIGN_IDENTITY[sdk=iphoneos*]" = "iPhone Developer";
				COPY_PHASE_STRIP = NO;
				DEBUG_INFORMATION_FORMAT = "dwarf-with-dsym";
				ENABLE_NS_ASSERTIONS = NO;
				ENABLE_STRICT_OBJC_MSGSEND = YES;
				GCC_C_LANGUAGE_STANDARD = gnu99;
				GCC_NO_COMMON_BLOCKS = YES;
				GCC_WARN_64_TO_32_BIT_CONVERSION = YES;
				GCC_WARN_ABOUT_RETURN_TYPE = YES_ERROR;
				GCC_WARN_UNDECLARED_SELECTOR = YES;
				GCC_WARN_UNINITIALIZED_AUTOS = YES_AGGRESSIVE;
				GCC_WARN_UNUSED_FUNCTION = YES;
				GCC_WARN_UNUSED_VARIABLE = YES;
				IPHONEOS_DEPLOYMENT_TARGET = 10.0;
				MTL_ENABLE_DEBUG_INFO = NO;
				SDKROOT = iphoneos;
				SWIFT_OPTIMIZATION_LEVEL = "-Owholemodule";
				TARGETED_DEVICE_FAMILY = "1,2";
				VALIDATE_PRODUCT = YES;
			};
			name = Release;
		};
		88CDBA0A1D92BDA40058ECFE /* Debug */ = {
			isa = XCBuildConfiguration;
			baseConfigurationReference = E2A86E940BFA0A45487A0A06 /* Pods-hPig.debug.xcconfig */;
			buildSettings = {
				ALWAYS_EMBED_SWIFT_STANDARD_LIBRARIES = "$(inherited)";
				ASSETCATALOG_COMPILER_APPICON_NAME = AppIcon;
				CLANG_ENABLE_MODULES = YES;
				CODE_SIGN_ENTITLEMENTS = hPig/hPig.entitlements;
				DEBUG_INFORMATION_FORMAT = "dwarf-with-dsym";
				DEVELOPMENT_TEAM = 86536G6WG7;
				FRAMEWORK_SEARCH_PATHS = (
					"$(inherited)",
					"$(PROJECT_DIR)/DerivedData/hPig/Build/Products/Debug-iphonesimulator/Alamofire",
					"$(PROJECT_DIR)/DerivedData/hPig/Build/Products/Debug-iphonesimulator/AlamofireImage",
					"$(PROJECT_DIR)/DerivedData/hPig/Build/Products/Debug-iphonesimulator/Charts",
					"$(PROJECT_DIR)/DerivedData/hPig/Build/Products/Debug-iphonesimulator/SWXMLHash",
					"$(PROJECT_DIR)/DerivedData/hPig/Build/Products/Debug-iphonesimulator/Toast-Swift",
				);
				INFOPLIST_FILE = hPig/Info.plist;
				LD_RUNPATH_SEARCH_PATHS = "$(inherited) @executable_path/Frameworks";
				LIBRARY_SEARCH_PATHS = (
					"$(inherited)",
					"${PROJECT_DIR}/ThirdPartyModule/**",
				);
				PRODUCT_BUNDLE_IDENTIFIER = com.speakingtube.hPig;
				PRODUCT_NAME = "$(TARGET_NAME)";
				SWIFT_OBJC_BRIDGING_HEADER = "hPig-Bridging-Header.h";
				SWIFT_OPTIMIZATION_LEVEL = "-Onone";
				SWIFT_VERSION = 3.0;
			};
			name = Debug;
		};
		88CDBA0B1D92BDA40058ECFE /* Release */ = {
			isa = XCBuildConfiguration;
			baseConfigurationReference = 3F7DD837132F1D454EE2BA5F /* Pods-hPig.release.xcconfig */;
			buildSettings = {
				ALWAYS_EMBED_SWIFT_STANDARD_LIBRARIES = "$(inherited)";
				ASSETCATALOG_COMPILER_APPICON_NAME = AppIcon;
				CLANG_ENABLE_MODULES = YES;
				CODE_SIGN_ENTITLEMENTS = hPig/hPig.entitlements;
				DEVELOPMENT_TEAM = 86536G6WG7;
				FRAMEWORK_SEARCH_PATHS = (
					"$(inherited)",
					"$(PROJECT_DIR)/DerivedData/hPig/Build/Products/Debug-iphonesimulator/Alamofire",
					"$(PROJECT_DIR)/DerivedData/hPig/Build/Products/Debug-iphonesimulator/AlamofireImage",
					"$(PROJECT_DIR)/DerivedData/hPig/Build/Products/Debug-iphonesimulator/Charts",
					"$(PROJECT_DIR)/DerivedData/hPig/Build/Products/Debug-iphonesimulator/SWXMLHash",
					"$(PROJECT_DIR)/DerivedData/hPig/Build/Products/Debug-iphonesimulator/Toast-Swift",
				);
				INFOPLIST_FILE = hPig/Info.plist;
				LD_RUNPATH_SEARCH_PATHS = "$(inherited) @executable_path/Frameworks";
				LIBRARY_SEARCH_PATHS = (
					"$(inherited)",
					"${PROJECT_DIR}/ThirdPartyModule/**",
				);
				PRODUCT_BUNDLE_IDENTIFIER = com.speakingtube.hPig;
				PRODUCT_NAME = "$(TARGET_NAME)";
				SWIFT_OBJC_BRIDGING_HEADER = "hPig-Bridging-Header.h";
				SWIFT_VERSION = 3.0;
			};
			name = Release;
		};
		88CDBA0D1D92BDA40058ECFE /* Debug */ = {
			isa = XCBuildConfiguration;
			buildSettings = {
				ALWAYS_EMBED_SWIFT_STANDARD_LIBRARIES = YES;
				BUNDLE_LOADER = "$(TEST_HOST)";
				DEVELOPMENT_TEAM = FY7JU9WRTC;
				INFOPLIST_FILE = hPigTests/Info.plist;
				LD_RUNPATH_SEARCH_PATHS = "$(inherited) @executable_path/Frameworks @loader_path/Frameworks";
				PRODUCT_BUNDLE_IDENTIFIER = com.wearespeakingtube.hPigTests;
				PRODUCT_NAME = "$(TARGET_NAME)";
				SWIFT_VERSION = 3.0;
				TEST_HOST = "$(BUILT_PRODUCTS_DIR)/hPig.app/hPig";
			};
			name = Debug;
		};
		88CDBA0E1D92BDA40058ECFE /* Release */ = {
			isa = XCBuildConfiguration;
			buildSettings = {
				ALWAYS_EMBED_SWIFT_STANDARD_LIBRARIES = YES;
				BUNDLE_LOADER = "$(TEST_HOST)";
				DEVELOPMENT_TEAM = FY7JU9WRTC;
				INFOPLIST_FILE = hPigTests/Info.plist;
				LD_RUNPATH_SEARCH_PATHS = "$(inherited) @executable_path/Frameworks @loader_path/Frameworks";
				PRODUCT_BUNDLE_IDENTIFIER = com.wearespeakingtube.hPigTests;
				PRODUCT_NAME = "$(TARGET_NAME)";
				SWIFT_VERSION = 3.0;
				TEST_HOST = "$(BUILT_PRODUCTS_DIR)/hPig.app/hPig";
			};
			name = Release;
		};
/* End XCBuildConfiguration section */

/* Begin XCConfigurationList section */
		88CDB9E41D92BDA30058ECFE /* Build configuration list for PBXProject "hPig" */ = {
			isa = XCConfigurationList;
			buildConfigurations = (
				88CDBA071D92BDA40058ECFE /* Debug */,
				88CDBA081D92BDA40058ECFE /* Release */,
			);
			defaultConfigurationIsVisible = 0;
			defaultConfigurationName = Release;
		};
		88CDBA091D92BDA40058ECFE /* Build configuration list for PBXNativeTarget "hPig" */ = {
			isa = XCConfigurationList;
			buildConfigurations = (
				88CDBA0A1D92BDA40058ECFE /* Debug */,
				88CDBA0B1D92BDA40058ECFE /* Release */,
			);
			defaultConfigurationIsVisible = 0;
			defaultConfigurationName = Release;
		};
		88CDBA0C1D92BDA40058ECFE /* Build configuration list for PBXNativeTarget "hPigTests" */ = {
			isa = XCConfigurationList;
			buildConfigurations = (
				88CDBA0D1D92BDA40058ECFE /* Debug */,
				88CDBA0E1D92BDA40058ECFE /* Release */,
			);
			defaultConfigurationIsVisible = 0;
			defaultConfigurationName = Release;
		};
/* End XCConfigurationList section */

/* Begin XCVersionGroup section */
		887933751DB8A670001CB925 /* hPig.xcdatamodeld */ = {
			isa = XCVersionGroup;
			children = (
				887933761DB8A670001CB925 /* hPig.xcdatamodel */,
			);
			currentVersion = 887933761DB8A670001CB925 /* hPig.xcdatamodel */;
			path = hPig.xcdatamodeld;
			sourceTree = "<group>";
			versionGroupType = wrapper.xcdatamodel;
		};
/* End XCVersionGroup section */
	};
	rootObject = 88CDB9E11D92BDA30058ECFE /* Project object */;
}
